{"version":4,"terraform_version":"1.9.0","serial":13,"lineage":"425a273d-ff5f-5abc-2bd5-275e09c777e2","outputs":{},"resources":[{"module":"module.networking","mode":"data","type":"openstack_networking_network_v2","name":"ext_net","provider":"provider[\"registry.opentofu.org/terraform-provider-openstack/openstack\"]","instances":[{"schema_version":0,"attributes":{"admin_state_up":"true","all_tags":[],"availability_zone_hints":[],"description":"","dns_domain":"","external":true,"id":"b2c02fdc-ffdf-40f6-9722-533bd7058c06","matching_subnet_cidr":null,"mtu":1500,"name":"Ext-Net","network_id":null,"region":"GRA9","segments":[{"network_type":"bgp","physical_network":"","segmentation_id":40510}],"shared":"true","status":null,"subnets":["c2204ee3-6480-42f3-ac40-173e9cf7103b","4aa6cac1-d5cd-4e25-b14b-7573aeabcab1","0f11270c-1113-4d4f-98de-eba83445d962","5ef7183d-b724-41e7-81c9-2b4ce06951a8","5e319a8a-6c22-41e8-b519-46807e859e2d","b072b17b-ef1d-4881-98c7-e0d6a1c3dcea","3ae4fc2c-03c9-4690-86e2-585286b517c7","ac5824d1-cc84-47fd-af08-9fa7fbf058a2","316fefeb-3eb0-487a-88d9-4d607720fa7a","9d4de2bc-40b8-4d03-8cf9-54cce9785216","a25f29f8-0aac-4180-b5c8-38eb2bc4ba7e","1c7b94e3-d6a3-4509-bd7b-e9a2f56cd994","9b3e481e-1f64-4712-8111-451db4690ff9","f51bd0c1-ebc2-4e3d-9c66-75671123a787","e329fda9-9211-464c-ada2-b96b4e846732","1a6c6b72-88e9-4e94-ac8b-61e6dbc4792c","8d39bd48-497b-41fe-90b9-77e169a31d8e","dc90af26-ae0d-4714-95c2-789dffde1f7a","7d6352a6-dbed-4628-a029-fcc3986ae7d6","4a668388-b0e9-41ac-8620-d0d66d141b10","ae57b1a6-2cfd-45ef-8dbd-362a06c31456","9f989c4b-c441-4678-b395-e082c300356e","22e2d853-1b86-48f3-8596-9d12c7693dc7","99622081-5b1e-49c4-9686-951ea7e4b807","f4772001-7657-4f72-9466-62973a9effc9","168c6f93-d976-486e-811f-e763500bcee7"],"tags":null,"tenant_id":"9386d7837e514fc080082efe4892af59","transparent_vlan":false},"sensitive_attributes":[]}]},{"module":"module.networking","mode":"managed","type":"openstack_networking_network_v2","name":"loc_net","provider":"provider[\"registry.opentofu.org/terraform-provider-openstack/openstack\"]","instances":[{"schema_version":0,"attributes":{"admin_state_up":true,"all_tags":[],"availability_zone_hints":[],"description":"","dns_domain":"","external":false,"id":"455cc763-68d2-4973-ad4a-206b77414e96","mtu":1500,"name":"otvl-test-net","port_security_enabled":true,"qos_policy_id":"","region":"GRA9","segments":[{"network_type":"vrack","physical_network":"","segmentation_id":1900}],"shared":false,"tags":null,"tenant_id":"be8041a7fdd040bd8f9661be1c6cfbed","timeouts":null,"transparent_vlan":false,"value_specs":null},"sensitive_attributes":[],"private":"eyJlMmJmYjczMC1lY2FhLTExZTYtOGY4OC0zNDM2M2JjN2M0YzAiOnsiY3JlYXRlIjo2MDAwMDAwMDAwMDAsImRlbGV0ZSI6NjAwMDAwMDAwMDAwfX0="}]},{"module":"module.networking","mode":"managed","type":"openstack_networking_subnet_v2","name":"loc_net_sn","provider":"provider[\"registry.opentofu.org/terraform-provider-openstack/openstack\"]","instances":[{"schema_version":0,"attributes":{"all_tags":[],"allocation_pool":[{"end":"172.25.0.14","start":"172.25.0.2"}],"cidr":"172.25.0.0/28","description":"","dns_nameservers":null,"dns_publish_fixed_ip":false,"enable_dhcp":true,"gateway_ip":"172.25.0.1","id":"3cea01ff-b4c7-4840-b0c4-420a64175784","ip_version":4,"ipv6_address_mode":"","ipv6_ra_mode":"","name":"otvl-test-net","network_id":"455cc763-68d2-4973-ad4a-206b77414e96","no_gateway":false,"prefix_length":null,"region":"GRA9","service_types":[],"subnetpool_id":"","tags":null,"tenant_id":"be8041a7fdd040bd8f9661be1c6cfbed","timeouts":null,"value_specs":null},"sensitive_attributes":[],"private":"eyJlMmJmYjczMC1lY2FhLTExZTYtOGY4OC0zNDM2M2JjN2M0YzAiOnsiY3JlYXRlIjo2MDAwMDAwMDAwMDAsImRlbGV0ZSI6NjAwMDAwMDAwMDAwfX0=","dependencies":["module.networking.openstack_networking_network_v2.loc_net"]}]}],"check_results":null}
