{"version":4,"terraform_version":"1.9.0","serial":301,"lineage":"0833ab12-9a33-12ae-67d9-fd337845d919","outputs":{"ipv4s":{"value":[["57.128.55.154"],["57.128.55.251"]],"type":["tuple",[["tuple",["string"]],["tuple",["string"]]]]}},"resources":[{"module":"module.compute.module.instances","mode":"managed","type":"openstack_blockstorage_volume_v3","name":"volumes","provider":"provider[\"registry.opentofu.org/terraform-provider-openstack/openstack\"]","instances":[{"index_key":0,"schema_version":0,"attributes":{"attachment":[],"availability_zone":"nova","backup_id":"","consistency_group_id":null,"description":"","enable_online_resize":null,"id":"6def30d1-90ef-4d75-a904-d5219338d6dc","image_id":null,"metadata":{},"name":"t-sk3s-sv","region":"GRA9","scheduler_hints":[],"size":50,"snapshot_id":"","source_replica":null,"source_vol_id":"","timeouts":null,"volume_type":"classic"},"sensitive_attributes":[],"private":"eyJlMmJmYjczMC1lY2FhLTExZTYtOGY4OC0zNDM2M2JjN2M0YzAiOnsiY3JlYXRlIjo2MDAwMDAwMDAwMDAsImRlbGV0ZSI6NjAwMDAwMDAwMDAwfX0="}]},{"module":"module.compute.module.instances","mode":"managed","type":"openstack_compute_instance_v2","name":"instances","provider":"provider[\"registry.opentofu.org/terraform-provider-openstack/openstack\"]","instances":[{"index_key":0,"schema_version":0,"attributes":{"access_ip_v4":"57.128.55.154","access_ip_v6":"[2001:41d0:304:400::2c6e]","admin_pass":null,"all_metadata":{"groups":"docker_run_group build_server_group","otvl_meta":"otvl_test build"},"all_tags":[],"availability_zone":"nova","availability_zone_hints":null,"block_device":[],"config_drive":null,"created":"2025-12-15 14:28:44 +0000 UTC","flavor_id":"da08411a-14f4-4ce1-842d-ca159a68d834","flavor_name":"d2-8","force_delete":false,"id":"9a1ca7e9-ffdb-401b-b760-0f4d6cd346d4","image_id":"45473b31-adbc-45ff-babc-5f752406d395","image_name":"Debian 13","key_pair":"otvl-test-devops-k3sm-key","metadata":{"groups":"docker_run_group build_server_group","otvl_meta":"otvl_test build"},"name":"t-build7","network":[{"access_network":false,"fixed_ip_v4":"57.128.55.154","fixed_ip_v6":"[2001:41d0:304:400::2c6e]","mac":"fa:16:3e:4c:e2:d1","name":"Ext-Net","port":"4aed45a4-8072-451b-a0f7-919499f5bd02","uuid":"b2c02fdc-ffdf-40f6-9722-533bd7058c06"}],"network_mode":null,"personality":[],"power_state":"active","region":"GRA9","scheduler_hints":[],"security_groups":["otvl-test-hosting-sg"],"stop_before_destroy":false,"tags":null,"timeouts":null,"updated":"2025-12-15 14:29:25 +0000 UTC","user_data":"f32715f5f0c41c2a29dd076be146174690e9d7fe","vendor_options":[]},"sensitive_attributes":[[{"type":"get_attr","value":"admin_pass"}]],"private":"eyJlMmJmYjczMC1lY2FhLTExZTYtOGY4OC0zNDM2M2JjN2M0YzAiOnsiY3JlYXRlIjoxODAwMDAwMDAwMDAwLCJkZWxldGUiOjE4MDAwMDAwMDAwMDAsInVwZGF0ZSI6MTgwMDAwMDAwMDAwMH19","dependencies":["module.compute.module.instances.openstack_compute_keypair_v2.this","module.compute.module.instances.openstack_networking_port_v2.ext","module.network.data.openstack_networking_network_v2.ext_net","module.network.openstack_networking_secgroup_v2.ext"]},{"index_key":1,"schema_version":0,"attributes":{"access_ip_v4":"57.128.55.251","access_ip_v6":"[2001:41d0:304:400::2e30]","admin_pass":null,"all_metadata":{"groups":"sk3s_group images_builder_group","otvl_meta":"otvl_test k3s_server dv_ide ows_server ows_synchro"},"all_tags":[],"availability_zone":"nova","availability_zone_hints":null,"block_device":[],"config_drive":null,"created":"2025-12-15 14:28:44 +0000 UTC","flavor_id":"da08411a-14f4-4ce1-842d-ca159a68d834","flavor_name":"d2-8","force_delete":false,"id":"1c997188-d91a-4709-821b-3a683d623736","image_id":"45473b31-adbc-45ff-babc-5f752406d395","image_name":"Debian 13","key_pair":"otvl-test-devops-k3sm-key","metadata":{"groups":"sk3s_group images_builder_group","otvl_meta":"otvl_test k3s_server dv_ide ows_server ows_synchro"},"name":"t-sk3s-sv","network":[{"access_network":false,"fixed_ip_v4":"57.128.55.251","fixed_ip_v6":"[2001:41d0:304:400::2e30]","mac":"fa:16:3e:6e:86:6c","name":"Ext-Net","port":"d3cabb32-7a8b-47e7-9cb7-1f89c074e3c3","uuid":"b2c02fdc-ffdf-40f6-9722-533bd7058c06"}],"network_mode":null,"personality":[],"power_state":"active","region":"GRA9","scheduler_hints":[],"security_groups":["otvl-test-hosting-sg"],"stop_before_destroy":false,"tags":null,"timeouts":null,"updated":"2025-12-15 14:29:26 +0000 UTC","user_data":"deda2e13663699e927ef363dd572123042767c6e","vendor_options":[]},"sensitive_attributes":[[{"type":"get_attr","value":"admin_pass"}]],"private":"eyJlMmJmYjczMC1lY2FhLTExZTYtOGY4OC0zNDM2M2JjN2M0YzAiOnsiY3JlYXRlIjoxODAwMDAwMDAwMDAwLCJkZWxldGUiOjE4MDAwMDAwMDAwMDAsInVwZGF0ZSI6MTgwMDAwMDAwMDAwMH19","dependencies":["module.compute.module.instances.openstack_compute_keypair_v2.this","module.compute.module.instances.openstack_networking_port_v2.ext","module.network.data.openstack_networking_network_v2.ext_net","module.network.openstack_networking_secgroup_v2.ext"]}]},{"module":"module.compute.module.instances","mode":"managed","type":"openstack_compute_keypair_v2","name":"this","provider":"provider[\"registry.opentofu.org/terraform-provider-openstack/openstack\"]","instances":[{"schema_version":0,"attributes":{"fingerprint":"58:87:f9:67:e2:08:1e:18:ba:3c:fe:58:45:82:cd:b1","id":"otvl-test-devops-k3sm-key","name":"otvl-test-devops-k3sm-key","private_key":"","public_key":"ssh-rsa AAAAB3NzaC1yc2EAAAADAQABAAABgQCKbC/+FKpBN5Zn4+FPOpsLDWsVriPc+dIjzcP45my2BROfZ4DxY7P/QL8oMd7pFg/PzFBbf8eTAVYXEOLJ9veAoDa9weFEAK6LfJRuuSGBuxahWX64r2+tMjG6OBEmYQX+NNjEs9zpLIKqvUsM8/peKBEGRVVaS+FIrnBaFl3zpmQorI7SAvDEW2l1L6FiYpS0426n1yBdSVRPICy+QEUznl+6EsbK0OI5ZSyID1YSLFZ007aYxdm0NJxS1So+K+zWulpgeMDV9S7ht8kR+hxGTC15g/DZmP3GYaBEO9E9zUIZUBe+BZjHIN05KAM6YqK8ig6Z4Zi8LXfdFYzHTY4K8SQkj/REuz9wsJxsuSQuBn8Dhk5WrguiKTF+qb+cCdef8yYUyG8SkZ9Rs84BusGhamLkpQAV9AH3HCSxyZzvJB5kDGoo/xHZmrWQbTbn68LHjwji1O6vRg0gzEgXHu6DITTt1FP8QkqcEo4WL6S6cp0TSRA1kD10X2y11XbVCnc=","region":"GRA9","user_id":"","value_specs":null},"sensitive_attributes":[[{"type":"get_attr","value":"private_key"}]],"private":"bnVsbA=="}]},{"module":"module.compute.module.instances","mode":"managed","type":"openstack_compute_volume_attach_v2","name":"volatts","provider":"provider[\"registry.opentofu.org/terraform-provider-openstack/openstack\"]","instances":[{"index_key":0,"schema_version":0,"attributes":{"device":"/dev/sdb","id":"1c997188-d91a-4709-821b-3a683d623736/6def30d1-90ef-4d75-a904-d5219338d6dc","instance_id":"1c997188-d91a-4709-821b-3a683d623736","multiattach":null,"region":"GRA9","tag":null,"timeouts":null,"vendor_options":[],"volume_id":"6def30d1-90ef-4d75-a904-d5219338d6dc"},"sensitive_attributes":[],"private":"eyJlMmJmYjczMC1lY2FhLTExZTYtOGY4OC0zNDM2M2JjN2M0YzAiOnsiY3JlYXRlIjo2MDAwMDAwMDAwMDAsImRlbGV0ZSI6NjAwMDAwMDAwMDAwfX0=","dependencies":["module.compute.module.instances.openstack_blockstorage_volume_v3.volumes","module.compute.module.instances.openstack_compute_instance_v2.instances","module.compute.module.instances.openstack_compute_keypair_v2.this","module.compute.module.instances.openstack_networking_port_v2.ext","module.network.data.openstack_networking_network_v2.ext_net","module.network.openstack_networking_secgroup_v2.ext"]}]},{"module":"module.compute.module.instances","mode":"managed","type":"openstack_networking_port_v2","name":"ext","provider":"provider[\"registry.opentofu.org/terraform-provider-openstack/openstack\"]","instances":[{"index_key":0,"schema_version":0,"attributes":{"admin_state_up":true,"all_fixed_ips":["2001:41d0:304:400::2c6e","57.128.55.154"],"all_security_group_ids":["5f6a4b9c-6670-4154-99fa-5f79950291b9"],"all_tags":[],"allowed_address_pairs":[],"binding":[{"host_id":"","profile":"","vif_details":{},"vif_type":"","vnic_type":"normal"}],"description":"","device_id":"","device_owner":"","dns_assignment":[],"dns_name":"","extra_dhcp_option":[],"fixed_ip":[],"id":"4aed45a4-8072-451b-a0f7-919499f5bd02","mac_address":"fa:16:3e:4c:e2:d1","name":"","network_id":"b2c02fdc-ffdf-40f6-9722-533bd7058c06","no_fixed_ip":null,"no_security_groups":null,"port_security_enabled":true,"qos_policy_id":"","region":"GRA9","security_group_ids":["5f6a4b9c-6670-4154-99fa-5f79950291b9"],"tags":null,"tenant_id":"be8041a7fdd040bd8f9661be1c6cfbed","timeouts":null,"value_specs":null},"sensitive_attributes":[],"private":"eyJlMmJmYjczMC1lY2FhLTExZTYtOGY4OC0zNDM2M2JjN2M0YzAiOnsiY3JlYXRlIjo2MDAwMDAwMDAwMDAsImRlbGV0ZSI6NjAwMDAwMDAwMDAwfX0=","dependencies":["module.network.data.openstack_networking_network_v2.ext_net","module.network.openstack_networking_secgroup_v2.ext"]},{"index_key":1,"schema_version":0,"attributes":{"admin_state_up":true,"all_fixed_ips":["2001:41d0:304:400::2e30","57.128.55.251"],"all_security_group_ids":["5f6a4b9c-6670-4154-99fa-5f79950291b9"],"all_tags":[],"allowed_address_pairs":[],"binding":[{"host_id":"","profile":"","vif_details":{},"vif_type":"","vnic_type":"normal"}],"description":"","device_id":"","device_owner":"","dns_assignment":[],"dns_name":"","extra_dhcp_option":[],"fixed_ip":[],"id":"d3cabb32-7a8b-47e7-9cb7-1f89c074e3c3","mac_address":"fa:16:3e:6e:86:6c","name":"","network_id":"b2c02fdc-ffdf-40f6-9722-533bd7058c06","no_fixed_ip":null,"no_security_groups":null,"port_security_enabled":true,"qos_policy_id":"","region":"GRA9","security_group_ids":["5f6a4b9c-6670-4154-99fa-5f79950291b9"],"tags":null,"tenant_id":"be8041a7fdd040bd8f9661be1c6cfbed","timeouts":null,"value_specs":null},"sensitive_attributes":[],"private":"eyJlMmJmYjczMC1lY2FhLTExZTYtOGY4OC0zNDM2M2JjN2M0YzAiOnsiY3JlYXRlIjo2MDAwMDAwMDAwMDAsImRlbGV0ZSI6NjAwMDAwMDAwMDAwfX0=","dependencies":["module.network.data.openstack_networking_network_v2.ext_net","module.network.openstack_networking_secgroup_v2.ext"]}]},{"module":"module.network","mode":"data","type":"openstack_networking_network_v2","name":"ext_net","provider":"provider[\"registry.opentofu.org/terraform-provider-openstack/openstack\"]","instances":[{"schema_version":0,"attributes":{"admin_state_up":"true","all_tags":[],"availability_zone_hints":[],"description":"","dns_domain":"","external":true,"id":"b2c02fdc-ffdf-40f6-9722-533bd7058c06","matching_subnet_cidr":null,"mtu":1500,"name":"Ext-Net","network_id":null,"region":"GRA9","segments":[{"network_type":"bgp","physical_network":"","segmentation_id":40510}],"shared":"true","status":null,"subnets":["00173560-47ab-4270-8bfd-6dbdc840700a","0f11270c-1113-4d4f-98de-eba83445d962","168c6f93-d976-486e-811f-e763500bcee7","1a6c6b72-88e9-4e94-ac8b-61e6dbc4792c","1c7b94e3-d6a3-4509-bd7b-e9a2f56cd994","22e2d853-1b86-48f3-8596-9d12c7693dc7","316fefeb-3eb0-487a-88d9-4d607720fa7a","3ae4fc2c-03c9-4690-86e2-585286b517c7","3ccda02c-634c-44c8-bd4f-6a59869fb3c0","414d3a28-6a9a-4c35-a3e3-5d964ebf0f62","4a668388-b0e9-41ac-8620-d0d66d141b10","4aa6cac1-d5cd-4e25-b14b-7573aeabcab1","5b2975f1-13da-43b7-bbff-24a9e7adb2ff","5e319a8a-6c22-41e8-b519-46807e859e2d","5ef7183d-b724-41e7-81c9-2b4ce06951a8","668ee91a-2c33-40c7-9db0-88a4d68d3e4f","7d6352a6-dbed-4628-a029-fcc3986ae7d6","842249d0-76ac-43d3-b0b9-3a11cf6f8120","8d39bd48-497b-41fe-90b9-77e169a31d8e","99622081-5b1e-49c4-9686-951ea7e4b807","9b3e481e-1f64-4712-8111-451db4690ff9","9d4de2bc-40b8-4d03-8cf9-54cce9785216","9f989c4b-c441-4678-b395-e082c300356e","a25f29f8-0aac-4180-b5c8-38eb2bc4ba7e","a4e9c12b-a168-4101-a256-803267f1d1bc","a6eba157-6ab8-496c-b65e-c9e64cd91f3e","ac5824d1-cc84-47fd-af08-9fa7fbf058a2","ae57b1a6-2cfd-45ef-8dbd-362a06c31456","b072b17b-ef1d-4881-98c7-e0d6a1c3dcea","c2204ee3-6480-42f3-ac40-173e9cf7103b","d7dd1399-5eb9-455f-a908-068f00ece169","dc90af26-ae0d-4714-95c2-789dffde1f7a","e329fda9-9211-464c-ada2-b96b4e846732","e6b22176-2b8e-4579-83c5-fb6038ad6f4c","f4772001-7657-4f72-9466-62973a9effc9","f51bd0c1-ebc2-4e3d-9c66-75671123a787","f56b79b6-f132-4212-ba03-83ba2cabd303"],"tags":null,"tenant_id":"9386d7837e514fc080082efe4892af59","transparent_vlan":false},"sensitive_attributes":[]}]},{"module":"module.network","mode":"managed","type":"openstack_networking_secgroup_rule_v2","name":"ext_http","provider":"provider[\"registry.opentofu.org/terraform-provider-openstack/openstack\"]","instances":[{"schema_version":0,"attributes":{"description":"","direction":"ingress","ethertype":"IPv4","id":"84b33e9c-0624-45e0-9c83-3290ee17eba7","port_range_max":80,"port_range_min":80,"protocol":"tcp","region":"GRA9","remote_group_id":"","remote_ip_prefix":"0.0.0.0/0","security_group_id":"5f6a4b9c-6670-4154-99fa-5f79950291b9","tenant_id":"be8041a7fdd040bd8f9661be1c6cfbed","timeouts":null},"sensitive_attributes":[],"private":"eyJlMmJmYjczMC1lY2FhLTExZTYtOGY4OC0zNDM2M2JjN2M0YzAiOnsiZGVsZXRlIjo2MDAwMDAwMDAwMDB9fQ==","dependencies":["module.network.openstack_networking_secgroup_v2.ext"]}]},{"module":"module.network","mode":"managed","type":"openstack_networking_secgroup_rule_v2","name":"ext_https","provider":"provider[\"registry.opentofu.org/terraform-provider-openstack/openstack\"]","instances":[{"schema_version":0,"attributes":{"description":"","direction":"ingress","ethertype":"IPv4","id":"6e0329fa-b0a7-4c55-a96d-e81e539bebc2","port_range_max":443,"port_range_min":443,"protocol":"tcp","region":"GRA9","remote_group_id":"","remote_ip_prefix":"0.0.0.0/0","security_group_id":"5f6a4b9c-6670-4154-99fa-5f79950291b9","tenant_id":"be8041a7fdd040bd8f9661be1c6cfbed","timeouts":null},"sensitive_attributes":[],"private":"eyJlMmJmYjczMC1lY2FhLTExZTYtOGY4OC0zNDM2M2JjN2M0YzAiOnsiZGVsZXRlIjo2MDAwMDAwMDAwMDB9fQ==","dependencies":["module.network.openstack_networking_secgroup_v2.ext"]}]},{"module":"module.network","mode":"managed","type":"openstack_networking_secgroup_rule_v2","name":"ext_ssh","provider":"provider[\"registry.opentofu.org/terraform-provider-openstack/openstack\"]","instances":[{"index_key":0,"schema_version":0,"attributes":{"description":"","direction":"ingress","ethertype":"IPv4","id":"92b94215-e99a-4a57-9a46-aca6e90d5a59","port_range_max":22,"port_range_min":22,"protocol":"tcp","region":"GRA9","remote_group_id":"","remote_ip_prefix":"0.0.0.0/0","security_group_id":"5f6a4b9c-6670-4154-99fa-5f79950291b9","tenant_id":"be8041a7fdd040bd8f9661be1c6cfbed","timeouts":null},"sensitive_attributes":[],"private":"eyJlMmJmYjczMC1lY2FhLTExZTYtOGY4OC0zNDM2M2JjN2M0YzAiOnsiZGVsZXRlIjo2MDAwMDAwMDAwMDB9fQ==","dependencies":["module.network.openstack_networking_secgroup_v2.ext"]}]},{"module":"module.network","mode":"managed","type":"openstack_networking_secgroup_rule_v2","name":"ext_ssh6","provider":"provider[\"registry.opentofu.org/terraform-provider-openstack/openstack\"]","instances":[{"index_key":0,"schema_version":0,"attributes":{"description":"","direction":"ingress","ethertype":"IPv6","id":"dddb9548-5856-4c83-a234-5c51ba618a40","port_range_max":22,"port_range_min":22,"protocol":"tcp","region":"GRA9","remote_group_id":"","remote_ip_prefix":"::/0","security_group_id":"5f6a4b9c-6670-4154-99fa-5f79950291b9","tenant_id":"be8041a7fdd040bd8f9661be1c6cfbed","timeouts":null},"sensitive_attributes":[],"private":"eyJlMmJmYjczMC1lY2FhLTExZTYtOGY4OC0zNDM2M2JjN2M0YzAiOnsiZGVsZXRlIjo2MDAwMDAwMDAwMDB9fQ==","dependencies":["module.network.openstack_networking_secgroup_v2.ext"]}]},{"module":"module.network","mode":"managed","type":"openstack_networking_secgroup_rule_v2","name":"int_k3s_api_server","provider":"provider[\"registry.opentofu.org/terraform-provider-openstack/openstack\"]","instances":[{"index_key":0,"schema_version":0,"attributes":{"description":"","direction":"ingress","ethertype":"IPv4","id":"2433fd99-5026-4179-a3fb-0641c4b1c847","port_range_max":6443,"port_range_min":6443,"protocol":"tcp","region":"GRA9","remote_group_id":"5f6a4b9c-6670-4154-99fa-5f79950291b9","remote_ip_prefix":"","security_group_id":"5f6a4b9c-6670-4154-99fa-5f79950291b9","tenant_id":"be8041a7fdd040bd8f9661be1c6cfbed","timeouts":null},"sensitive_attributes":[],"private":"eyJlMmJmYjczMC1lY2FhLTExZTYtOGY4OC0zNDM2M2JjN2M0YzAiOnsiZGVsZXRlIjo2MDAwMDAwMDAwMDB9fQ==","dependencies":["module.network.openstack_networking_secgroup_v2.ext"]}]},{"module":"module.network","mode":"managed","type":"openstack_networking_secgroup_rule_v2","name":"int_k3s_flannel_vxlan","provider":"provider[\"registry.opentofu.org/terraform-provider-openstack/openstack\"]","instances":[{"index_key":0,"schema_version":0,"attributes":{"description":"","direction":"ingress","ethertype":"IPv4","id":"f30a6247-63da-4798-aa80-6f053bc45105","port_range_max":8472,"port_range_min":8472,"protocol":"udp","region":"GRA9","remote_group_id":"5f6a4b9c-6670-4154-99fa-5f79950291b9","remote_ip_prefix":"","security_group_id":"5f6a4b9c-6670-4154-99fa-5f79950291b9","tenant_id":"be8041a7fdd040bd8f9661be1c6cfbed","timeouts":null},"sensitive_attributes":[],"private":"eyJlMmJmYjczMC1lY2FhLTExZTYtOGY4OC0zNDM2M2JjN2M0YzAiOnsiZGVsZXRlIjo2MDAwMDAwMDAwMDB9fQ==","dependencies":["module.network.openstack_networking_secgroup_v2.ext"]}]},{"module":"module.network","mode":"managed","type":"openstack_networking_secgroup_v2","name":"ext","provider":"provider[\"registry.opentofu.org/terraform-provider-openstack/openstack\"]","instances":[{"schema_version":0,"attributes":{"all_tags":[],"delete_default_rules":null,"description":"","id":"5f6a4b9c-6670-4154-99fa-5f79950291b9","name":"otvl-test-hosting-sg","region":"GRA9","stateful":false,"tags":null,"tenant_id":"be8041a7fdd040bd8f9661be1c6cfbed","timeouts":null},"sensitive_attributes":[],"private":"eyJlMmJmYjczMC1lY2FhLTExZTYtOGY4OC0zNDM2M2JjN2M0YzAiOnsiZGVsZXRlIjo2MDAwMDAwMDAwMDB9fQ=="}]}],"check_results":null}
