{"version":4,"terraform_version":"1.9.0","serial":77,"lineage":"0833ab12-9a33-12ae-67d9-fd337845d919","outputs":{"ipv4s":{"value":[["51.210.228.84"],["57.128.57.151"],["51.210.228.61"]],"type":["tuple",[["tuple",["string"]],["tuple",["string"]],["tuple",["string"]]]]}},"resources":[{"module":"module.compute.module.instances","mode":"managed","type":"openstack_blockstorage_volume_v3","name":"volumes","provider":"provider[\"registry.opentofu.org/terraform-provider-openstack/openstack\"]","instances":[{"index_key":0,"schema_version":0,"attributes":{"attachment":[],"availability_zone":"nova","backup_id":"","consistency_group_id":null,"description":"","enable_online_resize":null,"id":"6def30d1-90ef-4d75-a904-d5219338d6dc","image_id":null,"metadata":{},"name":"t-sk3s-sv","region":"GRA9","scheduler_hints":[],"size":50,"snapshot_id":"","source_replica":null,"source_vol_id":"","timeouts":null,"volume_type":"classic"},"sensitive_attributes":[],"private":"eyJlMmJmYjczMC1lY2FhLTExZTYtOGY4OC0zNDM2M2JjN2M0YzAiOnsiY3JlYXRlIjo2MDAwMDAwMDAwMDAsImRlbGV0ZSI6NjAwMDAwMDAwMDAwfX0="}]},{"module":"module.compute.module.instances","mode":"managed","type":"openstack_compute_instance_v2","name":"instances","provider":"provider[\"registry.opentofu.org/terraform-provider-openstack/openstack\"]","instances":[{"index_key":0,"schema_version":0,"attributes":{"access_ip_v4":"51.210.228.84","access_ip_v6":"[2001:41d0:304:400::5b0]","admin_pass":null,"all_metadata":{"groups":"docker_run_group build_server_group","otvl_meta":"otvl_test build"},"all_tags":[],"availability_zone":"nova","availability_zone_hints":null,"block_device":[],"config_drive":null,"created":"2025-10-20 13:45:58 +0000 UTC","flavor_id":"5085760f-f370-42af-a09a-907b0056ba05","flavor_name":"d2-4","force_delete":false,"id":"b8d49ce5-f7df-4b4d-b9a4-acdc5e4fd94b","image_id":"51740c46-e9e8-42f6-bfa8-920e8aab9e16","image_name":"Debian 12","key_pair":"otvl-test-devops-hosting-key","metadata":{"groups":"docker_run_group build_server_group","otvl_meta":"otvl_test build"},"name":"t-build7","network":[{"access_network":false,"fixed_ip_v4":"51.210.228.84","fixed_ip_v6":"[2001:41d0:304:400::5b0]","mac":"fa:16:3e:9a:41:38","name":"Ext-Net","port":"3096fffa-c1a3-4625-a2e6-53b6f98314d1","uuid":"b2c02fdc-ffdf-40f6-9722-533bd7058c06"}],"network_mode":null,"personality":[],"power_state":"active","region":"GRA9","scheduler_hints":[],"security_groups":["otvl-test-hosting-sg"],"stop_before_destroy":false,"tags":null,"timeouts":null,"updated":"2025-10-20 13:46:41 +0000 UTC","user_data":"a94a717d0d71455a0b0b08a191e2306f9a6b3356","vendor_options":[]},"sensitive_attributes":[[{"type":"get_attr","value":"admin_pass"}]],"private":"eyJlMmJmYjczMC1lY2FhLTExZTYtOGY4OC0zNDM2M2JjN2M0YzAiOnsiY3JlYXRlIjoxODAwMDAwMDAwMDAwLCJkZWxldGUiOjE4MDAwMDAwMDAwMDAsInVwZGF0ZSI6MTgwMDAwMDAwMDAwMH19","dependencies":["module.compute.module.instances.openstack_compute_keypair_v2.this","module.compute.module.instances.openstack_networking_port_v2.ext","module.network.data.openstack_networking_network_v2.ext_net","module.network.openstack_networking_secgroup_v2.ext"]},{"index_key":1,"schema_version":0,"attributes":{"access_ip_v4":"57.128.57.151","access_ip_v6":"[2001:41d0:304:400::1af0]","admin_pass":null,"all_metadata":{"groups":"sk3s_group images_builder_group","otvl_meta":"otvl_test k3s_server code_server ows_server ows_synchro"},"all_tags":[],"availability_zone":"nova","availability_zone_hints":null,"block_device":[],"config_drive":null,"created":"2025-10-20 13:45:58 +0000 UTC","flavor_id":"5085760f-f370-42af-a09a-907b0056ba05","flavor_name":"d2-4","force_delete":false,"id":"9f3a3a56-048c-4089-bded-a317a1d3c6b4","image_id":"51740c46-e9e8-42f6-bfa8-920e8aab9e16","image_name":"Debian 12","key_pair":"otvl-test-devops-hosting-key","metadata":{"groups":"sk3s_group images_builder_group","otvl_meta":"otvl_test k3s_server code_server ows_server ows_synchro"},"name":"t-sk3s-sv","network":[{"access_network":false,"fixed_ip_v4":"57.128.57.151","fixed_ip_v6":"[2001:41d0:304:400::1af0]","mac":"fa:16:3e:45:55:6d","name":"Ext-Net","port":"45492b9a-c70b-4d12-84cf-d8d77f52f984","uuid":"b2c02fdc-ffdf-40f6-9722-533bd7058c06"}],"network_mode":null,"personality":[],"power_state":"active","region":"GRA9","scheduler_hints":[],"security_groups":["otvl-test-hosting-sg"],"stop_before_destroy":false,"tags":null,"timeouts":null,"updated":"2025-10-20 13:46:43 +0000 UTC","user_data":"b1019b2f7e07be77aaa1637e4c89dd73feea1cab","vendor_options":[]},"sensitive_attributes":[[{"type":"get_attr","value":"admin_pass"}]],"private":"eyJlMmJmYjczMC1lY2FhLTExZTYtOGY4OC0zNDM2M2JjN2M0YzAiOnsiY3JlYXRlIjoxODAwMDAwMDAwMDAwLCJkZWxldGUiOjE4MDAwMDAwMDAwMDAsInVwZGF0ZSI6MTgwMDAwMDAwMDAwMH19","dependencies":["module.compute.module.instances.openstack_compute_keypair_v2.this","module.compute.module.instances.openstack_networking_port_v2.ext","module.network.data.openstack_networking_network_v2.ext_net","module.network.openstack_networking_secgroup_v2.ext"]},{"index_key":2,"schema_version":0,"attributes":{"access_ip_v4":"51.210.228.61","access_ip_v6":"[2001:41d0:304:400::315d]","admin_pass":null,"all_metadata":{"groups":"sk3s_group","otvl_meta":"otvl_test k3s_agent has_gpu"},"all_tags":[],"availability_zone":"nova","availability_zone_hints":null,"block_device":[],"config_drive":null,"created":"2025-10-20 13:45:58 +0000 UTC","flavor_id":"c5708c95-f450-43c3-8b56-7d498e7b5d07","flavor_name":"rtx5000-28","force_delete":false,"id":"799f1b72-3f5a-419a-8950-4f90bf37c2d0","image_id":"51740c46-e9e8-42f6-bfa8-920e8aab9e16","image_name":"Debian 12","key_pair":"otvl-test-devops-hosting-key","metadata":{"groups":"sk3s_group","otvl_meta":"otvl_test k3s_agent has_gpu"},"name":"t-sk3s-agpu","network":[{"access_network":false,"fixed_ip_v4":"51.210.228.61","fixed_ip_v6":"[2001:41d0:304:400::315d]","mac":"fa:16:3e:51:30:89","name":"Ext-Net","port":"e7cef05b-92cc-4151-8e16-083d92c6e262","uuid":"b2c02fdc-ffdf-40f6-9722-533bd7058c06"}],"network_mode":null,"personality":[],"power_state":"active","region":"GRA9","scheduler_hints":[],"security_groups":["otvl-test-hosting-sg"],"stop_before_destroy":false,"tags":null,"timeouts":null,"updated":"2025-10-20 13:46:59 +0000 UTC","user_data":"ec31fe0bb542c10eb32ea9eb4c42fa448f2228ea","vendor_options":[]},"sensitive_attributes":[[{"type":"get_attr","value":"admin_pass"}]],"private":"eyJlMmJmYjczMC1lY2FhLTExZTYtOGY4OC0zNDM2M2JjN2M0YzAiOnsiY3JlYXRlIjoxODAwMDAwMDAwMDAwLCJkZWxldGUiOjE4MDAwMDAwMDAwMDAsInVwZGF0ZSI6MTgwMDAwMDAwMDAwMH19","dependencies":["module.compute.module.instances.openstack_compute_keypair_v2.this","module.compute.module.instances.openstack_networking_port_v2.ext","module.network.data.openstack_networking_network_v2.ext_net","module.network.openstack_networking_secgroup_v2.ext"]}]},{"module":"module.compute.module.instances","mode":"managed","type":"openstack_compute_keypair_v2","name":"this","provider":"provider[\"registry.opentofu.org/terraform-provider-openstack/openstack\"]","instances":[{"schema_version":0,"attributes":{"fingerprint":"58:87:f9:67:e2:08:1e:18:ba:3c:fe:58:45:82:cd:b1","id":"otvl-test-devops-hosting-key","name":"otvl-test-devops-hosting-key","private_key":"","public_key":"ssh-rsa AAAAB3NzaC1yc2EAAAADAQABAAABgQCKbC/+FKpBN5Zn4+FPOpsLDWsVriPc+dIjzcP45my2BROfZ4DxY7P/QL8oMd7pFg/PzFBbf8eTAVYXEOLJ9veAoDa9weFEAK6LfJRuuSGBuxahWX64r2+tMjG6OBEmYQX+NNjEs9zpLIKqvUsM8/peKBEGRVVaS+FIrnBaFl3zpmQorI7SAvDEW2l1L6FiYpS0426n1yBdSVRPICy+QEUznl+6EsbK0OI5ZSyID1YSLFZ007aYxdm0NJxS1So+K+zWulpgeMDV9S7ht8kR+hxGTC15g/DZmP3GYaBEO9E9zUIZUBe+BZjHIN05KAM6YqK8ig6Z4Zi8LXfdFYzHTY4K8SQkj/REuz9wsJxsuSQuBn8Dhk5WrguiKTF+qb+cCdef8yYUyG8SkZ9Rs84BusGhamLkpQAV9AH3HCSxyZzvJB5kDGoo/xHZmrWQbTbn68LHjwji1O6vRg0gzEgXHu6DITTt1FP8QkqcEo4WL6S6cp0TSRA1kD10X2y11XbVCnc=","region":"GRA9","user_id":"","value_specs":null},"sensitive_attributes":[[{"type":"get_attr","value":"private_key"}]],"private":"bnVsbA=="}]},{"module":"module.compute.module.instances","mode":"managed","type":"openstack_compute_volume_attach_v2","name":"volatts","provider":"provider[\"registry.opentofu.org/terraform-provider-openstack/openstack\"]","instances":[{"index_key":0,"schema_version":0,"attributes":{"device":"/dev/sdb","id":"9f3a3a56-048c-4089-bded-a317a1d3c6b4/6def30d1-90ef-4d75-a904-d5219338d6dc","instance_id":"9f3a3a56-048c-4089-bded-a317a1d3c6b4","multiattach":null,"region":"GRA9","tag":null,"timeouts":null,"vendor_options":[],"volume_id":"6def30d1-90ef-4d75-a904-d5219338d6dc"},"sensitive_attributes":[],"private":"eyJlMmJmYjczMC1lY2FhLTExZTYtOGY4OC0zNDM2M2JjN2M0YzAiOnsiY3JlYXRlIjo2MDAwMDAwMDAwMDAsImRlbGV0ZSI6NjAwMDAwMDAwMDAwfX0=","dependencies":["module.compute.module.instances.openstack_blockstorage_volume_v3.volumes","module.compute.module.instances.openstack_compute_instance_v2.instances","module.compute.module.instances.openstack_compute_keypair_v2.this","module.compute.module.instances.openstack_networking_port_v2.ext","module.network.data.openstack_networking_network_v2.ext_net","module.network.openstack_networking_secgroup_v2.ext"]}]},{"module":"module.compute.module.instances","mode":"managed","type":"openstack_networking_port_v2","name":"ext","provider":"provider[\"registry.opentofu.org/terraform-provider-openstack/openstack\"]","instances":[{"index_key":0,"schema_version":0,"attributes":{"admin_state_up":true,"all_fixed_ips":["2001:41d0:304:400::5b0","51.210.228.84"],"all_security_group_ids":["72b449ea-6c39-4d05-b846-2bb9618ff301"],"all_tags":[],"allowed_address_pairs":[],"binding":[{"host_id":"","profile":"","vif_details":{},"vif_type":"","vnic_type":"normal"}],"description":"","device_id":"","device_owner":"","dns_assignment":[],"dns_name":"","extra_dhcp_option":[],"fixed_ip":[],"id":"3096fffa-c1a3-4625-a2e6-53b6f98314d1","mac_address":"fa:16:3e:9a:41:38","name":"","network_id":"b2c02fdc-ffdf-40f6-9722-533bd7058c06","no_fixed_ip":null,"no_security_groups":null,"port_security_enabled":true,"qos_policy_id":"","region":"GRA9","security_group_ids":["72b449ea-6c39-4d05-b846-2bb9618ff301"],"tags":null,"tenant_id":"be8041a7fdd040bd8f9661be1c6cfbed","timeouts":null,"value_specs":null},"sensitive_attributes":[],"private":"eyJlMmJmYjczMC1lY2FhLTExZTYtOGY4OC0zNDM2M2JjN2M0YzAiOnsiY3JlYXRlIjo2MDAwMDAwMDAwMDAsImRlbGV0ZSI6NjAwMDAwMDAwMDAwfX0=","dependencies":["module.network.data.openstack_networking_network_v2.ext_net","module.network.openstack_networking_secgroup_v2.ext"]},{"index_key":1,"schema_version":0,"attributes":{"admin_state_up":true,"all_fixed_ips":["2001:41d0:304:400::1af0","57.128.57.151"],"all_security_group_ids":["72b449ea-6c39-4d05-b846-2bb9618ff301"],"all_tags":[],"allowed_address_pairs":[],"binding":[{"host_id":"","profile":"","vif_details":{},"vif_type":"","vnic_type":"normal"}],"description":"","device_id":"","device_owner":"","dns_assignment":[],"dns_name":"","extra_dhcp_option":[],"fixed_ip":[],"id":"45492b9a-c70b-4d12-84cf-d8d77f52f984","mac_address":"fa:16:3e:45:55:6d","name":"","network_id":"b2c02fdc-ffdf-40f6-9722-533bd7058c06","no_fixed_ip":null,"no_security_groups":null,"port_security_enabled":true,"qos_policy_id":"","region":"GRA9","security_group_ids":["72b449ea-6c39-4d05-b846-2bb9618ff301"],"tags":null,"tenant_id":"be8041a7fdd040bd8f9661be1c6cfbed","timeouts":null,"value_specs":null},"sensitive_attributes":[],"private":"eyJlMmJmYjczMC1lY2FhLTExZTYtOGY4OC0zNDM2M2JjN2M0YzAiOnsiY3JlYXRlIjo2MDAwMDAwMDAwMDAsImRlbGV0ZSI6NjAwMDAwMDAwMDAwfX0=","dependencies":["module.network.data.openstack_networking_network_v2.ext_net","module.network.openstack_networking_secgroup_v2.ext"]},{"index_key":2,"schema_version":0,"attributes":{"admin_state_up":true,"all_fixed_ips":["2001:41d0:304:400::315d","51.210.228.61"],"all_security_group_ids":["72b449ea-6c39-4d05-b846-2bb9618ff301"],"all_tags":[],"allowed_address_pairs":[],"binding":[{"host_id":"","profile":"","vif_details":{},"vif_type":"","vnic_type":"normal"}],"description":"","device_id":"","device_owner":"","dns_assignment":[],"dns_name":"","extra_dhcp_option":[],"fixed_ip":[],"id":"e7cef05b-92cc-4151-8e16-083d92c6e262","mac_address":"fa:16:3e:51:30:89","name":"","network_id":"b2c02fdc-ffdf-40f6-9722-533bd7058c06","no_fixed_ip":null,"no_security_groups":null,"port_security_enabled":true,"qos_policy_id":"","region":"GRA9","security_group_ids":["72b449ea-6c39-4d05-b846-2bb9618ff301"],"tags":null,"tenant_id":"be8041a7fdd040bd8f9661be1c6cfbed","timeouts":null,"value_specs":null},"sensitive_attributes":[],"private":"eyJlMmJmYjczMC1lY2FhLTExZTYtOGY4OC0zNDM2M2JjN2M0YzAiOnsiY3JlYXRlIjo2MDAwMDAwMDAwMDAsImRlbGV0ZSI6NjAwMDAwMDAwMDAwfX0=","dependencies":["module.network.data.openstack_networking_network_v2.ext_net","module.network.openstack_networking_secgroup_v2.ext"]}]},{"module":"module.network","mode":"data","type":"openstack_networking_network_v2","name":"ext_net","provider":"provider[\"registry.opentofu.org/terraform-provider-openstack/openstack\"]","instances":[{"schema_version":0,"attributes":{"admin_state_up":"true","all_tags":[],"availability_zone_hints":[],"description":"","dns_domain":"","external":true,"id":"b2c02fdc-ffdf-40f6-9722-533bd7058c06","matching_subnet_cidr":null,"mtu":1500,"name":"Ext-Net","network_id":null,"region":"GRA9","segments":[{"network_type":"bgp","physical_network":"","segmentation_id":40510}],"shared":"true","status":null,"subnets":["5ef7183d-b724-41e7-81c9-2b4ce06951a8","9f989c4b-c441-4678-b395-e082c300356e","168c6f93-d976-486e-811f-e763500bcee7","f51bd0c1-ebc2-4e3d-9c66-75671123a787","4a668388-b0e9-41ac-8620-d0d66d141b10","e329fda9-9211-464c-ada2-b96b4e846732","c2204ee3-6480-42f3-ac40-173e9cf7103b","5b2975f1-13da-43b7-bbff-24a9e7adb2ff","3ae4fc2c-03c9-4690-86e2-585286b517c7","dc90af26-ae0d-4714-95c2-789dffde1f7a","9b3e481e-1f64-4712-8111-451db4690ff9","b072b17b-ef1d-4881-98c7-e0d6a1c3dcea","8d39bd48-497b-41fe-90b9-77e169a31d8e","ac5824d1-cc84-47fd-af08-9fa7fbf058a2","22e2d853-1b86-48f3-8596-9d12c7693dc7","1c7b94e3-d6a3-4509-bd7b-e9a2f56cd994","7d6352a6-dbed-4628-a029-fcc3986ae7d6","a6eba157-6ab8-496c-b65e-c9e64cd91f3e","5e319a8a-6c22-41e8-b519-46807e859e2d","9d4de2bc-40b8-4d03-8cf9-54cce9785216","4aa6cac1-d5cd-4e25-b14b-7573aeabcab1","0f11270c-1113-4d4f-98de-eba83445d962","f4772001-7657-4f72-9466-62973a9effc9","d7dd1399-5eb9-455f-a908-068f00ece169","99622081-5b1e-49c4-9686-951ea7e4b807","ae57b1a6-2cfd-45ef-8dbd-362a06c31456","316fefeb-3eb0-487a-88d9-4d607720fa7a","1a6c6b72-88e9-4e94-ac8b-61e6dbc4792c","f56b79b6-f132-4212-ba03-83ba2cabd303","668ee91a-2c33-40c7-9db0-88a4d68d3e4f","a25f29f8-0aac-4180-b5c8-38eb2bc4ba7e"],"tags":null,"tenant_id":"9386d7837e514fc080082efe4892af59","transparent_vlan":false},"sensitive_attributes":[]}]},{"module":"module.network","mode":"managed","type":"openstack_networking_secgroup_rule_v2","name":"ext_http","provider":"provider[\"registry.opentofu.org/terraform-provider-openstack/openstack\"]","instances":[{"schema_version":0,"attributes":{"description":"","direction":"ingress","ethertype":"IPv4","id":"503b3ab4-d9c4-45a5-8dcf-fa9cfe88bdbe","port_range_max":80,"port_range_min":80,"protocol":"tcp","region":"GRA9","remote_group_id":"","remote_ip_prefix":"0.0.0.0/0","security_group_id":"72b449ea-6c39-4d05-b846-2bb9618ff301","tenant_id":"be8041a7fdd040bd8f9661be1c6cfbed","timeouts":null},"sensitive_attributes":[],"private":"eyJlMmJmYjczMC1lY2FhLTExZTYtOGY4OC0zNDM2M2JjN2M0YzAiOnsiZGVsZXRlIjo2MDAwMDAwMDAwMDB9fQ==","dependencies":["module.network.openstack_networking_secgroup_v2.ext"]}]},{"module":"module.network","mode":"managed","type":"openstack_networking_secgroup_rule_v2","name":"ext_https","provider":"provider[\"registry.opentofu.org/terraform-provider-openstack/openstack\"]","instances":[{"schema_version":0,"attributes":{"description":"","direction":"ingress","ethertype":"IPv4","id":"57fb4eba-357c-4284-86e0-db8b8a1713e7","port_range_max":443,"port_range_min":443,"protocol":"tcp","region":"GRA9","remote_group_id":"","remote_ip_prefix":"0.0.0.0/0","security_group_id":"72b449ea-6c39-4d05-b846-2bb9618ff301","tenant_id":"be8041a7fdd040bd8f9661be1c6cfbed","timeouts":null},"sensitive_attributes":[],"private":"eyJlMmJmYjczMC1lY2FhLTExZTYtOGY4OC0zNDM2M2JjN2M0YzAiOnsiZGVsZXRlIjo2MDAwMDAwMDAwMDB9fQ==","dependencies":["module.network.openstack_networking_secgroup_v2.ext"]}]},{"module":"module.network","mode":"managed","type":"openstack_networking_secgroup_rule_v2","name":"ext_ssh","provider":"provider[\"registry.opentofu.org/terraform-provider-openstack/openstack\"]","instances":[{"index_key":0,"schema_version":0,"attributes":{"description":"","direction":"ingress","ethertype":"IPv4","id":"bbc9e91b-a424-451d-a003-97e0b0baae55","port_range_max":22,"port_range_min":22,"protocol":"tcp","region":"GRA9","remote_group_id":"","remote_ip_prefix":"0.0.0.0/0","security_group_id":"72b449ea-6c39-4d05-b846-2bb9618ff301","tenant_id":"be8041a7fdd040bd8f9661be1c6cfbed","timeouts":null},"sensitive_attributes":[],"private":"eyJlMmJmYjczMC1lY2FhLTExZTYtOGY4OC0zNDM2M2JjN2M0YzAiOnsiZGVsZXRlIjo2MDAwMDAwMDAwMDB9fQ==","dependencies":["module.network.openstack_networking_secgroup_v2.ext"]}]},{"module":"module.network","mode":"managed","type":"openstack_networking_secgroup_rule_v2","name":"ext_ssh6","provider":"provider[\"registry.opentofu.org/terraform-provider-openstack/openstack\"]","instances":[{"index_key":0,"schema_version":0,"attributes":{"description":"","direction":"ingress","ethertype":"IPv6","id":"13176efb-3d40-4ec1-98f3-9d2ee5c09669","port_range_max":22,"port_range_min":22,"protocol":"tcp","region":"GRA9","remote_group_id":"","remote_ip_prefix":"::/0","security_group_id":"72b449ea-6c39-4d05-b846-2bb9618ff301","tenant_id":"be8041a7fdd040bd8f9661be1c6cfbed","timeouts":null},"sensitive_attributes":[],"private":"eyJlMmJmYjczMC1lY2FhLTExZTYtOGY4OC0zNDM2M2JjN2M0YzAiOnsiZGVsZXRlIjo2MDAwMDAwMDAwMDB9fQ==","dependencies":["module.network.openstack_networking_secgroup_v2.ext"]}]},{"module":"module.network","mode":"managed","type":"openstack_networking_secgroup_rule_v2","name":"int_k3s_api_server","provider":"provider[\"registry.opentofu.org/terraform-provider-openstack/openstack\"]","instances":[{"index_key":0,"schema_version":0,"attributes":{"description":"","direction":"ingress","ethertype":"IPv4","id":"1bcea391-b525-4b8e-98b0-7f4bda65aa50","port_range_max":6443,"port_range_min":6443,"protocol":"tcp","region":"GRA9","remote_group_id":"72b449ea-6c39-4d05-b846-2bb9618ff301","remote_ip_prefix":"","security_group_id":"72b449ea-6c39-4d05-b846-2bb9618ff301","tenant_id":"be8041a7fdd040bd8f9661be1c6cfbed","timeouts":null},"sensitive_attributes":[],"private":"eyJlMmJmYjczMC1lY2FhLTExZTYtOGY4OC0zNDM2M2JjN2M0YzAiOnsiZGVsZXRlIjo2MDAwMDAwMDAwMDB9fQ==","dependencies":["module.network.openstack_networking_secgroup_v2.ext"]}]},{"module":"module.network","mode":"managed","type":"openstack_networking_secgroup_rule_v2","name":"int_k3s_flannel_vxlan","provider":"provider[\"registry.opentofu.org/terraform-provider-openstack/openstack\"]","instances":[{"index_key":0,"schema_version":0,"attributes":{"description":"","direction":"ingress","ethertype":"IPv4","id":"4c7bff87-4cb2-4d5f-b67d-0ea2ad41309d","port_range_max":8472,"port_range_min":8472,"protocol":"udp","region":"GRA9","remote_group_id":"72b449ea-6c39-4d05-b846-2bb9618ff301","remote_ip_prefix":"","security_group_id":"72b449ea-6c39-4d05-b846-2bb9618ff301","tenant_id":"be8041a7fdd040bd8f9661be1c6cfbed","timeouts":null},"sensitive_attributes":[],"private":"eyJlMmJmYjczMC1lY2FhLTExZTYtOGY4OC0zNDM2M2JjN2M0YzAiOnsiZGVsZXRlIjo2MDAwMDAwMDAwMDB9fQ==","dependencies":["module.network.openstack_networking_secgroup_v2.ext"]}]},{"module":"module.network","mode":"managed","type":"openstack_networking_secgroup_v2","name":"ext","provider":"provider[\"registry.opentofu.org/terraform-provider-openstack/openstack\"]","instances":[{"schema_version":0,"attributes":{"all_tags":[],"delete_default_rules":null,"description":"","id":"72b449ea-6c39-4d05-b846-2bb9618ff301","name":"otvl-test-hosting-sg","region":"GRA9","stateful":false,"tags":null,"tenant_id":"be8041a7fdd040bd8f9661be1c6cfbed","timeouts":null},"sensitive_attributes":[],"private":"eyJlMmJmYjczMC1lY2FhLTExZTYtOGY4OC0zNDM2M2JjN2M0YzAiOnsiZGVsZXRlIjo2MDAwMDAwMDAwMDB9fQ=="}]}],"check_results":null}
