{"version":4,"terraform_version":"1.9.0","serial":19,"lineage":"0833ab12-9a33-12ae-67d9-fd337845d919","outputs":{"ipv4s":{"value":[["51.77.17.27"],["57.128.56.43"],["57.128.59.25"]],"type":["tuple",[["tuple",["string"]],["tuple",["string"]],["tuple",["string"]]]]}},"resources":[{"module":"module.compute.module.instances","mode":"managed","type":"openstack_blockstorage_volume_v3","name":"volumes","provider":"provider[\"registry.opentofu.org/terraform-provider-openstack/openstack\"]","instances":[{"index_key":0,"schema_version":0,"attributes":{"attachment":[],"availability_zone":"nova","backup_id":"","consistency_group_id":null,"description":"","enable_online_resize":null,"id":"6def30d1-90ef-4d75-a904-d5219338d6dc","image_id":null,"metadata":{},"name":"t-sk3s-sv","region":"GRA9","scheduler_hints":[],"size":50,"snapshot_id":"","source_replica":null,"source_vol_id":"","timeouts":null,"volume_type":"classic"},"sensitive_attributes":[],"private":"eyJlMmJmYjczMC1lY2FhLTExZTYtOGY4OC0zNDM2M2JjN2M0YzAiOnsiY3JlYXRlIjo2MDAwMDAwMDAwMDAsImRlbGV0ZSI6NjAwMDAwMDAwMDAwfX0="}]},{"module":"module.compute.module.instances","mode":"managed","type":"openstack_compute_keypair_v2","name":"this","provider":"provider[\"registry.opentofu.org/terraform-provider-openstack/openstack\"]","instances":[]},{"module":"module.network","mode":"data","type":"openstack_networking_network_v2","name":"ext_net","provider":"provider[\"registry.opentofu.org/terraform-provider-openstack/openstack\"]","instances":[{"schema_version":0,"attributes":{"admin_state_up":"true","all_tags":[],"availability_zone_hints":[],"description":"","dns_domain":"","external":true,"id":"b2c02fdc-ffdf-40f6-9722-533bd7058c06","matching_subnet_cidr":null,"mtu":1500,"name":"Ext-Net","network_id":null,"region":"GRA9","segments":[{"network_type":"bgp","physical_network":"","segmentation_id":40510}],"shared":"true","status":null,"subnets":["dc90af26-ae0d-4714-95c2-789dffde1f7a","9b3e481e-1f64-4712-8111-451db4690ff9","9f989c4b-c441-4678-b395-e082c300356e","1a6c6b72-88e9-4e94-ac8b-61e6dbc4792c","d7dd1399-5eb9-455f-a908-068f00ece169","0f11270c-1113-4d4f-98de-eba83445d962","99622081-5b1e-49c4-9686-951ea7e4b807","7d6352a6-dbed-4628-a029-fcc3986ae7d6","b072b17b-ef1d-4881-98c7-e0d6a1c3dcea","4a668388-b0e9-41ac-8620-d0d66d141b10","5ef7183d-b724-41e7-81c9-2b4ce06951a8","ae57b1a6-2cfd-45ef-8dbd-362a06c31456","316fefeb-3eb0-487a-88d9-4d607720fa7a","f56b79b6-f132-4212-ba03-83ba2cabd303","a6eba157-6ab8-496c-b65e-c9e64cd91f3e","22e2d853-1b86-48f3-8596-9d12c7693dc7","f4772001-7657-4f72-9466-62973a9effc9","5b2975f1-13da-43b7-bbff-24a9e7adb2ff","e329fda9-9211-464c-ada2-b96b4e846732","9d4de2bc-40b8-4d03-8cf9-54cce9785216","a25f29f8-0aac-4180-b5c8-38eb2bc4ba7e","168c6f93-d976-486e-811f-e763500bcee7","8d39bd48-497b-41fe-90b9-77e169a31d8e","c2204ee3-6480-42f3-ac40-173e9cf7103b","3ae4fc2c-03c9-4690-86e2-585286b517c7","5e319a8a-6c22-41e8-b519-46807e859e2d","ac5824d1-cc84-47fd-af08-9fa7fbf058a2","f51bd0c1-ebc2-4e3d-9c66-75671123a787","1c7b94e3-d6a3-4509-bd7b-e9a2f56cd994","4aa6cac1-d5cd-4e25-b14b-7573aeabcab1"],"tags":null,"tenant_id":"9386d7837e514fc080082efe4892af59","transparent_vlan":false},"sensitive_attributes":[]}]},{"module":"module.network","mode":"managed","type":"openstack_networking_secgroup_v2","name":"ext","provider":"provider[\"registry.opentofu.org/terraform-provider-openstack/openstack\"]","instances":[]}],"check_results":null}
