{"version":4,"terraform_version":"1.9.0","serial":383,"lineage":"24932a4e-6ad9-7424-e03e-c39d2b3ce2f5","outputs":{"ipv4s":{"value":[["152.228.211.98","172.25.0.6"],["152.228.214.131","172.25.0.7"],["152.228.213.183","172.25.0.8"]],"type":["tuple",[["tuple",["string","string"]],["tuple",["string","string"]],["tuple",["string","string"]]]]}},"resources":[{"module":"module.compute.module.instances","mode":"managed","type":"openstack_blockstorage_volume_v3","name":"volumes","provider":"provider[\"registry.opentofu.org/terraform-provider-openstack/openstack\"]","instances":[{"index_key":0,"schema_version":0,"attributes":{"attachment":[],"availability_zone":"nova","backup_id":"","consistency_group_id":null,"description":"","enable_online_resize":null,"id":"0e18a795-ba2d-49cb-b508-beb116f73949","image_id":null,"metadata":{},"name":"t-sk3s-sv","region":"GRA11","scheduler_hints":[],"size":20,"snapshot_id":"","source_replica":null,"source_vol_id":"","timeouts":null,"volume_type":"classic"},"sensitive_attributes":[],"private":"eyJlMmJmYjczMC1lY2FhLTExZTYtOGY4OC0zNDM2M2JjN2M0YzAiOnsiY3JlYXRlIjo2MDAwMDAwMDAwMDAsImRlbGV0ZSI6NjAwMDAwMDAwMDAwfX0="}]},{"module":"module.compute.module.instances","mode":"managed","type":"openstack_compute_instance_v2","name":"instances","provider":"provider[\"registry.opentofu.org/terraform-provider-openstack/openstack\"]","instances":[{"index_key":0,"schema_version":0,"attributes":{"access_ip_v4":"152.228.211.98","access_ip_v6":"[2001:41d0:304:300::78b2]","admin_pass":null,"all_metadata":{"groups":"docker_run_group build_server_group","otvl_meta":"otvl_test build"},"all_tags":[],"availability_zone":"nova","availability_zone_hints":null,"block_device":[],"config_drive":null,"created":"2025-07-20 07:27:38 +0000 UTC","flavor_id":"e92cc5e2-e80f-46ce-ad5d-dc175135b468","flavor_name":"d2-4","force_delete":false,"id":"2114cd6a-abe2-47de-a465-48132cee0060","image_id":"dc432f25-136e-4d97-89d7-a5c1e4213ed9","image_name":"Debian 12","key_pair":"otvl-test-devops-hosting-key","metadata":{"groups":"docker_run_group build_server_group","otvl_meta":"otvl_test build"},"name":"t-build7","network":[{"access_network":false,"fixed_ip_v4":"152.228.211.98","fixed_ip_v6":"[2001:41d0:304:300::78b2]","mac":"fa:16:3e:5c:cb:db","name":"Ext-Net","port":"c70d558c-00b0-43c2-bc8f-aa8087755ee2","uuid":"bcf59eb2-9d83-41cc-b4f5-0435ed594833"},{"access_network":false,"fixed_ip_v4":"172.25.0.6","fixed_ip_v6":"","mac":"fa:16:3e:cf:e8:b4","name":"otvl-test-net","port":"32a0144c-5eb8-4cb4-907c-21978556963c","uuid":"7d6433a1-9c68-4f6a-92fa-e830d4a387f6"}],"network_mode":null,"personality":[],"power_state":"active","region":"GRA11","scheduler_hints":[],"security_groups":["default","otvl-test-hosting-sg"],"stop_before_destroy":false,"tags":null,"timeouts":null,"updated":"2025-07-20 07:28:48 +0000 UTC","user_data":"84a3752c7e9e18bfc41e3a7672df4727dce22cb0","vendor_options":[]},"sensitive_attributes":[[{"type":"get_attr","value":"admin_pass"}]],"private":"eyJlMmJmYjczMC1lY2FhLTExZTYtOGY4OC0zNDM2M2JjN2M0YzAiOnsiY3JlYXRlIjoxODAwMDAwMDAwMDAwLCJkZWxldGUiOjE4MDAwMDAwMDAwMDAsInVwZGF0ZSI6MTgwMDAwMDAwMDAwMH19","dependencies":["module.compute.module.instances.openstack_compute_keypair_v2.this","module.compute.module.instances.openstack_networking_port_v2.ext","module.compute.module.instances.openstack_networking_port_v2.loc","module.network.data.openstack_networking_network_v2.ext_net","module.network.data.openstack_networking_network_v2.loc_net","module.network.data.openstack_networking_subnet_v2.loc_net_sn","module.network.openstack_networking_secgroup_v2.ext"]},{"index_key":1,"schema_version":0,"attributes":{"access_ip_v4":"152.228.214.131","access_ip_v6":"[2001:41d0:304:300::4e51]","admin_pass":null,"all_metadata":{"groups":"sk3s_group images_builder_group","otvl_meta":"otvl_test k3s_server code_server"},"all_tags":[],"availability_zone":"nova","availability_zone_hints":null,"block_device":[],"config_drive":null,"created":"2025-07-20 07:27:37 +0000 UTC","flavor_id":"e92cc5e2-e80f-46ce-ad5d-dc175135b468","flavor_name":"d2-4","force_delete":false,"id":"1ed79254-e15c-4062-8bc7-1b2a8732e979","image_id":"dc432f25-136e-4d97-89d7-a5c1e4213ed9","image_name":"Debian 12","key_pair":"otvl-test-devops-hosting-key","metadata":{"groups":"sk3s_group images_builder_group","otvl_meta":"otvl_test k3s_server code_server"},"name":"t-sk3s-sv","network":[{"access_network":false,"fixed_ip_v4":"152.228.214.131","fixed_ip_v6":"[2001:41d0:304:300::4e51]","mac":"fa:16:3e:26:bb:8d","name":"Ext-Net","port":"af8691ca-17d9-4cab-9a8f-a2397c9ccf3c","uuid":"bcf59eb2-9d83-41cc-b4f5-0435ed594833"},{"access_network":false,"fixed_ip_v4":"172.25.0.7","fixed_ip_v6":"","mac":"fa:16:3e:c8:4a:f3","name":"otvl-test-net","port":"2c9fb195-7f2c-45eb-a099-c7cfd85689e0","uuid":"7d6433a1-9c68-4f6a-92fa-e830d4a387f6"}],"network_mode":null,"personality":[],"power_state":"active","region":"GRA11","scheduler_hints":[],"security_groups":["default","otvl-test-hosting-sg"],"stop_before_destroy":false,"tags":null,"timeouts":null,"updated":"2025-07-20 07:28:49 +0000 UTC","user_data":"33a49d602e1556d227f8ba0a8df47dfb9a3d959b","vendor_options":[]},"sensitive_attributes":[[{"type":"get_attr","value":"admin_pass"}]],"private":"eyJlMmJmYjczMC1lY2FhLTExZTYtOGY4OC0zNDM2M2JjN2M0YzAiOnsiY3JlYXRlIjoxODAwMDAwMDAwMDAwLCJkZWxldGUiOjE4MDAwMDAwMDAwMDAsInVwZGF0ZSI6MTgwMDAwMDAwMDAwMH19","dependencies":["module.compute.module.instances.openstack_compute_keypair_v2.this","module.compute.module.instances.openstack_networking_port_v2.ext","module.compute.module.instances.openstack_networking_port_v2.loc","module.network.data.openstack_networking_network_v2.ext_net","module.network.data.openstack_networking_network_v2.loc_net","module.network.data.openstack_networking_subnet_v2.loc_net_sn","module.network.openstack_networking_secgroup_v2.ext"]},{"index_key":2,"schema_version":0,"attributes":{"access_ip_v4":"152.228.213.183","access_ip_v6":"[2001:41d0:304:300::8163]","admin_pass":null,"all_metadata":{"groups":"sk3s_group","otvl_meta":"otvl_test k3s_agent"},"all_tags":[],"availability_zone":"nova","availability_zone_hints":null,"block_device":[],"config_drive":null,"created":"2025-07-20 07:27:37 +0000 UTC","flavor_id":"e92cc5e2-e80f-46ce-ad5d-dc175135b468","flavor_name":"d2-4","force_delete":false,"id":"38df3854-6776-45ac-9510-e94a7c9a2a82","image_id":"dc432f25-136e-4d97-89d7-a5c1e4213ed9","image_name":"Debian 12","key_pair":"otvl-test-devops-hosting-key","metadata":{"groups":"sk3s_group","otvl_meta":"otvl_test k3s_agent"},"name":"t-sk3s-ag1","network":[{"access_network":false,"fixed_ip_v4":"152.228.213.183","fixed_ip_v6":"[2001:41d0:304:300::8163]","mac":"fa:16:3e:3d:31:9e","name":"Ext-Net","port":"d0a5ecae-bd26-45ec-bf10-f19933f93049","uuid":"bcf59eb2-9d83-41cc-b4f5-0435ed594833"},{"access_network":false,"fixed_ip_v4":"172.25.0.8","fixed_ip_v6":"","mac":"fa:16:3e:89:e6:20","name":"otvl-test-net","port":"59b07734-5dc2-4c52-9bbd-542f1d31a9e0","uuid":"7d6433a1-9c68-4f6a-92fa-e830d4a387f6"}],"network_mode":null,"personality":[],"power_state":"active","region":"GRA11","scheduler_hints":[],"security_groups":["default","otvl-test-hosting-sg"],"stop_before_destroy":false,"tags":null,"timeouts":null,"updated":"2025-07-20 07:28:47 +0000 UTC","user_data":"e621354426c56c48af7623924717eeab0532a153","vendor_options":[]},"sensitive_attributes":[[{"type":"get_attr","value":"admin_pass"}]],"private":"eyJlMmJmYjczMC1lY2FhLTExZTYtOGY4OC0zNDM2M2JjN2M0YzAiOnsiY3JlYXRlIjoxODAwMDAwMDAwMDAwLCJkZWxldGUiOjE4MDAwMDAwMDAwMDAsInVwZGF0ZSI6MTgwMDAwMDAwMDAwMH19","dependencies":["module.compute.module.instances.openstack_compute_keypair_v2.this","module.compute.module.instances.openstack_networking_port_v2.ext","module.compute.module.instances.openstack_networking_port_v2.loc","module.network.data.openstack_networking_network_v2.ext_net","module.network.data.openstack_networking_network_v2.loc_net","module.network.data.openstack_networking_subnet_v2.loc_net_sn","module.network.openstack_networking_secgroup_v2.ext"]}]},{"module":"module.compute.module.instances","mode":"managed","type":"openstack_compute_keypair_v2","name":"this","provider":"provider[\"registry.opentofu.org/terraform-provider-openstack/openstack\"]","instances":[{"schema_version":0,"attributes":{"fingerprint":"58:87:f9:67:e2:08:1e:18:ba:3c:fe:58:45:82:cd:b1","id":"otvl-test-devops-hosting-key","name":"otvl-test-devops-hosting-key","private_key":"","public_key":"ssh-rsa AAAAB3NzaC1yc2EAAAADAQABAAABgQCKbC/+FKpBN5Zn4+FPOpsLDWsVriPc+dIjzcP45my2BROfZ4DxY7P/QL8oMd7pFg/PzFBbf8eTAVYXEOLJ9veAoDa9weFEAK6LfJRuuSGBuxahWX64r2+tMjG6OBEmYQX+NNjEs9zpLIKqvUsM8/peKBEGRVVaS+FIrnBaFl3zpmQorI7SAvDEW2l1L6FiYpS0426n1yBdSVRPICy+QEUznl+6EsbK0OI5ZSyID1YSLFZ007aYxdm0NJxS1So+K+zWulpgeMDV9S7ht8kR+hxGTC15g/DZmP3GYaBEO9E9zUIZUBe+BZjHIN05KAM6YqK8ig6Z4Zi8LXfdFYzHTY4K8SQkj/REuz9wsJxsuSQuBn8Dhk5WrguiKTF+qb+cCdef8yYUyG8SkZ9Rs84BusGhamLkpQAV9AH3HCSxyZzvJB5kDGoo/xHZmrWQbTbn68LHjwji1O6vRg0gzEgXHu6DITTt1FP8QkqcEo4WL6S6cp0TSRA1kD10X2y11XbVCnc=","region":"GRA11","user_id":"","value_specs":null},"sensitive_attributes":[[{"type":"get_attr","value":"private_key"}]],"private":"bnVsbA=="}]},{"module":"module.compute.module.instances","mode":"managed","type":"openstack_compute_volume_attach_v2","name":"volatts","provider":"provider[\"registry.opentofu.org/terraform-provider-openstack/openstack\"]","instances":[{"index_key":0,"schema_version":0,"attributes":{"device":"/dev/sdb","id":"1ed79254-e15c-4062-8bc7-1b2a8732e979/0e18a795-ba2d-49cb-b508-beb116f73949","instance_id":"1ed79254-e15c-4062-8bc7-1b2a8732e979","multiattach":null,"region":"GRA11","tag":null,"timeouts":null,"vendor_options":[],"volume_id":"0e18a795-ba2d-49cb-b508-beb116f73949"},"sensitive_attributes":[],"private":"eyJlMmJmYjczMC1lY2FhLTExZTYtOGY4OC0zNDM2M2JjN2M0YzAiOnsiY3JlYXRlIjo2MDAwMDAwMDAwMDAsImRlbGV0ZSI6NjAwMDAwMDAwMDAwfX0=","dependencies":["module.compute.module.instances.openstack_blockstorage_volume_v3.volumes","module.compute.module.instances.openstack_compute_instance_v2.instances","module.compute.module.instances.openstack_compute_keypair_v2.this","module.compute.module.instances.openstack_networking_port_v2.ext","module.compute.module.instances.openstack_networking_port_v2.loc","module.network.data.openstack_networking_network_v2.ext_net","module.network.data.openstack_networking_network_v2.loc_net","module.network.data.openstack_networking_subnet_v2.loc_net_sn","module.network.openstack_networking_secgroup_v2.ext"]}]},{"module":"module.compute.module.instances","mode":"managed","type":"openstack_networking_port_v2","name":"ext","provider":"provider[\"registry.opentofu.org/terraform-provider-openstack/openstack\"]","instances":[{"index_key":0,"schema_version":0,"attributes":{"admin_state_up":true,"all_fixed_ips":["152.228.211.98","2001:41d0:304:300::78b2"],"all_security_group_ids":["4763790c-a610-4064-bb31-555b7b9bf287"],"all_tags":[],"allowed_address_pairs":[],"binding":[{"host_id":"","profile":"","vif_details":{},"vif_type":"","vnic_type":"normal"}],"description":"","device_id":"","device_owner":"","dns_assignment":[],"dns_name":"","extra_dhcp_option":[],"fixed_ip":[],"id":"c70d558c-00b0-43c2-bc8f-aa8087755ee2","mac_address":"fa:16:3e:5c:cb:db","name":"","network_id":"bcf59eb2-9d83-41cc-b4f5-0435ed594833","no_fixed_ip":null,"no_security_groups":null,"port_security_enabled":true,"qos_policy_id":"","region":"GRA11","security_group_ids":["4763790c-a610-4064-bb31-555b7b9bf287"],"tags":null,"tenant_id":"be8041a7fdd040bd8f9661be1c6cfbed","timeouts":null,"value_specs":null},"sensitive_attributes":[],"private":"eyJlMmJmYjczMC1lY2FhLTExZTYtOGY4OC0zNDM2M2JjN2M0YzAiOnsiY3JlYXRlIjo2MDAwMDAwMDAwMDAsImRlbGV0ZSI6NjAwMDAwMDAwMDAwfX0=","dependencies":["module.network.data.openstack_networking_network_v2.ext_net","module.network.openstack_networking_secgroup_v2.ext"]},{"index_key":1,"schema_version":0,"attributes":{"admin_state_up":true,"all_fixed_ips":["152.228.214.131","2001:41d0:304:300::4e51"],"all_security_group_ids":["4763790c-a610-4064-bb31-555b7b9bf287"],"all_tags":[],"allowed_address_pairs":[],"binding":[{"host_id":"","profile":"","vif_details":{},"vif_type":"","vnic_type":"normal"}],"description":"","device_id":"","device_owner":"","dns_assignment":[],"dns_name":"","extra_dhcp_option":[],"fixed_ip":[],"id":"af8691ca-17d9-4cab-9a8f-a2397c9ccf3c","mac_address":"fa:16:3e:26:bb:8d","name":"","network_id":"bcf59eb2-9d83-41cc-b4f5-0435ed594833","no_fixed_ip":null,"no_security_groups":null,"port_security_enabled":true,"qos_policy_id":"","region":"GRA11","security_group_ids":["4763790c-a610-4064-bb31-555b7b9bf287"],"tags":null,"tenant_id":"be8041a7fdd040bd8f9661be1c6cfbed","timeouts":null,"value_specs":null},"sensitive_attributes":[],"private":"eyJlMmJmYjczMC1lY2FhLTExZTYtOGY4OC0zNDM2M2JjN2M0YzAiOnsiY3JlYXRlIjo2MDAwMDAwMDAwMDAsImRlbGV0ZSI6NjAwMDAwMDAwMDAwfX0=","dependencies":["module.network.data.openstack_networking_network_v2.ext_net","module.network.openstack_networking_secgroup_v2.ext"]},{"index_key":2,"schema_version":0,"attributes":{"admin_state_up":true,"all_fixed_ips":["152.228.213.183","2001:41d0:304:300::8163"],"all_security_group_ids":["4763790c-a610-4064-bb31-555b7b9bf287"],"all_tags":[],"allowed_address_pairs":[],"binding":[{"host_id":"","profile":"","vif_details":{},"vif_type":"","vnic_type":"normal"}],"description":"","device_id":"","device_owner":"","dns_assignment":[],"dns_name":"","extra_dhcp_option":[],"fixed_ip":[],"id":"d0a5ecae-bd26-45ec-bf10-f19933f93049","mac_address":"fa:16:3e:3d:31:9e","name":"","network_id":"bcf59eb2-9d83-41cc-b4f5-0435ed594833","no_fixed_ip":null,"no_security_groups":null,"port_security_enabled":true,"qos_policy_id":"","region":"GRA11","security_group_ids":["4763790c-a610-4064-bb31-555b7b9bf287"],"tags":null,"tenant_id":"be8041a7fdd040bd8f9661be1c6cfbed","timeouts":null,"value_specs":null},"sensitive_attributes":[],"private":"eyJlMmJmYjczMC1lY2FhLTExZTYtOGY4OC0zNDM2M2JjN2M0YzAiOnsiY3JlYXRlIjo2MDAwMDAwMDAwMDAsImRlbGV0ZSI6NjAwMDAwMDAwMDAwfX0=","dependencies":["module.network.data.openstack_networking_network_v2.ext_net","module.network.openstack_networking_secgroup_v2.ext"]}]},{"module":"module.compute.module.instances","mode":"managed","type":"openstack_networking_port_v2","name":"loc","provider":"provider[\"registry.opentofu.org/terraform-provider-openstack/openstack\"]","instances":[{"index_key":0,"schema_version":0,"attributes":{"admin_state_up":true,"all_fixed_ips":["172.25.0.6"],"all_security_group_ids":["12bdfa41-21c6-407b-b302-48bb28dc40bc"],"all_tags":[],"allowed_address_pairs":[],"binding":[{"host_id":"","profile":"","vif_details":{},"vif_type":"","vnic_type":"normal"}],"description":"","device_id":"","device_owner":"","dns_assignment":[],"dns_name":"","extra_dhcp_option":[],"fixed_ip":[{"ip_address":"172.25.0.6","subnet_id":"a493176c-1d52-432f-b8f6-fe430c302c80"}],"id":"32a0144c-5eb8-4cb4-907c-21978556963c","mac_address":"fa:16:3e:cf:e8:b4","name":"","network_id":"7d6433a1-9c68-4f6a-92fa-e830d4a387f6","no_fixed_ip":null,"no_security_groups":null,"port_security_enabled":true,"qos_policy_id":"","region":"GRA11","security_group_ids":null,"tags":null,"tenant_id":"be8041a7fdd040bd8f9661be1c6cfbed","timeouts":null,"value_specs":null},"sensitive_attributes":[],"private":"eyJlMmJmYjczMC1lY2FhLTExZTYtOGY4OC0zNDM2M2JjN2M0YzAiOnsiY3JlYXRlIjo2MDAwMDAwMDAwMDAsImRlbGV0ZSI6NjAwMDAwMDAwMDAwfX0=","dependencies":["module.network.data.openstack_networking_network_v2.loc_net","module.network.data.openstack_networking_subnet_v2.loc_net_sn"]},{"index_key":1,"schema_version":0,"attributes":{"admin_state_up":true,"all_fixed_ips":["172.25.0.7"],"all_security_group_ids":["12bdfa41-21c6-407b-b302-48bb28dc40bc"],"all_tags":[],"allowed_address_pairs":[],"binding":[{"host_id":"","profile":"","vif_details":{},"vif_type":"","vnic_type":"normal"}],"description":"","device_id":"","device_owner":"","dns_assignment":[],"dns_name":"","extra_dhcp_option":[],"fixed_ip":[{"ip_address":"172.25.0.7","subnet_id":"a493176c-1d52-432f-b8f6-fe430c302c80"}],"id":"2c9fb195-7f2c-45eb-a099-c7cfd85689e0","mac_address":"fa:16:3e:c8:4a:f3","name":"","network_id":"7d6433a1-9c68-4f6a-92fa-e830d4a387f6","no_fixed_ip":null,"no_security_groups":null,"port_security_enabled":true,"qos_policy_id":"","region":"GRA11","security_group_ids":null,"tags":null,"tenant_id":"be8041a7fdd040bd8f9661be1c6cfbed","timeouts":null,"value_specs":null},"sensitive_attributes":[],"private":"eyJlMmJmYjczMC1lY2FhLTExZTYtOGY4OC0zNDM2M2JjN2M0YzAiOnsiY3JlYXRlIjo2MDAwMDAwMDAwMDAsImRlbGV0ZSI6NjAwMDAwMDAwMDAwfX0=","dependencies":["module.network.data.openstack_networking_network_v2.loc_net","module.network.data.openstack_networking_subnet_v2.loc_net_sn"]},{"index_key":2,"schema_version":0,"attributes":{"admin_state_up":true,"all_fixed_ips":["172.25.0.8"],"all_security_group_ids":["12bdfa41-21c6-407b-b302-48bb28dc40bc"],"all_tags":[],"allowed_address_pairs":[],"binding":[{"host_id":"","profile":"","vif_details":{},"vif_type":"","vnic_type":"normal"}],"description":"","device_id":"","device_owner":"","dns_assignment":[],"dns_name":"","extra_dhcp_option":[],"fixed_ip":[{"ip_address":"172.25.0.8","subnet_id":"a493176c-1d52-432f-b8f6-fe430c302c80"}],"id":"59b07734-5dc2-4c52-9bbd-542f1d31a9e0","mac_address":"fa:16:3e:89:e6:20","name":"","network_id":"7d6433a1-9c68-4f6a-92fa-e830d4a387f6","no_fixed_ip":null,"no_security_groups":null,"port_security_enabled":true,"qos_policy_id":"","region":"GRA11","security_group_ids":null,"tags":null,"tenant_id":"be8041a7fdd040bd8f9661be1c6cfbed","timeouts":null,"value_specs":null},"sensitive_attributes":[],"private":"eyJlMmJmYjczMC1lY2FhLTExZTYtOGY4OC0zNDM2M2JjN2M0YzAiOnsiY3JlYXRlIjo2MDAwMDAwMDAwMDAsImRlbGV0ZSI6NjAwMDAwMDAwMDAwfX0=","dependencies":["module.network.data.openstack_networking_network_v2.loc_net","module.network.data.openstack_networking_subnet_v2.loc_net_sn"]}]},{"module":"module.network","mode":"data","type":"openstack_networking_network_v2","name":"ext_net","provider":"provider[\"registry.opentofu.org/terraform-provider-openstack/openstack\"]","instances":[{"schema_version":0,"attributes":{"admin_state_up":"true","all_tags":[],"availability_zone_hints":[],"description":"","dns_domain":"","external":true,"id":"bcf59eb2-9d83-41cc-b4f5-0435ed594833","matching_subnet_cidr":null,"mtu":1500,"name":"Ext-Net","network_id":null,"region":"GRA11","segments":[{"network_type":"bgp","physical_network":"","segmentation_id":40510}],"shared":"true","status":null,"subnets":["fe0b20dc-f342-437e-9d01-086aa32648cf","1baedac3-209b-4fe7-8783-f3b4019abc1f","8b9c9994-e1a2-4715-936f-03ce85c13e69","a535b30a-ad3d-41a9-bd9e-4b2820fada25","236760fc-fda9-43ae-8243-7d9b79d07781","d05d870d-64fa-427e-ba9d-61d08a5d2eac","5920c78c-b7d6-423f-b3c7-479535806e93","8f90c754-f3a8-481a-8e5c-30d2067d4f22","c598cf8e-117d-4972-a9ec-6809ba30d477","a46a7587-c5f3-4c8b-a4d3-0c19d8cabef9","f7bb4436-be46-488c-a7a8-5c989c0b2686","1d620ea4-0c90-4f1f-bcae-a7607a139172","3fdc0ff4-ea9a-43a2-b6ec-e3f7019ea7b7","9b95913f-6b24-4980-bb7f-33c04c336466","8c7f0562-c94c-4729-879c-970cfe3ba1d3","c4fd9960-0c56-418c-b78f-7dd594aee280","fce41fb0-92b6-4623-a96f-a39d9d75d6cc","1aeed027-f557-4b8b-a092-f881aaeb8fba","88af409f-9995-415e-b098-628d6a1bd76e","bb16ebf7-51bb-4c37-8806-7ff9c4f7a450","f7f6d5c2-41b1-493c-b211-acd6f2e461dd","134f2b5d-ea6b-408f-b5fe-ebd8f3b89468","72184b96-692a-4173-9bbd-397c52f96c38","9f6bb2cc-d88e-49aa-ad45-0cd40303f8e8","f31166d3-cec3-4b22-9950-86705c8b6196","1cdd4808-01a8-4a7b-99da-8112ad1914e8","38c8a49f-adfe-4150-87c9-8d50415a71ee","965cb0b3-112e-4c37-8bcc-d8598afcb2c7","11f90c98-aa44-42b2-b526-8d5fab6d170f","70c6f2fb-e68f-47df-aaea-c7fd769e7553","b393244f-1ab6-410e-a436-bb2e5e6ce37b","2b1e99e4-6ae4-4c13-8982-15749e04b519","e99320b0-a823-4cbc-a5fc-087a05c4cff9","667a3609-961b-4ecf-a027-7c5d9da8b7bf","369aee56-1045-4f07-a787-1570b7391f1e","961969f6-99d5-43ef-9aae-f674f7ee4351","b8b6c08b-7a93-4a3f-91f2-3ee15aadd0fa","d8117a74-9aca-48ec-aabe-57df06324d33","5bd8cbcf-2525-43f4-90b7-9f171bc390f7","935f596d-a749-4ed6-adf8-2db446160333","b486ea8c-9cb8-4dd5-b868-3bab97b21450","ff70fe94-08ec-4a32-a4c1-e5e42db81c98","085ae2a3-9308-474a-9d2b-c5b49c619d71","66ad915a-05ae-4004-9bc4-a061294a8848","aaef7221-b36f-4df0-a4e8-2bc33296013a","25628d20-5a5d-4564-8fbc-b56c2001f8ca","fe899476-9f2b-4f9f-9b75-48d05ec243e8","1c37b2a1-2562-4377-9e4f-180e04ce90d1","8c3e8570-6159-4b35-8f5e-cc8b6fd3a942","0767d079-641d-490b-9300-eeb16e20fd50","a94538b4-f34a-47c4-8509-20587aef2938","d2303b1e-2765-48f4-8514-c1c30f96cd28","59a21845-b162-4c3d-9e81-22849eaac942","9006ed3d-b345-49ac-86df-a185fa621f92","ce3e4cbc-6b2d-44b9-8534-f894a1ba0638","1f0d918b-370f-4a74-9bae-b3c41fabc390","ced432b8-62e2-41df-acd2-b256223631df","3b1728e3-ccf8-429d-9a15-692c3ce55a56","98e0ed71-518f-4408-af29-6373fa8eb1e0","be0ac3b6-9be2-4cc6-a9a8-f8cd32fcbd8d","f8a6d80e-39ac-4d8f-9719-366d5780161f","14436515-5978-4eb8-b499-73ac7837fc10","7ab06df9-14bc-4488-98d9-02331643fee2","a3adacd6-09c9-4103-b2a4-cb5c337a19a6","f4334b95-899b-49a1-a6ec-c2f543376d3a","32fcbe72-f045-44a8-85ce-7caa381985bf","da2cc687-5bc6-427b-aac2-9213f8e46bfb","61959f8e-c63c-4518-b3c0-2c703950804e","94b129d1-1634-43f8-92ce-032d91464b75","b88bbcff-3a34-44cd-acd8-5c73d7340f05","0febb510-084c-4af4-98be-2f142106175d","69ab39f6-924e-44e4-a659-b3796ed66db8","b106311e-8325-4b05-80f7-860523c780cb","24002060-606e-4e26-9826-f25ea60ed5c5"],"tags":null,"tenant_id":"9386d7837e514fc080082efe4892af59","transparent_vlan":false},"sensitive_attributes":[]}]},{"module":"module.network","mode":"data","type":"openstack_networking_network_v2","name":"loc_net","provider":"provider[\"registry.opentofu.org/terraform-provider-openstack/openstack\"]","instances":[{"schema_version":0,"attributes":{"admin_state_up":"true","all_tags":[],"availability_zone_hints":[],"description":"","dns_domain":"","external":false,"id":"7d6433a1-9c68-4f6a-92fa-e830d4a387f6","matching_subnet_cidr":null,"mtu":1500,"name":"otvl-test-net","network_id":null,"region":"GRA11","segments":[{"network_type":"vrack","physical_network":"","segmentation_id":1700}],"shared":"false","status":null,"subnets":["a493176c-1d52-432f-b8f6-fe430c302c80"],"tags":null,"tenant_id":"be8041a7fdd040bd8f9661be1c6cfbed","transparent_vlan":false},"sensitive_attributes":[]}]},{"module":"module.network","mode":"data","type":"openstack_networking_subnet_v2","name":"loc_net_sn","provider":"provider[\"registry.opentofu.org/terraform-provider-openstack/openstack\"]","instances":[{"schema_version":0,"attributes":{"all_tags":[],"allocation_pools":[{"end":"172.25.0.14","start":"172.25.0.2"}],"cidr":"172.25.0.0/28","description":"","dhcp_enabled":null,"dns_nameservers":[],"dns_publish_fixed_ip":false,"enable_dhcp":true,"gateway_ip":"172.25.0.1","host_routes":[],"id":"a493176c-1d52-432f-b8f6-fe430c302c80","ip_version":4,"ipv6_address_mode":"","ipv6_ra_mode":"","name":"otvl-test-net","network_id":"7d6433a1-9c68-4f6a-92fa-e830d4a387f6","region":"GRA11","service_types":[],"subnet_id":null,"subnetpool_id":"","tags":null,"tenant_id":"be8041a7fdd040bd8f9661be1c6cfbed"},"sensitive_attributes":[]}]},{"module":"module.network","mode":"managed","type":"openstack_networking_secgroup_rule_v2","name":"ext_http","provider":"provider[\"registry.opentofu.org/terraform-provider-openstack/openstack\"]","instances":[{"schema_version":0,"attributes":{"description":"","direction":"ingress","ethertype":"IPv4","id":"128cc110-f445-422d-9495-1d16ab29e679","port_range_max":80,"port_range_min":80,"protocol":"tcp","region":"GRA11","remote_group_id":"","remote_ip_prefix":"0.0.0.0/0","security_group_id":"4763790c-a610-4064-bb31-555b7b9bf287","tenant_id":"be8041a7fdd040bd8f9661be1c6cfbed","timeouts":null},"sensitive_attributes":[],"private":"eyJlMmJmYjczMC1lY2FhLTExZTYtOGY4OC0zNDM2M2JjN2M0YzAiOnsiZGVsZXRlIjo2MDAwMDAwMDAwMDB9fQ==","dependencies":["module.network.openstack_networking_secgroup_v2.ext"]}]},{"module":"module.network","mode":"managed","type":"openstack_networking_secgroup_rule_v2","name":"ext_https","provider":"provider[\"registry.opentofu.org/terraform-provider-openstack/openstack\"]","instances":[{"schema_version":0,"attributes":{"description":"","direction":"ingress","ethertype":"IPv4","id":"9ba5f392-e277-4126-bcd9-c9cc8f537075","port_range_max":443,"port_range_min":443,"protocol":"tcp","region":"GRA11","remote_group_id":"","remote_ip_prefix":"0.0.0.0/0","security_group_id":"4763790c-a610-4064-bb31-555b7b9bf287","tenant_id":"be8041a7fdd040bd8f9661be1c6cfbed","timeouts":null},"sensitive_attributes":[],"private":"eyJlMmJmYjczMC1lY2FhLTExZTYtOGY4OC0zNDM2M2JjN2M0YzAiOnsiZGVsZXRlIjo2MDAwMDAwMDAwMDB9fQ==","dependencies":["module.network.openstack_networking_secgroup_v2.ext"]}]},{"module":"module.network","mode":"managed","type":"openstack_networking_secgroup_rule_v2","name":"ext_ssh","provider":"provider[\"registry.opentofu.org/terraform-provider-openstack/openstack\"]","instances":[{"index_key":0,"schema_version":0,"attributes":{"description":"","direction":"ingress","ethertype":"IPv4","id":"a93a5390-063a-49d6-b897-96167302a501","port_range_max":22,"port_range_min":22,"protocol":"tcp","region":"GRA11","remote_group_id":"","remote_ip_prefix":"0.0.0.0/0","security_group_id":"4763790c-a610-4064-bb31-555b7b9bf287","tenant_id":"be8041a7fdd040bd8f9661be1c6cfbed","timeouts":null},"sensitive_attributes":[],"private":"eyJlMmJmYjczMC1lY2FhLTExZTYtOGY4OC0zNDM2M2JjN2M0YzAiOnsiZGVsZXRlIjo2MDAwMDAwMDAwMDB9fQ==","dependencies":["module.network.openstack_networking_secgroup_v2.ext"]}]},{"module":"module.network","mode":"managed","type":"openstack_networking_secgroup_rule_v2","name":"ext_ssh6","provider":"provider[\"registry.opentofu.org/terraform-provider-openstack/openstack\"]","instances":[{"index_key":0,"schema_version":0,"attributes":{"description":"","direction":"ingress","ethertype":"IPv6","id":"b58b95c6-f5f9-4bf8-87da-d9d092dbb567","port_range_max":22,"port_range_min":22,"protocol":"tcp","region":"GRA11","remote_group_id":"","remote_ip_prefix":"::/0","security_group_id":"4763790c-a610-4064-bb31-555b7b9bf287","tenant_id":"be8041a7fdd040bd8f9661be1c6cfbed","timeouts":null},"sensitive_attributes":[],"private":"eyJlMmJmYjczMC1lY2FhLTExZTYtOGY4OC0zNDM2M2JjN2M0YzAiOnsiZGVsZXRlIjo2MDAwMDAwMDAwMDB9fQ==","dependencies":["module.network.openstack_networking_secgroup_v2.ext"]}]},{"module":"module.network","mode":"managed","type":"openstack_networking_secgroup_v2","name":"ext","provider":"provider[\"registry.opentofu.org/terraform-provider-openstack/openstack\"]","instances":[{"schema_version":0,"attributes":{"all_tags":[],"delete_default_rules":null,"description":"","id":"4763790c-a610-4064-bb31-555b7b9bf287","name":"otvl-test-hosting-sg","region":"GRA11","stateful":false,"tags":null,"tenant_id":"be8041a7fdd040bd8f9661be1c6cfbed","timeouts":null},"sensitive_attributes":[],"private":"eyJlMmJmYjczMC1lY2FhLTExZTYtOGY4OC0zNDM2M2JjN2M0YzAiOnsiZGVsZXRlIjo2MDAwMDAwMDAwMDB9fQ=="}]}],"check_results":null}
