{"version":4,"terraform_version":"1.9.0","serial":295,"lineage":"24932a4e-6ad9-7424-e03e-c39d2b3ce2f5","outputs":{"ipv4s":{"value":[["5.196.191.137","172.25.0.7"],["5.196.191.34","172.25.0.10"]],"type":["tuple",[["tuple",["string","string"]],["tuple",["string","string"]]]]}},"resources":[{"module":"module.compute.module.instances","mode":"managed","type":"openstack_blockstorage_volume_v3","name":"volumes","provider":"provider[\"registry.opentofu.org/terraform-provider-openstack/openstack\"]","instances":[{"index_key":0,"schema_version":0,"attributes":{"attachment":[],"availability_zone":"nova","backup_id":"","consistency_group_id":null,"description":"","enable_online_resize":null,"id":"0e18a795-ba2d-49cb-b508-beb116f73949","image_id":null,"metadata":{},"name":"t-sk3s-sv","region":"GRA11","scheduler_hints":[],"size":20,"snapshot_id":"","source_replica":null,"source_vol_id":"","timeouts":null,"volume_type":"classic"},"sensitive_attributes":[],"private":"eyJlMmJmYjczMC1lY2FhLTExZTYtOGY4OC0zNDM2M2JjN2M0YzAiOnsiY3JlYXRlIjo2MDAwMDAwMDAwMDAsImRlbGV0ZSI6NjAwMDAwMDAwMDAwfX0="}]},{"module":"module.network","mode":"data","type":"openstack_networking_network_v2","name":"ext_net","provider":"provider[\"registry.opentofu.org/terraform-provider-openstack/openstack\"]","instances":[{"schema_version":0,"attributes":{"admin_state_up":"true","all_tags":[],"availability_zone_hints":[],"description":"","dns_domain":"","external":true,"id":"bcf59eb2-9d83-41cc-b4f5-0435ed594833","matching_subnet_cidr":null,"mtu":1500,"name":"Ext-Net","network_id":null,"region":"GRA11","segments":[{"network_type":"bgp","physical_network":"","segmentation_id":40510}],"shared":"true","status":null,"subnets":["369aee56-1045-4f07-a787-1570b7391f1e","1c37b2a1-2562-4377-9e4f-180e04ce90d1","f31166d3-cec3-4b22-9950-86705c8b6196","a46a7587-c5f3-4c8b-a4d3-0c19d8cabef9","0767d079-641d-490b-9300-eeb16e20fd50","70c6f2fb-e68f-47df-aaea-c7fd769e7553","8c7f0562-c94c-4729-879c-970cfe3ba1d3","32fcbe72-f045-44a8-85ce-7caa381985bf","ce3e4cbc-6b2d-44b9-8534-f894a1ba0638","98e0ed71-518f-4408-af29-6373fa8eb1e0","69ab39f6-924e-44e4-a659-b3796ed66db8","25628d20-5a5d-4564-8fbc-b56c2001f8ca","c598cf8e-117d-4972-a9ec-6809ba30d477","61959f8e-c63c-4518-b3c0-2c703950804e","1aeed027-f557-4b8b-a092-f881aaeb8fba","da2cc687-5bc6-427b-aac2-9213f8e46bfb","a3adacd6-09c9-4103-b2a4-cb5c337a19a6","ff70fe94-08ec-4a32-a4c1-e5e42db81c98","24002060-606e-4e26-9826-f25ea60ed5c5","be0ac3b6-9be2-4cc6-a9a8-f8cd32fcbd8d","59a21845-b162-4c3d-9e81-22849eaac942","b486ea8c-9cb8-4dd5-b868-3bab97b21450","14436515-5978-4eb8-b499-73ac7837fc10","d8117a74-9aca-48ec-aabe-57df06324d33","9b95913f-6b24-4980-bb7f-33c04c336466","8c3e8570-6159-4b35-8f5e-cc8b6fd3a942","961969f6-99d5-43ef-9aae-f674f7ee4351","667a3609-961b-4ecf-a027-7c5d9da8b7bf","11f90c98-aa44-42b2-b526-8d5fab6d170f","8b9c9994-e1a2-4715-936f-03ce85c13e69","94b129d1-1634-43f8-92ce-032d91464b75","fe0b20dc-f342-437e-9d01-086aa32648cf","1f0d918b-370f-4a74-9bae-b3c41fabc390","b8b6c08b-7a93-4a3f-91f2-3ee15aadd0fa","5920c78c-b7d6-423f-b3c7-479535806e93","f7f6d5c2-41b1-493c-b211-acd6f2e461dd","b393244f-1ab6-410e-a436-bb2e5e6ce37b","7ab06df9-14bc-4488-98d9-02331643fee2","9006ed3d-b345-49ac-86df-a185fa621f92","d05d870d-64fa-427e-ba9d-61d08a5d2eac","fce41fb0-92b6-4623-a96f-a39d9d75d6cc","1d620ea4-0c90-4f1f-bcae-a7607a139172","3b1728e3-ccf8-429d-9a15-692c3ce55a56","f7bb4436-be46-488c-a7a8-5c989c0b2686","a94538b4-f34a-47c4-8509-20587aef2938","0febb510-084c-4af4-98be-2f142106175d","38c8a49f-adfe-4150-87c9-8d50415a71ee","a535b30a-ad3d-41a9-bd9e-4b2820fada25","72184b96-692a-4173-9bbd-397c52f96c38","8f90c754-f3a8-481a-8e5c-30d2067d4f22","ced432b8-62e2-41df-acd2-b256223631df","2b1e99e4-6ae4-4c13-8982-15749e04b519","1baedac3-209b-4fe7-8783-f3b4019abc1f","e99320b0-a823-4cbc-a5fc-087a05c4cff9","66ad915a-05ae-4004-9bc4-a061294a8848","c4fd9960-0c56-418c-b78f-7dd594aee280","5bd8cbcf-2525-43f4-90b7-9f171bc390f7","9f6bb2cc-d88e-49aa-ad45-0cd40303f8e8","965cb0b3-112e-4c37-8bcc-d8598afcb2c7","f8a6d80e-39ac-4d8f-9719-366d5780161f","134f2b5d-ea6b-408f-b5fe-ebd8f3b89468","fe899476-9f2b-4f9f-9b75-48d05ec243e8","236760fc-fda9-43ae-8243-7d9b79d07781","88af409f-9995-415e-b098-628d6a1bd76e","935f596d-a749-4ed6-adf8-2db446160333","d2303b1e-2765-48f4-8514-c1c30f96cd28","b88bbcff-3a34-44cd-acd8-5c73d7340f05","3fdc0ff4-ea9a-43a2-b6ec-e3f7019ea7b7","b106311e-8325-4b05-80f7-860523c780cb","1cdd4808-01a8-4a7b-99da-8112ad1914e8","f4334b95-899b-49a1-a6ec-c2f543376d3a","085ae2a3-9308-474a-9d2b-c5b49c619d71"],"tags":null,"tenant_id":"9386d7837e514fc080082efe4892af59","transparent_vlan":false},"sensitive_attributes":[]}]},{"module":"module.network","mode":"data","type":"openstack_networking_network_v2","name":"loc_net","provider":"provider[\"registry.opentofu.org/terraform-provider-openstack/openstack\"]","instances":[{"schema_version":0,"attributes":{"admin_state_up":"true","all_tags":[],"availability_zone_hints":[],"description":"","dns_domain":"","external":false,"id":"7d6433a1-9c68-4f6a-92fa-e830d4a387f6","matching_subnet_cidr":null,"mtu":1500,"name":"otvl-test-net","network_id":null,"region":"GRA11","segments":[{"network_type":"vrack","physical_network":"","segmentation_id":1700}],"shared":"false","status":null,"subnets":["a493176c-1d52-432f-b8f6-fe430c302c80"],"tags":null,"tenant_id":"be8041a7fdd040bd8f9661be1c6cfbed","transparent_vlan":false},"sensitive_attributes":[]}]},{"module":"module.network","mode":"data","type":"openstack_networking_subnet_v2","name":"loc_net_sn","provider":"provider[\"registry.opentofu.org/terraform-provider-openstack/openstack\"]","instances":[{"schema_version":0,"attributes":{"all_tags":[],"allocation_pools":[{"end":"172.25.0.14","start":"172.25.0.2"}],"cidr":"172.25.0.0/28","description":"","dhcp_enabled":null,"dns_nameservers":[],"dns_publish_fixed_ip":false,"enable_dhcp":true,"gateway_ip":"172.25.0.1","host_routes":[],"id":"a493176c-1d52-432f-b8f6-fe430c302c80","ip_version":4,"ipv6_address_mode":"","ipv6_ra_mode":"","name":"otvl-test-net","network_id":"7d6433a1-9c68-4f6a-92fa-e830d4a387f6","region":"GRA11","service_types":[],"subnet_id":null,"subnetpool_id":"","tags":null,"tenant_id":"be8041a7fdd040bd8f9661be1c6cfbed"},"sensitive_attributes":[]}]}],"check_results":null}
