{"version":4,"terraform_version":"1.9.0","serial":260,"lineage":"0833ab12-9a33-12ae-67d9-fd337845d919","outputs":{"ipv4s":{"value":[["57.128.55.214"],["57.128.55.14"],["57.128.55.7"],["57.128.55.129"]],"type":["tuple",[["tuple",["string"]],["tuple",["string"]],["tuple",["string"]],["tuple",["string"]]]]}},"resources":[{"module":"module.compute.module.instances","mode":"managed","type":"openstack_blockstorage_volume_v3","name":"volumes","provider":"provider[\"registry.opentofu.org/terraform-provider-openstack/openstack\"]","instances":[{"index_key":0,"schema_version":0,"attributes":{"attachment":[{"device":"/dev/sdb","id":"6def30d1-90ef-4d75-a904-d5219338d6dc","instance_id":"d02d2029-f934-4c5a-ab47-0a91197c7623"}],"availability_zone":"nova","backup_id":"","consistency_group_id":null,"description":"","enable_online_resize":null,"id":"6def30d1-90ef-4d75-a904-d5219338d6dc","image_id":null,"metadata":{},"name":"t-sk3s-sv","region":"GRA9","scheduler_hints":[],"size":50,"snapshot_id":"","source_replica":null,"source_vol_id":"","timeouts":null,"volume_type":"classic"},"sensitive_attributes":[],"private":"eyJlMmJmYjczMC1lY2FhLTExZTYtOGY4OC0zNDM2M2JjN2M0YzAiOnsiY3JlYXRlIjo2MDAwMDAwMDAwMDAsImRlbGV0ZSI6NjAwMDAwMDAwMDAwfX0="}]},{"module":"module.compute.module.instances","mode":"managed","type":"openstack_compute_instance_v2","name":"instances","provider":"provider[\"registry.opentofu.org/terraform-provider-openstack/openstack\"]","instances":[{"index_key":0,"schema_version":0,"attributes":{"access_ip_v4":"57.128.55.214","access_ip_v6":"[2001:41d0:304:400::2937]","admin_pass":null,"all_metadata":{"groups":"docker_run_group build_server_group","otvl_meta":"otvl_test build"},"all_tags":[],"availability_zone":"nova","availability_zone_hints":null,"block_device":[],"config_drive":null,"created":"2025-12-13 16:57:40 +0000 UTC","flavor_id":"da08411a-14f4-4ce1-842d-ca159a68d834","flavor_name":"d2-8","force_delete":false,"id":"1ff582af-55dd-4af8-acc6-dc7db49346dd","image_id":"45473b31-adbc-45ff-babc-5f752406d395","image_name":"Debian 13","key_pair":"otvl-test-devops-hosting-key","metadata":{"groups":"docker_run_group build_server_group","otvl_meta":"otvl_test build"},"name":"t-build7","network":[{"access_network":false,"fixed_ip_v4":"57.128.55.214","fixed_ip_v6":"[2001:41d0:304:400::2937]","mac":"fa:16:3e:48:7a:54","name":"Ext-Net","port":"5bbdfe04-115f-4626-bd1d-b6b82f3ae106","uuid":"b2c02fdc-ffdf-40f6-9722-533bd7058c06"}],"network_mode":null,"personality":[],"power_state":"active","region":"GRA9","scheduler_hints":[],"security_groups":["otvl-test-hosting-sg"],"stop_before_destroy":false,"tags":[],"timeouts":null,"updated":"2025-12-13 16:58:21 +0000 UTC","user_data":"f40104822cad320cd0b239c79d5588ce419c642d","vendor_options":[]},"sensitive_attributes":[[{"type":"get_attr","value":"admin_pass"}]],"private":"eyJlMmJmYjczMC1lY2FhLTExZTYtOGY4OC0zNDM2M2JjN2M0YzAiOnsiY3JlYXRlIjoxODAwMDAwMDAwMDAwLCJkZWxldGUiOjE4MDAwMDAwMDAwMDAsInVwZGF0ZSI6MTgwMDAwMDAwMDAwMH19","dependencies":["module.compute.module.instances.openstack_compute_keypair_v2.this","module.compute.module.instances.openstack_networking_port_v2.ext","module.network.data.openstack_networking_network_v2.ext_net","module.network.openstack_networking_secgroup_v2.ext"]},{"index_key":1,"schema_version":0,"attributes":{"access_ip_v4":"57.128.55.14","access_ip_v6":"[2001:41d0:304:400::35a1]","admin_pass":null,"all_metadata":{"groups":"sk3s_group images_builder_group","otvl_meta":"otvl_test k3s_server dv_ide ows_server ows_synchro"},"all_tags":[],"availability_zone":"nova","availability_zone_hints":null,"block_device":[],"config_drive":null,"created":"2025-12-13 16:57:39 +0000 UTC","flavor_id":"da08411a-14f4-4ce1-842d-ca159a68d834","flavor_name":"d2-8","force_delete":false,"id":"d02d2029-f934-4c5a-ab47-0a91197c7623","image_id":"45473b31-adbc-45ff-babc-5f752406d395","image_name":"Debian 13","key_pair":"otvl-test-devops-hosting-key","metadata":{"groups":"sk3s_group images_builder_group","otvl_meta":"otvl_test k3s_server dv_ide ows_server ows_synchro"},"name":"t-sk3s-sv","network":[{"access_network":false,"fixed_ip_v4":"57.128.55.14","fixed_ip_v6":"[2001:41d0:304:400::35a1]","mac":"fa:16:3e:c3:95:89","name":"Ext-Net","port":"194a874b-bb0c-42c9-8f81-01ce16db9653","uuid":"b2c02fdc-ffdf-40f6-9722-533bd7058c06"}],"network_mode":null,"personality":[],"power_state":"active","region":"GRA9","scheduler_hints":[],"security_groups":["otvl-test-hosting-sg"],"stop_before_destroy":false,"tags":[],"timeouts":null,"updated":"2025-12-13 16:58:19 +0000 UTC","user_data":"f828f20c45f154cf194674ea079de12f55c6468e","vendor_options":[]},"sensitive_attributes":[[{"type":"get_attr","value":"admin_pass"}]],"private":"eyJlMmJmYjczMC1lY2FhLTExZTYtOGY4OC0zNDM2M2JjN2M0YzAiOnsiY3JlYXRlIjoxODAwMDAwMDAwMDAwLCJkZWxldGUiOjE4MDAwMDAwMDAwMDAsInVwZGF0ZSI6MTgwMDAwMDAwMDAwMH19","dependencies":["module.compute.module.instances.openstack_compute_keypair_v2.this","module.compute.module.instances.openstack_networking_port_v2.ext","module.network.data.openstack_networking_network_v2.ext_net","module.network.openstack_networking_secgroup_v2.ext"]},{"index_key":2,"schema_version":0,"attributes":{"access_ip_v4":"57.128.55.7","access_ip_v6":"[2001:41d0:304:400::19e4]","admin_pass":null,"all_metadata":{"groups":"sk3s_group","otvl_meta":"otvl_test k3s_agent"},"all_tags":[],"availability_zone":"nova","availability_zone_hints":null,"block_device":[],"config_drive":null,"created":"2025-12-13 16:57:40 +0000 UTC","flavor_id":"da08411a-14f4-4ce1-842d-ca159a68d834","flavor_name":"d2-8","force_delete":false,"id":"eaa495ac-bf9e-4e09-b9de-08bd37152e82","image_id":"45473b31-adbc-45ff-babc-5f752406d395","image_name":"Debian 13","key_pair":"otvl-test-devops-hosting-key","metadata":{"groups":"sk3s_group","otvl_meta":"otvl_test k3s_agent"},"name":"t-sk3s-ag1","network":[{"access_network":false,"fixed_ip_v4":"57.128.55.7","fixed_ip_v6":"[2001:41d0:304:400::19e4]","mac":"fa:16:3e:69:3e:1f","name":"Ext-Net","port":"5218f72e-549f-4391-9ad8-dff30688f4d7","uuid":"b2c02fdc-ffdf-40f6-9722-533bd7058c06"}],"network_mode":null,"personality":[],"power_state":"active","region":"GRA9","scheduler_hints":[],"security_groups":["otvl-test-hosting-sg"],"stop_before_destroy":false,"tags":[],"timeouts":null,"updated":"2025-12-13 16:58:28 +0000 UTC","user_data":"790433530ae4ef28621e18d398a400c0745dcbb8","vendor_options":[]},"sensitive_attributes":[[{"type":"get_attr","value":"admin_pass"}]],"private":"eyJlMmJmYjczMC1lY2FhLTExZTYtOGY4OC0zNDM2M2JjN2M0YzAiOnsiY3JlYXRlIjoxODAwMDAwMDAwMDAwLCJkZWxldGUiOjE4MDAwMDAwMDAwMDAsInVwZGF0ZSI6MTgwMDAwMDAwMDAwMH19","dependencies":["module.compute.module.instances.openstack_compute_keypair_v2.this","module.compute.module.instances.openstack_networking_port_v2.ext","module.network.data.openstack_networking_network_v2.ext_net","module.network.openstack_networking_secgroup_v2.ext"]},{"index_key":3,"schema_version":0,"attributes":{"access_ip_v4":"57.128.55.129","access_ip_v6":"[2001:41d0:304:400::2314]","admin_pass":null,"all_metadata":{"groups":"sk3s_group","otvl_meta":"otvl_test k3s_agent has_gpu"},"all_tags":[],"availability_zone":"nova","availability_zone_hints":null,"block_device":[],"config_drive":null,"created":"2025-12-14 09:05:31 +0000 UTC","flavor_id":"c5708c95-f450-43c3-8b56-7d498e7b5d07","flavor_name":"rtx5000-28","force_delete":false,"id":"1cd9177b-75e9-4fb7-90e0-1f7e218f3b90","image_id":"45473b31-adbc-45ff-babc-5f752406d395","image_name":"Debian 13","key_pair":"otvl-test-devops-hosting-key","metadata":{"groups":"sk3s_group","otvl_meta":"otvl_test k3s_agent has_gpu"},"name":"t-sk3s-agpu","network":[{"access_network":false,"fixed_ip_v4":"57.128.55.129","fixed_ip_v6":"[2001:41d0:304:400::2314]","mac":"fa:16:3e:e5:f7:75","name":"Ext-Net","port":"5b949cd3-deb0-456e-a0dc-0d5ae307f009","uuid":"b2c02fdc-ffdf-40f6-9722-533bd7058c06"}],"network_mode":null,"personality":[],"power_state":"active","region":"GRA9","scheduler_hints":[],"security_groups":["otvl-test-hosting-sg"],"stop_before_destroy":false,"tags":null,"timeouts":null,"updated":"2025-12-14 09:06:58 +0000 UTC","user_data":"0e584c2c1fd9baff0a7ae74d3605b8cae059dbc4","vendor_options":[]},"sensitive_attributes":[[{"type":"get_attr","value":"admin_pass"}]],"private":"eyJlMmJmYjczMC1lY2FhLTExZTYtOGY4OC0zNDM2M2JjN2M0YzAiOnsiY3JlYXRlIjoxODAwMDAwMDAwMDAwLCJkZWxldGUiOjE4MDAwMDAwMDAwMDAsInVwZGF0ZSI6MTgwMDAwMDAwMDAwMH19","dependencies":["module.compute.module.instances.openstack_compute_keypair_v2.this","module.compute.module.instances.openstack_networking_port_v2.ext","module.network.data.openstack_networking_network_v2.ext_net","module.network.openstack_networking_secgroup_v2.ext"]}]},{"module":"module.compute.module.instances","mode":"managed","type":"openstack_compute_keypair_v2","name":"this","provider":"provider[\"registry.opentofu.org/terraform-provider-openstack/openstack\"]","instances":[{"schema_version":0,"attributes":{"fingerprint":"58:87:f9:67:e2:08:1e:18:ba:3c:fe:58:45:82:cd:b1","id":"otvl-test-devops-hosting-key","name":"otvl-test-devops-hosting-key","private_key":"","public_key":"ssh-rsa AAAAB3NzaC1yc2EAAAADAQABAAABgQCKbC/+FKpBN5Zn4+FPOpsLDWsVriPc+dIjzcP45my2BROfZ4DxY7P/QL8oMd7pFg/PzFBbf8eTAVYXEOLJ9veAoDa9weFEAK6LfJRuuSGBuxahWX64r2+tMjG6OBEmYQX+NNjEs9zpLIKqvUsM8/peKBEGRVVaS+FIrnBaFl3zpmQorI7SAvDEW2l1L6FiYpS0426n1yBdSVRPICy+QEUznl+6EsbK0OI5ZSyID1YSLFZ007aYxdm0NJxS1So+K+zWulpgeMDV9S7ht8kR+hxGTC15g/DZmP3GYaBEO9E9zUIZUBe+BZjHIN05KAM6YqK8ig6Z4Zi8LXfdFYzHTY4K8SQkj/REuz9wsJxsuSQuBn8Dhk5WrguiKTF+qb+cCdef8yYUyG8SkZ9Rs84BusGhamLkpQAV9AH3HCSxyZzvJB5kDGoo/xHZmrWQbTbn68LHjwji1O6vRg0gzEgXHu6DITTt1FP8QkqcEo4WL6S6cp0TSRA1kD10X2y11XbVCnc=","region":"GRA9","user_id":"","value_specs":null},"sensitive_attributes":[[{"type":"get_attr","value":"private_key"}]],"private":"bnVsbA=="}]},{"module":"module.compute.module.instances","mode":"managed","type":"openstack_compute_volume_attach_v2","name":"volatts","provider":"provider[\"registry.opentofu.org/terraform-provider-openstack/openstack\"]","instances":[{"index_key":0,"schema_version":0,"attributes":{"device":"/dev/sdb","id":"d02d2029-f934-4c5a-ab47-0a91197c7623/6def30d1-90ef-4d75-a904-d5219338d6dc","instance_id":"d02d2029-f934-4c5a-ab47-0a91197c7623","multiattach":null,"region":"GRA9","tag":null,"timeouts":null,"vendor_options":[],"volume_id":"6def30d1-90ef-4d75-a904-d5219338d6dc"},"sensitive_attributes":[],"private":"eyJlMmJmYjczMC1lY2FhLTExZTYtOGY4OC0zNDM2M2JjN2M0YzAiOnsiY3JlYXRlIjo2MDAwMDAwMDAwMDAsImRlbGV0ZSI6NjAwMDAwMDAwMDAwfX0=","dependencies":["module.compute.module.instances.openstack_blockstorage_volume_v3.volumes","module.compute.module.instances.openstack_compute_instance_v2.instances","module.compute.module.instances.openstack_compute_keypair_v2.this","module.compute.module.instances.openstack_networking_port_v2.ext","module.network.data.openstack_networking_network_v2.ext_net","module.network.openstack_networking_secgroup_v2.ext"]}]},{"module":"module.compute.module.instances","mode":"managed","type":"openstack_networking_port_v2","name":"ext","provider":"provider[\"registry.opentofu.org/terraform-provider-openstack/openstack\"]","instances":[{"index_key":0,"schema_version":0,"attributes":{"admin_state_up":true,"all_fixed_ips":["2001:41d0:304:400::2937","57.128.55.214"],"all_security_group_ids":["d9d405bd-5043-472d-a77b-5daa30d87661"],"all_tags":[],"allowed_address_pairs":[],"binding":[{"host_id":"","profile":"","vif_details":{},"vif_type":"","vnic_type":"normal"}],"description":"","device_id":"1ff582af-55dd-4af8-acc6-dc7db49346dd","device_owner":"compute:nova","dns_assignment":[],"dns_name":"","extra_dhcp_option":[],"fixed_ip":[],"id":"5bbdfe04-115f-4626-bd1d-b6b82f3ae106","mac_address":"fa:16:3e:48:7a:54","name":"","network_id":"b2c02fdc-ffdf-40f6-9722-533bd7058c06","no_fixed_ip":null,"no_security_groups":null,"port_security_enabled":true,"qos_policy_id":"f52e67e0-5def-49b0-9883-a87b1a44a1ac","region":"GRA9","security_group_ids":["d9d405bd-5043-472d-a77b-5daa30d87661"],"tags":[],"tenant_id":"be8041a7fdd040bd8f9661be1c6cfbed","timeouts":null,"value_specs":null},"sensitive_attributes":[],"private":"eyJlMmJmYjczMC1lY2FhLTExZTYtOGY4OC0zNDM2M2JjN2M0YzAiOnsiY3JlYXRlIjo2MDAwMDAwMDAwMDAsImRlbGV0ZSI6NjAwMDAwMDAwMDAwfX0=","dependencies":["module.network.data.openstack_networking_network_v2.ext_net","module.network.openstack_networking_secgroup_v2.ext"]},{"index_key":1,"schema_version":0,"attributes":{"admin_state_up":true,"all_fixed_ips":["2001:41d0:304:400::35a1","57.128.55.14"],"all_security_group_ids":["d9d405bd-5043-472d-a77b-5daa30d87661"],"all_tags":[],"allowed_address_pairs":[],"binding":[{"host_id":"","profile":"","vif_details":{},"vif_type":"","vnic_type":"normal"}],"description":"","device_id":"d02d2029-f934-4c5a-ab47-0a91197c7623","device_owner":"compute:nova","dns_assignment":[],"dns_name":"","extra_dhcp_option":[],"fixed_ip":[],"id":"194a874b-bb0c-42c9-8f81-01ce16db9653","mac_address":"fa:16:3e:c3:95:89","name":"","network_id":"b2c02fdc-ffdf-40f6-9722-533bd7058c06","no_fixed_ip":null,"no_security_groups":null,"port_security_enabled":true,"qos_policy_id":"f52e67e0-5def-49b0-9883-a87b1a44a1ac","region":"GRA9","security_group_ids":["d9d405bd-5043-472d-a77b-5daa30d87661"],"tags":[],"tenant_id":"be8041a7fdd040bd8f9661be1c6cfbed","timeouts":null,"value_specs":null},"sensitive_attributes":[],"private":"eyJlMmJmYjczMC1lY2FhLTExZTYtOGY4OC0zNDM2M2JjN2M0YzAiOnsiY3JlYXRlIjo2MDAwMDAwMDAwMDAsImRlbGV0ZSI6NjAwMDAwMDAwMDAwfX0=","dependencies":["module.network.data.openstack_networking_network_v2.ext_net","module.network.openstack_networking_secgroup_v2.ext"]},{"index_key":2,"schema_version":0,"attributes":{"admin_state_up":true,"all_fixed_ips":["2001:41d0:304:400::19e4","57.128.55.7"],"all_security_group_ids":["d9d405bd-5043-472d-a77b-5daa30d87661"],"all_tags":[],"allowed_address_pairs":[],"binding":[{"host_id":"","profile":"","vif_details":{},"vif_type":"","vnic_type":"normal"}],"description":"","device_id":"eaa495ac-bf9e-4e09-b9de-08bd37152e82","device_owner":"compute:nova","dns_assignment":[],"dns_name":"","extra_dhcp_option":[],"fixed_ip":[],"id":"5218f72e-549f-4391-9ad8-dff30688f4d7","mac_address":"fa:16:3e:69:3e:1f","name":"","network_id":"b2c02fdc-ffdf-40f6-9722-533bd7058c06","no_fixed_ip":null,"no_security_groups":null,"port_security_enabled":true,"qos_policy_id":"f52e67e0-5def-49b0-9883-a87b1a44a1ac","region":"GRA9","security_group_ids":["d9d405bd-5043-472d-a77b-5daa30d87661"],"tags":[],"tenant_id":"be8041a7fdd040bd8f9661be1c6cfbed","timeouts":null,"value_specs":null},"sensitive_attributes":[],"private":"eyJlMmJmYjczMC1lY2FhLTExZTYtOGY4OC0zNDM2M2JjN2M0YzAiOnsiY3JlYXRlIjo2MDAwMDAwMDAwMDAsImRlbGV0ZSI6NjAwMDAwMDAwMDAwfX0=","dependencies":["module.network.data.openstack_networking_network_v2.ext_net","module.network.openstack_networking_secgroup_v2.ext"]},{"index_key":3,"schema_version":0,"attributes":{"admin_state_up":true,"all_fixed_ips":["2001:41d0:304:400::2314","57.128.55.129"],"all_security_group_ids":["d9d405bd-5043-472d-a77b-5daa30d87661"],"all_tags":[],"allowed_address_pairs":[],"binding":[{"host_id":"","profile":"","vif_details":{},"vif_type":"","vnic_type":"normal"}],"description":"","device_id":"","device_owner":"","dns_assignment":[],"dns_name":"","extra_dhcp_option":[],"fixed_ip":[],"id":"5b949cd3-deb0-456e-a0dc-0d5ae307f009","mac_address":"fa:16:3e:e5:f7:75","name":"","network_id":"b2c02fdc-ffdf-40f6-9722-533bd7058c06","no_fixed_ip":null,"no_security_groups":null,"port_security_enabled":true,"qos_policy_id":"90b53747-f045-47cb-8657-b18127ce9716","region":"GRA9","security_group_ids":["d9d405bd-5043-472d-a77b-5daa30d87661"],"tags":[],"tenant_id":"be8041a7fdd040bd8f9661be1c6cfbed","timeouts":null,"value_specs":null},"sensitive_attributes":[],"private":"eyJlMmJmYjczMC1lY2FhLTExZTYtOGY4OC0zNDM2M2JjN2M0YzAiOnsiY3JlYXRlIjo2MDAwMDAwMDAwMDAsImRlbGV0ZSI6NjAwMDAwMDAwMDAwfX0=","dependencies":["module.network.data.openstack_networking_network_v2.ext_net","module.network.openstack_networking_secgroup_v2.ext"]}]},{"module":"module.network","mode":"data","type":"openstack_networking_network_v2","name":"ext_net","provider":"provider[\"registry.opentofu.org/terraform-provider-openstack/openstack\"]","instances":[{"schema_version":0,"attributes":{"admin_state_up":"true","all_tags":[],"availability_zone_hints":[],"description":"","dns_domain":"","external":true,"id":"b2c02fdc-ffdf-40f6-9722-533bd7058c06","matching_subnet_cidr":null,"mtu":1500,"name":"Ext-Net","network_id":null,"region":"GRA9","segments":[{"network_type":"bgp","physical_network":"","segmentation_id":40510}],"shared":"true","status":null,"subnets":["00173560-47ab-4270-8bfd-6dbdc840700a","0f11270c-1113-4d4f-98de-eba83445d962","168c6f93-d976-486e-811f-e763500bcee7","1a6c6b72-88e9-4e94-ac8b-61e6dbc4792c","1c7b94e3-d6a3-4509-bd7b-e9a2f56cd994","22e2d853-1b86-48f3-8596-9d12c7693dc7","316fefeb-3eb0-487a-88d9-4d607720fa7a","3ae4fc2c-03c9-4690-86e2-585286b517c7","3ccda02c-634c-44c8-bd4f-6a59869fb3c0","414d3a28-6a9a-4c35-a3e3-5d964ebf0f62","4a668388-b0e9-41ac-8620-d0d66d141b10","4aa6cac1-d5cd-4e25-b14b-7573aeabcab1","5b2975f1-13da-43b7-bbff-24a9e7adb2ff","5e319a8a-6c22-41e8-b519-46807e859e2d","5ef7183d-b724-41e7-81c9-2b4ce06951a8","668ee91a-2c33-40c7-9db0-88a4d68d3e4f","7d6352a6-dbed-4628-a029-fcc3986ae7d6","842249d0-76ac-43d3-b0b9-3a11cf6f8120","8d39bd48-497b-41fe-90b9-77e169a31d8e","99622081-5b1e-49c4-9686-951ea7e4b807","9b3e481e-1f64-4712-8111-451db4690ff9","9d4de2bc-40b8-4d03-8cf9-54cce9785216","9f989c4b-c441-4678-b395-e082c300356e","a25f29f8-0aac-4180-b5c8-38eb2bc4ba7e","a4e9c12b-a168-4101-a256-803267f1d1bc","a6eba157-6ab8-496c-b65e-c9e64cd91f3e","ac5824d1-cc84-47fd-af08-9fa7fbf058a2","ae57b1a6-2cfd-45ef-8dbd-362a06c31456","b072b17b-ef1d-4881-98c7-e0d6a1c3dcea","c2204ee3-6480-42f3-ac40-173e9cf7103b","d7dd1399-5eb9-455f-a908-068f00ece169","dc90af26-ae0d-4714-95c2-789dffde1f7a","e329fda9-9211-464c-ada2-b96b4e846732","e6b22176-2b8e-4579-83c5-fb6038ad6f4c","f4772001-7657-4f72-9466-62973a9effc9","f51bd0c1-ebc2-4e3d-9c66-75671123a787","f56b79b6-f132-4212-ba03-83ba2cabd303"],"tags":null,"tenant_id":"9386d7837e514fc080082efe4892af59","transparent_vlan":false},"sensitive_attributes":[]}]},{"module":"module.network","mode":"managed","type":"openstack_networking_secgroup_rule_v2","name":"ext_http","provider":"provider[\"registry.opentofu.org/terraform-provider-openstack/openstack\"]","instances":[{"schema_version":0,"attributes":{"description":"","direction":"ingress","ethertype":"IPv4","id":"555368c4-2a9d-464d-b2a7-c4e9ce743198","port_range_max":80,"port_range_min":80,"protocol":"tcp","region":"GRA9","remote_group_id":"","remote_ip_prefix":"0.0.0.0/0","security_group_id":"d9d405bd-5043-472d-a77b-5daa30d87661","tenant_id":"be8041a7fdd040bd8f9661be1c6cfbed","timeouts":null},"sensitive_attributes":[],"private":"eyJlMmJmYjczMC1lY2FhLTExZTYtOGY4OC0zNDM2M2JjN2M0YzAiOnsiZGVsZXRlIjo2MDAwMDAwMDAwMDB9fQ==","dependencies":["module.network.openstack_networking_secgroup_v2.ext"]}]},{"module":"module.network","mode":"managed","type":"openstack_networking_secgroup_rule_v2","name":"ext_https","provider":"provider[\"registry.opentofu.org/terraform-provider-openstack/openstack\"]","instances":[{"schema_version":0,"attributes":{"description":"","direction":"ingress","ethertype":"IPv4","id":"6069b425-780d-4ab6-8d99-d94339afa205","port_range_max":443,"port_range_min":443,"protocol":"tcp","region":"GRA9","remote_group_id":"","remote_ip_prefix":"0.0.0.0/0","security_group_id":"d9d405bd-5043-472d-a77b-5daa30d87661","tenant_id":"be8041a7fdd040bd8f9661be1c6cfbed","timeouts":null},"sensitive_attributes":[],"private":"eyJlMmJmYjczMC1lY2FhLTExZTYtOGY4OC0zNDM2M2JjN2M0YzAiOnsiZGVsZXRlIjo2MDAwMDAwMDAwMDB9fQ==","dependencies":["module.network.openstack_networking_secgroup_v2.ext"]}]},{"module":"module.network","mode":"managed","type":"openstack_networking_secgroup_rule_v2","name":"ext_ssh","provider":"provider[\"registry.opentofu.org/terraform-provider-openstack/openstack\"]","instances":[{"index_key":0,"schema_version":0,"attributes":{"description":"","direction":"ingress","ethertype":"IPv4","id":"c2eebd40-137e-4aad-838e-6b94b7a3d077","port_range_max":22,"port_range_min":22,"protocol":"tcp","region":"GRA9","remote_group_id":"","remote_ip_prefix":"0.0.0.0/0","security_group_id":"d9d405bd-5043-472d-a77b-5daa30d87661","tenant_id":"be8041a7fdd040bd8f9661be1c6cfbed","timeouts":null},"sensitive_attributes":[],"private":"eyJlMmJmYjczMC1lY2FhLTExZTYtOGY4OC0zNDM2M2JjN2M0YzAiOnsiZGVsZXRlIjo2MDAwMDAwMDAwMDB9fQ==","dependencies":["module.network.openstack_networking_secgroup_v2.ext"]}]},{"module":"module.network","mode":"managed","type":"openstack_networking_secgroup_rule_v2","name":"ext_ssh6","provider":"provider[\"registry.opentofu.org/terraform-provider-openstack/openstack\"]","instances":[{"index_key":0,"schema_version":0,"attributes":{"description":"","direction":"ingress","ethertype":"IPv6","id":"37c9035b-397b-4b62-9449-e51d6da7a4e1","port_range_max":22,"port_range_min":22,"protocol":"tcp","region":"GRA9","remote_group_id":"","remote_ip_prefix":"::/0","security_group_id":"d9d405bd-5043-472d-a77b-5daa30d87661","tenant_id":"be8041a7fdd040bd8f9661be1c6cfbed","timeouts":null},"sensitive_attributes":[],"private":"eyJlMmJmYjczMC1lY2FhLTExZTYtOGY4OC0zNDM2M2JjN2M0YzAiOnsiZGVsZXRlIjo2MDAwMDAwMDAwMDB9fQ==","dependencies":["module.network.openstack_networking_secgroup_v2.ext"]}]},{"module":"module.network","mode":"managed","type":"openstack_networking_secgroup_rule_v2","name":"int_k3s_api_server","provider":"provider[\"registry.opentofu.org/terraform-provider-openstack/openstack\"]","instances":[{"index_key":0,"schema_version":0,"attributes":{"description":"","direction":"ingress","ethertype":"IPv4","id":"e985dbec-e30f-4f7e-82bd-44048108e474","port_range_max":6443,"port_range_min":6443,"protocol":"tcp","region":"GRA9","remote_group_id":"d9d405bd-5043-472d-a77b-5daa30d87661","remote_ip_prefix":"","security_group_id":"d9d405bd-5043-472d-a77b-5daa30d87661","tenant_id":"be8041a7fdd040bd8f9661be1c6cfbed","timeouts":null},"sensitive_attributes":[],"private":"eyJlMmJmYjczMC1lY2FhLTExZTYtOGY4OC0zNDM2M2JjN2M0YzAiOnsiZGVsZXRlIjo2MDAwMDAwMDAwMDB9fQ==","dependencies":["module.network.openstack_networking_secgroup_v2.ext"]}]},{"module":"module.network","mode":"managed","type":"openstack_networking_secgroup_rule_v2","name":"int_k3s_flannel_vxlan","provider":"provider[\"registry.opentofu.org/terraform-provider-openstack/openstack\"]","instances":[{"index_key":0,"schema_version":0,"attributes":{"description":"","direction":"ingress","ethertype":"IPv4","id":"d93d6fbf-6e12-4cf1-9c22-c007a37d8d28","port_range_max":8472,"port_range_min":8472,"protocol":"udp","region":"GRA9","remote_group_id":"d9d405bd-5043-472d-a77b-5daa30d87661","remote_ip_prefix":"","security_group_id":"d9d405bd-5043-472d-a77b-5daa30d87661","tenant_id":"be8041a7fdd040bd8f9661be1c6cfbed","timeouts":null},"sensitive_attributes":[],"private":"eyJlMmJmYjczMC1lY2FhLTExZTYtOGY4OC0zNDM2M2JjN2M0YzAiOnsiZGVsZXRlIjo2MDAwMDAwMDAwMDB9fQ==","dependencies":["module.network.openstack_networking_secgroup_v2.ext"]}]},{"module":"module.network","mode":"managed","type":"openstack_networking_secgroup_v2","name":"ext","provider":"provider[\"registry.opentofu.org/terraform-provider-openstack/openstack\"]","instances":[{"schema_version":0,"attributes":{"all_tags":[],"delete_default_rules":null,"description":"","id":"d9d405bd-5043-472d-a77b-5daa30d87661","name":"otvl-test-hosting-sg","region":"GRA9","stateful":false,"tags":[],"tenant_id":"be8041a7fdd040bd8f9661be1c6cfbed","timeouts":null},"sensitive_attributes":[],"private":"eyJlMmJmYjczMC1lY2FhLTExZTYtOGY4OC0zNDM2M2JjN2M0YzAiOnsiZGVsZXRlIjo2MDAwMDAwMDAwMDB9fQ=="}]}],"check_results":null}
