{"version":4,"terraform_version":"1.9.0","serial":265,"lineage":"0833ab12-9a33-12ae-67d9-fd337845d919","outputs":{"ipv4s":{"value":[["57.128.55.113"],["57.128.55.178"],["57.128.55.104"],["57.128.55.103"]],"type":["tuple",[["tuple",["string"]],["tuple",["string"]],["tuple",["string"]],["tuple",["string"]]]]}},"resources":[{"module":"module.compute.module.instances","mode":"managed","type":"openstack_blockstorage_volume_v3","name":"volumes","provider":"provider[\"registry.opentofu.org/terraform-provider-openstack/openstack\"]","instances":[{"index_key":0,"schema_version":0,"attributes":{"attachment":[],"availability_zone":"nova","backup_id":"","consistency_group_id":null,"description":"","enable_online_resize":null,"id":"6def30d1-90ef-4d75-a904-d5219338d6dc","image_id":null,"metadata":{},"name":"t-sk3s-sv","region":"GRA9","scheduler_hints":[],"size":50,"snapshot_id":"","source_replica":null,"source_vol_id":"","timeouts":null,"volume_type":"classic"},"sensitive_attributes":[],"private":"eyJlMmJmYjczMC1lY2FhLTExZTYtOGY4OC0zNDM2M2JjN2M0YzAiOnsiY3JlYXRlIjo2MDAwMDAwMDAwMDAsImRlbGV0ZSI6NjAwMDAwMDAwMDAwfX0="}]},{"module":"module.compute.module.instances","mode":"managed","type":"openstack_compute_instance_v2","name":"instances","provider":"provider[\"registry.opentofu.org/terraform-provider-openstack/openstack\"]","instances":[{"index_key":0,"schema_version":0,"attributes":{"access_ip_v4":"57.128.55.113","access_ip_v6":"[2001:41d0:304:400::e37]","admin_pass":null,"all_metadata":{"groups":"docker_run_group build_server_group","otvl_meta":"otvl_test build"},"all_tags":[],"availability_zone":"nova","availability_zone_hints":null,"block_device":[],"config_drive":null,"created":"2025-12-14 09:30:45 +0000 UTC","flavor_id":"da08411a-14f4-4ce1-842d-ca159a68d834","flavor_name":"d2-8","force_delete":false,"id":"491c8f67-ddaa-4fa1-917b-467021c7675e","image_id":"45473b31-adbc-45ff-babc-5f752406d395","image_name":"Debian 13","key_pair":"otvl-test-devops-hosting-key","metadata":{"groups":"docker_run_group build_server_group","otvl_meta":"otvl_test build"},"name":"t-build7","network":[{"access_network":false,"fixed_ip_v4":"57.128.55.113","fixed_ip_v6":"[2001:41d0:304:400::e37]","mac":"fa:16:3e:6e:b0:9e","name":"Ext-Net","port":"7bea42e0-f18a-4ce5-bf0a-5ab3ed49a2d6","uuid":"b2c02fdc-ffdf-40f6-9722-533bd7058c06"}],"network_mode":null,"personality":[],"power_state":"active","region":"GRA9","scheduler_hints":[],"security_groups":["otvl-test-hosting-sg"],"stop_before_destroy":false,"tags":null,"timeouts":null,"updated":"2025-12-14 09:31:29 +0000 UTC","user_data":"deb2854cc797e6fcd86ff21dddd68106bea8c4da","vendor_options":[]},"sensitive_attributes":[[{"type":"get_attr","value":"admin_pass"}]],"private":"eyJlMmJmYjczMC1lY2FhLTExZTYtOGY4OC0zNDM2M2JjN2M0YzAiOnsiY3JlYXRlIjoxODAwMDAwMDAwMDAwLCJkZWxldGUiOjE4MDAwMDAwMDAwMDAsInVwZGF0ZSI6MTgwMDAwMDAwMDAwMH19","dependencies":["module.compute.module.instances.openstack_compute_keypair_v2.this","module.compute.module.instances.openstack_networking_port_v2.ext","module.network.data.openstack_networking_network_v2.ext_net","module.network.openstack_networking_secgroup_v2.ext"]},{"index_key":1,"schema_version":0,"attributes":{"access_ip_v4":"57.128.55.178","access_ip_v6":"[2001:41d0:304:400::320b]","admin_pass":null,"all_metadata":{"groups":"sk3s_group images_builder_group","otvl_meta":"otvl_test k3s_server dv_ide ows_server ows_synchro"},"all_tags":[],"availability_zone":"nova","availability_zone_hints":null,"block_device":[],"config_drive":null,"created":"2025-12-14 09:30:44 +0000 UTC","flavor_id":"da08411a-14f4-4ce1-842d-ca159a68d834","flavor_name":"d2-8","force_delete":false,"id":"1af2f666-5df8-4151-b5ac-e4700c768d07","image_id":"45473b31-adbc-45ff-babc-5f752406d395","image_name":"Debian 13","key_pair":"otvl-test-devops-hosting-key","metadata":{"groups":"sk3s_group images_builder_group","otvl_meta":"otvl_test k3s_server dv_ide ows_server ows_synchro"},"name":"t-sk3s-sv","network":[{"access_network":false,"fixed_ip_v4":"57.128.55.178","fixed_ip_v6":"[2001:41d0:304:400::320b]","mac":"fa:16:3e:09:cf:61","name":"Ext-Net","port":"37075b64-08b3-4c6e-9b3c-657bd85f890a","uuid":"b2c02fdc-ffdf-40f6-9722-533bd7058c06"}],"network_mode":null,"personality":[],"power_state":"active","region":"GRA9","scheduler_hints":[],"security_groups":["otvl-test-hosting-sg"],"stop_before_destroy":false,"tags":null,"timeouts":null,"updated":"2025-12-14 09:31:48 +0000 UTC","user_data":"7055ee2084940dd7bb4a172f296a4f25e39986e6","vendor_options":[]},"sensitive_attributes":[[{"type":"get_attr","value":"admin_pass"}]],"private":"eyJlMmJmYjczMC1lY2FhLTExZTYtOGY4OC0zNDM2M2JjN2M0YzAiOnsiY3JlYXRlIjoxODAwMDAwMDAwMDAwLCJkZWxldGUiOjE4MDAwMDAwMDAwMDAsInVwZGF0ZSI6MTgwMDAwMDAwMDAwMH19","dependencies":["module.compute.module.instances.openstack_compute_keypair_v2.this","module.compute.module.instances.openstack_networking_port_v2.ext","module.network.data.openstack_networking_network_v2.ext_net","module.network.openstack_networking_secgroup_v2.ext"]},{"index_key":2,"schema_version":0,"attributes":{"access_ip_v4":"57.128.55.104","access_ip_v6":"[2001:41d0:304:400::25da]","admin_pass":null,"all_metadata":{"groups":"sk3s_group","otvl_meta":"otvl_test k3s_agent"},"all_tags":[],"availability_zone":"nova","availability_zone_hints":null,"block_device":[],"config_drive":null,"created":"2025-12-14 09:30:44 +0000 UTC","flavor_id":"da08411a-14f4-4ce1-842d-ca159a68d834","flavor_name":"d2-8","force_delete":false,"id":"29989dc0-1fb0-44f1-b4bf-54ebe861d477","image_id":"45473b31-adbc-45ff-babc-5f752406d395","image_name":"Debian 13","key_pair":"otvl-test-devops-hosting-key","metadata":{"groups":"sk3s_group","otvl_meta":"otvl_test k3s_agent"},"name":"t-sk3s-ag1","network":[{"access_network":false,"fixed_ip_v4":"57.128.55.104","fixed_ip_v6":"[2001:41d0:304:400::25da]","mac":"fa:16:3e:45:fb:6c","name":"Ext-Net","port":"5467e784-6857-430c-bd1b-e23ca22f3b88","uuid":"b2c02fdc-ffdf-40f6-9722-533bd7058c06"}],"network_mode":null,"personality":[],"power_state":"active","region":"GRA9","scheduler_hints":[],"security_groups":["otvl-test-hosting-sg"],"stop_before_destroy":false,"tags":null,"timeouts":null,"updated":"2025-12-14 09:31:32 +0000 UTC","user_data":"ac201538cbfdeaaa607b1921f364df060aa85a3d","vendor_options":[]},"sensitive_attributes":[[{"type":"get_attr","value":"admin_pass"}]],"private":"eyJlMmJmYjczMC1lY2FhLTExZTYtOGY4OC0zNDM2M2JjN2M0YzAiOnsiY3JlYXRlIjoxODAwMDAwMDAwMDAwLCJkZWxldGUiOjE4MDAwMDAwMDAwMDAsInVwZGF0ZSI6MTgwMDAwMDAwMDAwMH19","dependencies":["module.compute.module.instances.openstack_compute_keypair_v2.this","module.compute.module.instances.openstack_networking_port_v2.ext","module.network.data.openstack_networking_network_v2.ext_net","module.network.openstack_networking_secgroup_v2.ext"]},{"index_key":3,"schema_version":0,"attributes":{"access_ip_v4":"57.128.55.103","access_ip_v6":"[2001:41d0:304:400::315a]","admin_pass":null,"all_metadata":{"groups":"sk3s_group","otvl_meta":"otvl_test k3s_agent has_gpu"},"all_tags":[],"availability_zone":"nova","availability_zone_hints":null,"block_device":[],"config_drive":null,"created":"2025-12-14 09:30:45 +0000 UTC","flavor_id":"c5708c95-f450-43c3-8b56-7d498e7b5d07","flavor_name":"rtx5000-28","force_delete":false,"id":"ca6f9bfd-d76f-4fab-b7f9-7e5290eb9bf6","image_id":"45473b31-adbc-45ff-babc-5f752406d395","image_name":"Debian 13","key_pair":"otvl-test-devops-hosting-key","metadata":{"groups":"sk3s_group","otvl_meta":"otvl_test k3s_agent has_gpu"},"name":"t-sk3s-agpu","network":[{"access_network":false,"fixed_ip_v4":"57.128.55.103","fixed_ip_v6":"[2001:41d0:304:400::315a]","mac":"fa:16:3e:ed:d7:ab","name":"Ext-Net","port":"a3c63cae-305c-464d-942e-c003ba939554","uuid":"b2c02fdc-ffdf-40f6-9722-533bd7058c06"}],"network_mode":null,"personality":[],"power_state":"active","region":"GRA9","scheduler_hints":[],"security_groups":["otvl-test-hosting-sg"],"stop_before_destroy":false,"tags":null,"timeouts":null,"updated":"2025-12-14 09:31:39 +0000 UTC","user_data":"2766ffdd67aa30d1a185dfecc603fc7590510d9a","vendor_options":[]},"sensitive_attributes":[[{"type":"get_attr","value":"admin_pass"}]],"private":"eyJlMmJmYjczMC1lY2FhLTExZTYtOGY4OC0zNDM2M2JjN2M0YzAiOnsiY3JlYXRlIjoxODAwMDAwMDAwMDAwLCJkZWxldGUiOjE4MDAwMDAwMDAwMDAsInVwZGF0ZSI6MTgwMDAwMDAwMDAwMH19","dependencies":["module.compute.module.instances.openstack_compute_keypair_v2.this","module.compute.module.instances.openstack_networking_port_v2.ext","module.network.data.openstack_networking_network_v2.ext_net","module.network.openstack_networking_secgroup_v2.ext"]}]},{"module":"module.compute.module.instances","mode":"managed","type":"openstack_compute_keypair_v2","name":"this","provider":"provider[\"registry.opentofu.org/terraform-provider-openstack/openstack\"]","instances":[{"schema_version":0,"attributes":{"fingerprint":"58:87:f9:67:e2:08:1e:18:ba:3c:fe:58:45:82:cd:b1","id":"otvl-test-devops-hosting-key","name":"otvl-test-devops-hosting-key","private_key":"","public_key":"ssh-rsa AAAAB3NzaC1yc2EAAAADAQABAAABgQCKbC/+FKpBN5Zn4+FPOpsLDWsVriPc+dIjzcP45my2BROfZ4DxY7P/QL8oMd7pFg/PzFBbf8eTAVYXEOLJ9veAoDa9weFEAK6LfJRuuSGBuxahWX64r2+tMjG6OBEmYQX+NNjEs9zpLIKqvUsM8/peKBEGRVVaS+FIrnBaFl3zpmQorI7SAvDEW2l1L6FiYpS0426n1yBdSVRPICy+QEUznl+6EsbK0OI5ZSyID1YSLFZ007aYxdm0NJxS1So+K+zWulpgeMDV9S7ht8kR+hxGTC15g/DZmP3GYaBEO9E9zUIZUBe+BZjHIN05KAM6YqK8ig6Z4Zi8LXfdFYzHTY4K8SQkj/REuz9wsJxsuSQuBn8Dhk5WrguiKTF+qb+cCdef8yYUyG8SkZ9Rs84BusGhamLkpQAV9AH3HCSxyZzvJB5kDGoo/xHZmrWQbTbn68LHjwji1O6vRg0gzEgXHu6DITTt1FP8QkqcEo4WL6S6cp0TSRA1kD10X2y11XbVCnc=","region":"GRA9","user_id":"","value_specs":null},"sensitive_attributes":[[{"type":"get_attr","value":"private_key"}]],"private":"bnVsbA=="}]},{"module":"module.compute.module.instances","mode":"managed","type":"openstack_compute_volume_attach_v2","name":"volatts","provider":"provider[\"registry.opentofu.org/terraform-provider-openstack/openstack\"]","instances":[{"index_key":0,"schema_version":0,"attributes":{"device":"/dev/sdb","id":"1af2f666-5df8-4151-b5ac-e4700c768d07/6def30d1-90ef-4d75-a904-d5219338d6dc","instance_id":"1af2f666-5df8-4151-b5ac-e4700c768d07","multiattach":null,"region":"GRA9","tag":null,"timeouts":null,"vendor_options":[],"volume_id":"6def30d1-90ef-4d75-a904-d5219338d6dc"},"sensitive_attributes":[],"private":"eyJlMmJmYjczMC1lY2FhLTExZTYtOGY4OC0zNDM2M2JjN2M0YzAiOnsiY3JlYXRlIjo2MDAwMDAwMDAwMDAsImRlbGV0ZSI6NjAwMDAwMDAwMDAwfX0=","dependencies":["module.compute.module.instances.openstack_blockstorage_volume_v3.volumes","module.compute.module.instances.openstack_compute_instance_v2.instances","module.compute.module.instances.openstack_compute_keypair_v2.this","module.compute.module.instances.openstack_networking_port_v2.ext","module.network.data.openstack_networking_network_v2.ext_net","module.network.openstack_networking_secgroup_v2.ext"]}]},{"module":"module.compute.module.instances","mode":"managed","type":"openstack_networking_port_v2","name":"ext","provider":"provider[\"registry.opentofu.org/terraform-provider-openstack/openstack\"]","instances":[{"index_key":0,"schema_version":0,"attributes":{"admin_state_up":true,"all_fixed_ips":["2001:41d0:304:400::e37","57.128.55.113"],"all_security_group_ids":["da988c7f-e06b-4f24-a9df-ba099c5a1336"],"all_tags":[],"allowed_address_pairs":[],"binding":[{"host_id":"","profile":"","vif_details":{},"vif_type":"","vnic_type":"normal"}],"description":"","device_id":"","device_owner":"","dns_assignment":[],"dns_name":"","extra_dhcp_option":[],"fixed_ip":[],"id":"7bea42e0-f18a-4ce5-bf0a-5ab3ed49a2d6","mac_address":"fa:16:3e:6e:b0:9e","name":"","network_id":"b2c02fdc-ffdf-40f6-9722-533bd7058c06","no_fixed_ip":null,"no_security_groups":null,"port_security_enabled":true,"qos_policy_id":"","region":"GRA9","security_group_ids":["da988c7f-e06b-4f24-a9df-ba099c5a1336"],"tags":null,"tenant_id":"be8041a7fdd040bd8f9661be1c6cfbed","timeouts":null,"value_specs":null},"sensitive_attributes":[],"private":"eyJlMmJmYjczMC1lY2FhLTExZTYtOGY4OC0zNDM2M2JjN2M0YzAiOnsiY3JlYXRlIjo2MDAwMDAwMDAwMDAsImRlbGV0ZSI6NjAwMDAwMDAwMDAwfX0=","dependencies":["module.network.data.openstack_networking_network_v2.ext_net","module.network.openstack_networking_secgroup_v2.ext"]},{"index_key":1,"schema_version":0,"attributes":{"admin_state_up":true,"all_fixed_ips":["2001:41d0:304:400::320b","57.128.55.178"],"all_security_group_ids":["da988c7f-e06b-4f24-a9df-ba099c5a1336"],"all_tags":[],"allowed_address_pairs":[],"binding":[{"host_id":"","profile":"","vif_details":{},"vif_type":"","vnic_type":"normal"}],"description":"","device_id":"","device_owner":"","dns_assignment":[],"dns_name":"","extra_dhcp_option":[],"fixed_ip":[],"id":"37075b64-08b3-4c6e-9b3c-657bd85f890a","mac_address":"fa:16:3e:09:cf:61","name":"","network_id":"b2c02fdc-ffdf-40f6-9722-533bd7058c06","no_fixed_ip":null,"no_security_groups":null,"port_security_enabled":true,"qos_policy_id":"","region":"GRA9","security_group_ids":["da988c7f-e06b-4f24-a9df-ba099c5a1336"],"tags":null,"tenant_id":"be8041a7fdd040bd8f9661be1c6cfbed","timeouts":null,"value_specs":null},"sensitive_attributes":[],"private":"eyJlMmJmYjczMC1lY2FhLTExZTYtOGY4OC0zNDM2M2JjN2M0YzAiOnsiY3JlYXRlIjo2MDAwMDAwMDAwMDAsImRlbGV0ZSI6NjAwMDAwMDAwMDAwfX0=","dependencies":["module.network.data.openstack_networking_network_v2.ext_net","module.network.openstack_networking_secgroup_v2.ext"]},{"index_key":2,"schema_version":0,"attributes":{"admin_state_up":true,"all_fixed_ips":["2001:41d0:304:400::25da","57.128.55.104"],"all_security_group_ids":["da988c7f-e06b-4f24-a9df-ba099c5a1336"],"all_tags":[],"allowed_address_pairs":[],"binding":[{"host_id":"","profile":"","vif_details":{},"vif_type":"","vnic_type":"normal"}],"description":"","device_id":"","device_owner":"","dns_assignment":[],"dns_name":"","extra_dhcp_option":[],"fixed_ip":[],"id":"5467e784-6857-430c-bd1b-e23ca22f3b88","mac_address":"fa:16:3e:45:fb:6c","name":"","network_id":"b2c02fdc-ffdf-40f6-9722-533bd7058c06","no_fixed_ip":null,"no_security_groups":null,"port_security_enabled":true,"qos_policy_id":"","region":"GRA9","security_group_ids":["da988c7f-e06b-4f24-a9df-ba099c5a1336"],"tags":null,"tenant_id":"be8041a7fdd040bd8f9661be1c6cfbed","timeouts":null,"value_specs":null},"sensitive_attributes":[],"private":"eyJlMmJmYjczMC1lY2FhLTExZTYtOGY4OC0zNDM2M2JjN2M0YzAiOnsiY3JlYXRlIjo2MDAwMDAwMDAwMDAsImRlbGV0ZSI6NjAwMDAwMDAwMDAwfX0=","dependencies":["module.network.data.openstack_networking_network_v2.ext_net","module.network.openstack_networking_secgroup_v2.ext"]},{"index_key":3,"schema_version":0,"attributes":{"admin_state_up":true,"all_fixed_ips":["2001:41d0:304:400::315a","57.128.55.103"],"all_security_group_ids":["da988c7f-e06b-4f24-a9df-ba099c5a1336"],"all_tags":[],"allowed_address_pairs":[],"binding":[{"host_id":"","profile":"","vif_details":{},"vif_type":"","vnic_type":"normal"}],"description":"","device_id":"","device_owner":"","dns_assignment":[],"dns_name":"","extra_dhcp_option":[],"fixed_ip":[],"id":"a3c63cae-305c-464d-942e-c003ba939554","mac_address":"fa:16:3e:ed:d7:ab","name":"","network_id":"b2c02fdc-ffdf-40f6-9722-533bd7058c06","no_fixed_ip":null,"no_security_groups":null,"port_security_enabled":true,"qos_policy_id":"","region":"GRA9","security_group_ids":["da988c7f-e06b-4f24-a9df-ba099c5a1336"],"tags":null,"tenant_id":"be8041a7fdd040bd8f9661be1c6cfbed","timeouts":null,"value_specs":null},"sensitive_attributes":[],"private":"eyJlMmJmYjczMC1lY2FhLTExZTYtOGY4OC0zNDM2M2JjN2M0YzAiOnsiY3JlYXRlIjo2MDAwMDAwMDAwMDAsImRlbGV0ZSI6NjAwMDAwMDAwMDAwfX0=","dependencies":["module.network.data.openstack_networking_network_v2.ext_net","module.network.openstack_networking_secgroup_v2.ext"]}]},{"module":"module.network","mode":"data","type":"openstack_networking_network_v2","name":"ext_net","provider":"provider[\"registry.opentofu.org/terraform-provider-openstack/openstack\"]","instances":[{"schema_version":0,"attributes":{"admin_state_up":"true","all_tags":[],"availability_zone_hints":[],"description":"","dns_domain":"","external":true,"id":"b2c02fdc-ffdf-40f6-9722-533bd7058c06","matching_subnet_cidr":null,"mtu":1500,"name":"Ext-Net","network_id":null,"region":"GRA9","segments":[{"network_type":"bgp","physical_network":"","segmentation_id":40510}],"shared":"true","status":null,"subnets":["00173560-47ab-4270-8bfd-6dbdc840700a","0f11270c-1113-4d4f-98de-eba83445d962","168c6f93-d976-486e-811f-e763500bcee7","1a6c6b72-88e9-4e94-ac8b-61e6dbc4792c","1c7b94e3-d6a3-4509-bd7b-e9a2f56cd994","22e2d853-1b86-48f3-8596-9d12c7693dc7","316fefeb-3eb0-487a-88d9-4d607720fa7a","3ae4fc2c-03c9-4690-86e2-585286b517c7","3ccda02c-634c-44c8-bd4f-6a59869fb3c0","414d3a28-6a9a-4c35-a3e3-5d964ebf0f62","4a668388-b0e9-41ac-8620-d0d66d141b10","4aa6cac1-d5cd-4e25-b14b-7573aeabcab1","5b2975f1-13da-43b7-bbff-24a9e7adb2ff","5e319a8a-6c22-41e8-b519-46807e859e2d","5ef7183d-b724-41e7-81c9-2b4ce06951a8","668ee91a-2c33-40c7-9db0-88a4d68d3e4f","7d6352a6-dbed-4628-a029-fcc3986ae7d6","842249d0-76ac-43d3-b0b9-3a11cf6f8120","8d39bd48-497b-41fe-90b9-77e169a31d8e","99622081-5b1e-49c4-9686-951ea7e4b807","9b3e481e-1f64-4712-8111-451db4690ff9","9d4de2bc-40b8-4d03-8cf9-54cce9785216","9f989c4b-c441-4678-b395-e082c300356e","a25f29f8-0aac-4180-b5c8-38eb2bc4ba7e","a4e9c12b-a168-4101-a256-803267f1d1bc","a6eba157-6ab8-496c-b65e-c9e64cd91f3e","ac5824d1-cc84-47fd-af08-9fa7fbf058a2","ae57b1a6-2cfd-45ef-8dbd-362a06c31456","b072b17b-ef1d-4881-98c7-e0d6a1c3dcea","c2204ee3-6480-42f3-ac40-173e9cf7103b","d7dd1399-5eb9-455f-a908-068f00ece169","dc90af26-ae0d-4714-95c2-789dffde1f7a","e329fda9-9211-464c-ada2-b96b4e846732","e6b22176-2b8e-4579-83c5-fb6038ad6f4c","f4772001-7657-4f72-9466-62973a9effc9","f51bd0c1-ebc2-4e3d-9c66-75671123a787","f56b79b6-f132-4212-ba03-83ba2cabd303"],"tags":null,"tenant_id":"9386d7837e514fc080082efe4892af59","transparent_vlan":false},"sensitive_attributes":[]}]},{"module":"module.network","mode":"managed","type":"openstack_networking_secgroup_rule_v2","name":"ext_http","provider":"provider[\"registry.opentofu.org/terraform-provider-openstack/openstack\"]","instances":[{"schema_version":0,"attributes":{"description":"","direction":"ingress","ethertype":"IPv4","id":"436dab27-ed6f-4ed7-a828-9ad3f8326366","port_range_max":80,"port_range_min":80,"protocol":"tcp","region":"GRA9","remote_group_id":"","remote_ip_prefix":"0.0.0.0/0","security_group_id":"da988c7f-e06b-4f24-a9df-ba099c5a1336","tenant_id":"be8041a7fdd040bd8f9661be1c6cfbed","timeouts":null},"sensitive_attributes":[],"private":"eyJlMmJmYjczMC1lY2FhLTExZTYtOGY4OC0zNDM2M2JjN2M0YzAiOnsiZGVsZXRlIjo2MDAwMDAwMDAwMDB9fQ==","dependencies":["module.network.openstack_networking_secgroup_v2.ext"]}]},{"module":"module.network","mode":"managed","type":"openstack_networking_secgroup_rule_v2","name":"ext_https","provider":"provider[\"registry.opentofu.org/terraform-provider-openstack/openstack\"]","instances":[{"schema_version":0,"attributes":{"description":"","direction":"ingress","ethertype":"IPv4","id":"d6295bd5-d92a-4518-bd8e-513efda719bf","port_range_max":443,"port_range_min":443,"protocol":"tcp","region":"GRA9","remote_group_id":"","remote_ip_prefix":"0.0.0.0/0","security_group_id":"da988c7f-e06b-4f24-a9df-ba099c5a1336","tenant_id":"be8041a7fdd040bd8f9661be1c6cfbed","timeouts":null},"sensitive_attributes":[],"private":"eyJlMmJmYjczMC1lY2FhLTExZTYtOGY4OC0zNDM2M2JjN2M0YzAiOnsiZGVsZXRlIjo2MDAwMDAwMDAwMDB9fQ==","dependencies":["module.network.openstack_networking_secgroup_v2.ext"]}]},{"module":"module.network","mode":"managed","type":"openstack_networking_secgroup_rule_v2","name":"ext_ssh","provider":"provider[\"registry.opentofu.org/terraform-provider-openstack/openstack\"]","instances":[{"index_key":0,"schema_version":0,"attributes":{"description":"","direction":"ingress","ethertype":"IPv4","id":"2d3d83a6-1568-4877-8a3c-f9597fbe6f44","port_range_max":22,"port_range_min":22,"protocol":"tcp","region":"GRA9","remote_group_id":"","remote_ip_prefix":"0.0.0.0/0","security_group_id":"da988c7f-e06b-4f24-a9df-ba099c5a1336","tenant_id":"be8041a7fdd040bd8f9661be1c6cfbed","timeouts":null},"sensitive_attributes":[],"private":"eyJlMmJmYjczMC1lY2FhLTExZTYtOGY4OC0zNDM2M2JjN2M0YzAiOnsiZGVsZXRlIjo2MDAwMDAwMDAwMDB9fQ==","dependencies":["module.network.openstack_networking_secgroup_v2.ext"]}]},{"module":"module.network","mode":"managed","type":"openstack_networking_secgroup_rule_v2","name":"ext_ssh6","provider":"provider[\"registry.opentofu.org/terraform-provider-openstack/openstack\"]","instances":[{"index_key":0,"schema_version":0,"attributes":{"description":"","direction":"ingress","ethertype":"IPv6","id":"e512e153-cf10-4d34-ab7e-4a824de81d4f","port_range_max":22,"port_range_min":22,"protocol":"tcp","region":"GRA9","remote_group_id":"","remote_ip_prefix":"::/0","security_group_id":"da988c7f-e06b-4f24-a9df-ba099c5a1336","tenant_id":"be8041a7fdd040bd8f9661be1c6cfbed","timeouts":null},"sensitive_attributes":[],"private":"eyJlMmJmYjczMC1lY2FhLTExZTYtOGY4OC0zNDM2M2JjN2M0YzAiOnsiZGVsZXRlIjo2MDAwMDAwMDAwMDB9fQ==","dependencies":["module.network.openstack_networking_secgroup_v2.ext"]}]},{"module":"module.network","mode":"managed","type":"openstack_networking_secgroup_rule_v2","name":"int_k3s_api_server","provider":"provider[\"registry.opentofu.org/terraform-provider-openstack/openstack\"]","instances":[{"index_key":0,"schema_version":0,"attributes":{"description":"","direction":"ingress","ethertype":"IPv4","id":"d7548174-8e46-4ae5-b080-2ebddf5ad2a1","port_range_max":6443,"port_range_min":6443,"protocol":"tcp","region":"GRA9","remote_group_id":"da988c7f-e06b-4f24-a9df-ba099c5a1336","remote_ip_prefix":"","security_group_id":"da988c7f-e06b-4f24-a9df-ba099c5a1336","tenant_id":"be8041a7fdd040bd8f9661be1c6cfbed","timeouts":null},"sensitive_attributes":[],"private":"eyJlMmJmYjczMC1lY2FhLTExZTYtOGY4OC0zNDM2M2JjN2M0YzAiOnsiZGVsZXRlIjo2MDAwMDAwMDAwMDB9fQ==","dependencies":["module.network.openstack_networking_secgroup_v2.ext"]}]},{"module":"module.network","mode":"managed","type":"openstack_networking_secgroup_rule_v2","name":"int_k3s_flannel_vxlan","provider":"provider[\"registry.opentofu.org/terraform-provider-openstack/openstack\"]","instances":[{"index_key":0,"schema_version":0,"attributes":{"description":"","direction":"ingress","ethertype":"IPv4","id":"d1d206cd-0a7a-41fe-a939-6dbb7fc9846e","port_range_max":8472,"port_range_min":8472,"protocol":"udp","region":"GRA9","remote_group_id":"da988c7f-e06b-4f24-a9df-ba099c5a1336","remote_ip_prefix":"","security_group_id":"da988c7f-e06b-4f24-a9df-ba099c5a1336","tenant_id":"be8041a7fdd040bd8f9661be1c6cfbed","timeouts":null},"sensitive_attributes":[],"private":"eyJlMmJmYjczMC1lY2FhLTExZTYtOGY4OC0zNDM2M2JjN2M0YzAiOnsiZGVsZXRlIjo2MDAwMDAwMDAwMDB9fQ==","dependencies":["module.network.openstack_networking_secgroup_v2.ext"]}]},{"module":"module.network","mode":"managed","type":"openstack_networking_secgroup_v2","name":"ext","provider":"provider[\"registry.opentofu.org/terraform-provider-openstack/openstack\"]","instances":[{"schema_version":0,"attributes":{"all_tags":[],"delete_default_rules":null,"description":"","id":"da988c7f-e06b-4f24-a9df-ba099c5a1336","name":"otvl-test-hosting-sg","region":"GRA9","stateful":false,"tags":null,"tenant_id":"be8041a7fdd040bd8f9661be1c6cfbed","timeouts":null},"sensitive_attributes":[],"private":"eyJlMmJmYjczMC1lY2FhLTExZTYtOGY4OC0zNDM2M2JjN2M0YzAiOnsiZGVsZXRlIjo2MDAwMDAwMDAwMDB9fQ=="}]}],"check_results":null}
