{"version":4,"terraform_version":"1.9.0","serial":78,"lineage":"ee1834df-a656-4b5a-b0c2-314efa0bb576","outputs":{"ipv4s":{"value":["91.134.30.81","172.25.0.5"],"type":["tuple",["string","string"]]}},"resources":[{"module":"module.compute.module.instances","mode":"managed","type":"openstack_compute_instance_v2","name":"instances","provider":"provider[\"registry.opentofu.org/terraform-provider-openstack/openstack\"]","instances":[{"index_key":0,"schema_version":0,"attributes":{"access_ip_v4":"91.134.30.81","access_ip_v6":"[2001:41d0:304:300::5a7]","admin_pass":null,"all_metadata":{"groups":"","otvl_meta":"otvl_test"},"all_tags":[],"availability_zone":"nova","availability_zone_hints":null,"block_device":[],"config_drive":null,"created":"2025-06-02 08:04:51 +0000 UTC","flavor_id":"c6e9b74f-c419-426c-b24c-85aa0ce73495","flavor_name":"d2-2","force_delete":false,"id":"17634eaf-8c40-431a-980e-0528563e359c","image_id":"dc432f25-136e-4d97-89d7-a5c1e4213ed9","image_name":"Debian 12","key_pair":"otvl-test-devops-vlts-key","metadata":{"groups":"","otvl_meta":"otvl_test"},"name":"tvlts7","network":[{"access_network":false,"fixed_ip_v4":"91.134.30.81","fixed_ip_v6":"[2001:41d0:304:300::5a7]","mac":"fa:16:3e:79:cf:8e","name":"Ext-Net","port":"0f04b8e3-cd51-452b-8501-1bfef29bd2b5","uuid":"bcf59eb2-9d83-41cc-b4f5-0435ed594833"},{"access_network":false,"fixed_ip_v4":"172.25.0.5","fixed_ip_v6":"","mac":"fa:16:3e:60:4c:8b","name":"otvl-test-net","port":"069c7bcb-bc14-4ae1-a8eb-11a67d36e51b","uuid":"7d6433a1-9c68-4f6a-92fa-e830d4a387f6"}],"network_mode":null,"personality":[],"power_state":"active","region":"GRA11","scheduler_hints":[],"security_groups":["default","otvl-test-vlts-sg"],"stop_before_destroy":false,"tags":null,"timeouts":null,"updated":"2025-06-02 08:06:10 +0000 UTC","user_data":"8328dc1a8448c1aa693aaf5d17e53492dc9f488f","vendor_options":[]},"sensitive_attributes":[[{"type":"get_attr","value":"admin_pass"}]],"private":"eyJlMmJmYjczMC1lY2FhLTExZTYtOGY4OC0zNDM2M2JjN2M0YzAiOnsiY3JlYXRlIjoxODAwMDAwMDAwMDAwLCJkZWxldGUiOjE4MDAwMDAwMDAwMDAsInVwZGF0ZSI6MTgwMDAwMDAwMDAwMH19","dependencies":["module.compute.module.instances.openstack_compute_keypair_v2.this","module.compute.module.instances.openstack_networking_port_v2.ext","module.compute.module.instances.openstack_networking_port_v2.loc","module.network.data.openstack_networking_network_v2.ext_net","module.network.data.openstack_networking_network_v2.loc_net","module.network.data.openstack_networking_subnet_v2.loc_net_sn","module.network.openstack_networking_secgroup_v2.ext"]}]},{"module":"module.compute.module.instances","mode":"managed","type":"openstack_compute_keypair_v2","name":"this","provider":"provider[\"registry.opentofu.org/terraform-provider-openstack/openstack\"]","instances":[{"schema_version":0,"attributes":{"fingerprint":"4d:2c:7d:f2:8e:5b:e9:39:bb:14:72:92:76:db:c7:06","id":"otvl-test-devops-vlts-key","name":"otvl-test-devops-vlts-key","private_key":"","public_key":"ssh-rsa AAAAB3NzaC1yc2EAAAADAQABAAACAQDi9hMeHKwGxPD+XMyeGoXp6dPNv3i667uEJbjZ4GNfGM4IsF3UAp/xxCO4i+Ga08y9+RriGZYG/Nce1lsUaDVr3KzvMBmS2rXq+5WSoZsPgvJwRDnl0CvdhSMhNg9UjMAKwn/gmmRr1F400ddeH+FZZ+1aAzLTmzVWscfkmkNyiCfxG1TaKuzJUgxuXMQhAyI6lMPNvPglIGcaaVGxtAHTVNtvPRtmAYtzgUoqmwNIFCeXkWa1s2Ti7hyRICuis5v5w5ZSoMYNN+7uN2GdcnPAUbwpRsqnBXkM7bDv6xDClNVKHPhYGfDi64qG/oSCCswWyvJWNBfNyB1slLxuNPmfd4kJIv9A9eYHDNbXRSGPJwkllx6Dn2n5An5ASaP5TaDNzo7g+LTIX+jqhUS3wpNy2JMX5QnCZvam4nrpW/CLbfiit/VQEZyzMQkWWjHDDipaShQo3QotI0TCQduV+NAyJOdTat7lhZS4TTvYMyyB20DqXUy3SkpXO7e/DPsBzVRlibOf/THT4PzwSBJ+qqWbIqRIGw43WQphPCuIjDImcHKevaEsJ/AKRMeSAFYTzQEjsWqHoXldDNl5z9YhYHf0Tb55XannI23n3XUk0V0u4a7mSVRBPIfF9IS+FN1rIGBCySmOWT2bLbNEjboSVnRCbOZN9vd6yF1R/bS9FSZf/Q==","region":"GRA11","user_id":"","value_specs":null},"sensitive_attributes":[[{"type":"get_attr","value":"private_key"}]],"private":"bnVsbA=="}]},{"module":"module.compute.module.instances","mode":"managed","type":"openstack_networking_port_v2","name":"ext","provider":"provider[\"registry.opentofu.org/terraform-provider-openstack/openstack\"]","instances":[{"index_key":0,"schema_version":0,"attributes":{"admin_state_up":true,"all_fixed_ips":["2001:41d0:304:300::5a7","91.134.30.81"],"all_security_group_ids":["6b718c5e-35d8-4d4c-93dc-506666e277f1"],"all_tags":[],"allowed_address_pairs":[],"binding":[{"host_id":"","profile":"","vif_details":{},"vif_type":"","vnic_type":"normal"}],"description":"","device_id":"","device_owner":"","dns_assignment":[],"dns_name":"","extra_dhcp_option":[],"fixed_ip":[],"id":"0f04b8e3-cd51-452b-8501-1bfef29bd2b5","mac_address":"fa:16:3e:79:cf:8e","name":"","network_id":"bcf59eb2-9d83-41cc-b4f5-0435ed594833","no_fixed_ip":null,"no_security_groups":null,"port_security_enabled":true,"qos_policy_id":"","region":"GRA11","security_group_ids":["6b718c5e-35d8-4d4c-93dc-506666e277f1"],"tags":null,"tenant_id":"be8041a7fdd040bd8f9661be1c6cfbed","timeouts":null,"value_specs":null},"sensitive_attributes":[],"private":"eyJlMmJmYjczMC1lY2FhLTExZTYtOGY4OC0zNDM2M2JjN2M0YzAiOnsiY3JlYXRlIjo2MDAwMDAwMDAwMDAsImRlbGV0ZSI6NjAwMDAwMDAwMDAwfX0=","dependencies":["module.network.data.openstack_networking_network_v2.ext_net","module.network.openstack_networking_secgroup_v2.ext"]}]},{"module":"module.compute.module.instances","mode":"managed","type":"openstack_networking_port_v2","name":"loc","provider":"provider[\"registry.opentofu.org/terraform-provider-openstack/openstack\"]","instances":[{"index_key":0,"schema_version":0,"attributes":{"admin_state_up":true,"all_fixed_ips":["172.25.0.5"],"all_security_group_ids":["12bdfa41-21c6-407b-b302-48bb28dc40bc"],"all_tags":[],"allowed_address_pairs":[],"binding":[{"host_id":"","profile":"","vif_details":{},"vif_type":"","vnic_type":"normal"}],"description":"","device_id":"","device_owner":"","dns_assignment":[],"dns_name":"","extra_dhcp_option":[],"fixed_ip":[{"ip_address":"172.25.0.5","subnet_id":"a493176c-1d52-432f-b8f6-fe430c302c80"}],"id":"069c7bcb-bc14-4ae1-a8eb-11a67d36e51b","mac_address":"fa:16:3e:60:4c:8b","name":"","network_id":"7d6433a1-9c68-4f6a-92fa-e830d4a387f6","no_fixed_ip":null,"no_security_groups":null,"port_security_enabled":true,"qos_policy_id":"","region":"GRA11","security_group_ids":null,"tags":null,"tenant_id":"be8041a7fdd040bd8f9661be1c6cfbed","timeouts":null,"value_specs":null},"sensitive_attributes":[],"private":"eyJlMmJmYjczMC1lY2FhLTExZTYtOGY4OC0zNDM2M2JjN2M0YzAiOnsiY3JlYXRlIjo2MDAwMDAwMDAwMDAsImRlbGV0ZSI6NjAwMDAwMDAwMDAwfX0=","dependencies":["module.network.data.openstack_networking_network_v2.loc_net","module.network.data.openstack_networking_subnet_v2.loc_net_sn"]}]},{"module":"module.network","mode":"data","type":"openstack_networking_network_v2","name":"ext_net","provider":"provider[\"registry.opentofu.org/terraform-provider-openstack/openstack\"]","instances":[{"schema_version":0,"attributes":{"admin_state_up":"true","all_tags":[],"availability_zone_hints":[],"description":"","dns_domain":"","external":true,"id":"bcf59eb2-9d83-41cc-b4f5-0435ed594833","matching_subnet_cidr":null,"mtu":1500,"name":"Ext-Net","network_id":null,"region":"GRA11","segments":[{"network_type":"bgp","physical_network":"","segmentation_id":40510}],"shared":"true","status":null,"subnets":["2b1e99e4-6ae4-4c13-8982-15749e04b519","9f6bb2cc-d88e-49aa-ad45-0cd40303f8e8","ced432b8-62e2-41df-acd2-b256223631df","72184b96-692a-4173-9bbd-397c52f96c38","c4fd9960-0c56-418c-b78f-7dd594aee280","59a21845-b162-4c3d-9e81-22849eaac942","a535b30a-ad3d-41a9-bd9e-4b2820fada25","f7bb4436-be46-488c-a7a8-5c989c0b2686","085ae2a3-9308-474a-9d2b-c5b49c619d71","70c6f2fb-e68f-47df-aaea-c7fd769e7553","be0ac3b6-9be2-4cc6-a9a8-f8cd32fcbd8d","38c8a49f-adfe-4150-87c9-8d50415a71ee","1baedac3-209b-4fe7-8783-f3b4019abc1f","f4334b95-899b-49a1-a6ec-c2f543376d3a","24002060-606e-4e26-9826-f25ea60ed5c5","98e0ed71-518f-4408-af29-6373fa8eb1e0","ce3e4cbc-6b2d-44b9-8534-f894a1ba0638","369aee56-1045-4f07-a787-1570b7391f1e","fe899476-9f2b-4f9f-9b75-48d05ec243e8","1aeed027-f557-4b8b-a092-f881aaeb8fba","236760fc-fda9-43ae-8243-7d9b79d07781","961969f6-99d5-43ef-9aae-f674f7ee4351","e99320b0-a823-4cbc-a5fc-087a05c4cff9","8c7f0562-c94c-4729-879c-970cfe3ba1d3","69ab39f6-924e-44e4-a659-b3796ed66db8","b88bbcff-3a34-44cd-acd8-5c73d7340f05","1d620ea4-0c90-4f1f-bcae-a7607a139172","94b129d1-1634-43f8-92ce-032d91464b75","da2cc687-5bc6-427b-aac2-9213f8e46bfb","8c3e8570-6159-4b35-8f5e-cc8b6fd3a942","667a3609-961b-4ecf-a027-7c5d9da8b7bf","b486ea8c-9cb8-4dd5-b868-3bab97b21450","fe0b20dc-f342-437e-9d01-086aa32648cf","134f2b5d-ea6b-408f-b5fe-ebd8f3b89468","61959f8e-c63c-4518-b3c0-2c703950804e","b106311e-8325-4b05-80f7-860523c780cb","f8a6d80e-39ac-4d8f-9719-366d5780161f","11f90c98-aa44-42b2-b526-8d5fab6d170f","a46a7587-c5f3-4c8b-a4d3-0c19d8cabef9","1cdd4808-01a8-4a7b-99da-8112ad1914e8","d2303b1e-2765-48f4-8514-c1c30f96cd28","88af409f-9995-415e-b098-628d6a1bd76e","f7f6d5c2-41b1-493c-b211-acd6f2e461dd","a3adacd6-09c9-4103-b2a4-cb5c337a19a6","d05d870d-64fa-427e-ba9d-61d08a5d2eac","7ab06df9-14bc-4488-98d9-02331643fee2","a94538b4-f34a-47c4-8509-20587aef2938","5920c78c-b7d6-423f-b3c7-479535806e93","1c37b2a1-2562-4377-9e4f-180e04ce90d1","0767d079-641d-490b-9300-eeb16e20fd50","25628d20-5a5d-4564-8fbc-b56c2001f8ca","b8b6c08b-7a93-4a3f-91f2-3ee15aadd0fa","ff70fe94-08ec-4a32-a4c1-e5e42db81c98","965cb0b3-112e-4c37-8bcc-d8598afcb2c7","f31166d3-cec3-4b22-9950-86705c8b6196","8f90c754-f3a8-481a-8e5c-30d2067d4f22","c598cf8e-117d-4972-a9ec-6809ba30d477","1f0d918b-370f-4a74-9bae-b3c41fabc390","66ad915a-05ae-4004-9bc4-a061294a8848","14436515-5978-4eb8-b499-73ac7837fc10","b393244f-1ab6-410e-a436-bb2e5e6ce37b","fce41fb0-92b6-4623-a96f-a39d9d75d6cc","935f596d-a749-4ed6-adf8-2db446160333","d8117a74-9aca-48ec-aabe-57df06324d33","8b9c9994-e1a2-4715-936f-03ce85c13e69","0febb510-084c-4af4-98be-2f142106175d","32fcbe72-f045-44a8-85ce-7caa381985bf","5bd8cbcf-2525-43f4-90b7-9f171bc390f7"],"tags":null,"tenant_id":"9386d7837e514fc080082efe4892af59","transparent_vlan":false},"sensitive_attributes":[]}]},{"module":"module.network","mode":"data","type":"openstack_networking_network_v2","name":"loc_net","provider":"provider[\"registry.opentofu.org/terraform-provider-openstack/openstack\"]","instances":[{"schema_version":0,"attributes":{"admin_state_up":"true","all_tags":[],"availability_zone_hints":[],"description":"","dns_domain":"","external":false,"id":"7d6433a1-9c68-4f6a-92fa-e830d4a387f6","matching_subnet_cidr":null,"mtu":1500,"name":"otvl-test-net","network_id":null,"region":"GRA11","segments":[{"network_type":"vrack","physical_network":"","segmentation_id":1700}],"shared":"false","status":null,"subnets":["a493176c-1d52-432f-b8f6-fe430c302c80"],"tags":null,"tenant_id":"be8041a7fdd040bd8f9661be1c6cfbed","transparent_vlan":false},"sensitive_attributes":[]}]},{"module":"module.network","mode":"data","type":"openstack_networking_subnet_v2","name":"loc_net_sn","provider":"provider[\"registry.opentofu.org/terraform-provider-openstack/openstack\"]","instances":[{"schema_version":0,"attributes":{"all_tags":[],"allocation_pools":[{"end":"172.25.0.14","start":"172.25.0.2"}],"cidr":"172.25.0.0/28","description":"","dhcp_enabled":null,"dns_nameservers":[],"dns_publish_fixed_ip":false,"enable_dhcp":true,"gateway_ip":"172.25.0.1","host_routes":[],"id":"a493176c-1d52-432f-b8f6-fe430c302c80","ip_version":4,"ipv6_address_mode":"","ipv6_ra_mode":"","name":"otvl-test-net","network_id":"7d6433a1-9c68-4f6a-92fa-e830d4a387f6","region":"GRA11","service_types":[],"subnet_id":null,"subnetpool_id":"","tags":null,"tenant_id":"be8041a7fdd040bd8f9661be1c6cfbed"},"sensitive_attributes":[]}]},{"module":"module.network","mode":"managed","type":"openstack_networking_secgroup_rule_v2","name":"ext_https","provider":"provider[\"registry.opentofu.org/terraform-provider-openstack/openstack\"]","instances":[{"schema_version":0,"attributes":{"description":"","direction":"ingress","ethertype":"IPv4","id":"ca3ca952-34ed-4c17-8455-685ba315b8f3","port_range_max":9443,"port_range_min":9443,"protocol":"tcp","region":"GRA11","remote_group_id":"","remote_ip_prefix":"0.0.0.0/0","security_group_id":"6b718c5e-35d8-4d4c-93dc-506666e277f1","tenant_id":"be8041a7fdd040bd8f9661be1c6cfbed","timeouts":null},"sensitive_attributes":[],"private":"eyJlMmJmYjczMC1lY2FhLTExZTYtOGY4OC0zNDM2M2JjN2M0YzAiOnsiZGVsZXRlIjo2MDAwMDAwMDAwMDB9fQ==","dependencies":["module.network.openstack_networking_secgroup_v2.ext"]}]},{"module":"module.network","mode":"managed","type":"openstack_networking_secgroup_rule_v2","name":"ext_icmp","provider":"provider[\"registry.opentofu.org/terraform-provider-openstack/openstack\"]","instances":[{"schema_version":0,"attributes":{"description":"","direction":"ingress","ethertype":"IPv4","id":"f616337e-ee4c-477e-8d64-bbc0c6900995","port_range_max":0,"port_range_min":0,"protocol":"icmp","region":"GRA11","remote_group_id":"","remote_ip_prefix":"0.0.0.0/0","security_group_id":"6b718c5e-35d8-4d4c-93dc-506666e277f1","tenant_id":"be8041a7fdd040bd8f9661be1c6cfbed","timeouts":null},"sensitive_attributes":[],"private":"eyJlMmJmYjczMC1lY2FhLTExZTYtOGY4OC0zNDM2M2JjN2M0YzAiOnsiZGVsZXRlIjo2MDAwMDAwMDAwMDB9fQ==","dependencies":["module.network.openstack_networking_secgroup_v2.ext"]}]},{"module":"module.network","mode":"managed","type":"openstack_networking_secgroup_rule_v2","name":"ext_ssh","provider":"provider[\"registry.opentofu.org/terraform-provider-openstack/openstack\"]","instances":[{"index_key":0,"schema_version":0,"attributes":{"description":"","direction":"ingress","ethertype":"IPv4","id":"417e7c38-8e6e-413e-9630-b4594b23cd07","port_range_max":22,"port_range_min":22,"protocol":"tcp","region":"GRA11","remote_group_id":"","remote_ip_prefix":"0.0.0.0/0","security_group_id":"6b718c5e-35d8-4d4c-93dc-506666e277f1","tenant_id":"be8041a7fdd040bd8f9661be1c6cfbed","timeouts":null},"sensitive_attributes":[],"private":"eyJlMmJmYjczMC1lY2FhLTExZTYtOGY4OC0zNDM2M2JjN2M0YzAiOnsiZGVsZXRlIjo2MDAwMDAwMDAwMDB9fQ==","dependencies":["module.network.openstack_networking_secgroup_v2.ext"]}]},{"module":"module.network","mode":"managed","type":"openstack_networking_secgroup_rule_v2","name":"ext_ssh6","provider":"provider[\"registry.opentofu.org/terraform-provider-openstack/openstack\"]","instances":[{"index_key":0,"schema_version":0,"attributes":{"description":"","direction":"ingress","ethertype":"IPv6","id":"d8f87c98-ae71-4efa-bfde-b7d2502d6e7c","port_range_max":22,"port_range_min":22,"protocol":"tcp","region":"GRA11","remote_group_id":"","remote_ip_prefix":"::/0","security_group_id":"6b718c5e-35d8-4d4c-93dc-506666e277f1","tenant_id":"be8041a7fdd040bd8f9661be1c6cfbed","timeouts":null},"sensitive_attributes":[],"private":"eyJlMmJmYjczMC1lY2FhLTExZTYtOGY4OC0zNDM2M2JjN2M0YzAiOnsiZGVsZXRlIjo2MDAwMDAwMDAwMDB9fQ==","dependencies":["module.network.openstack_networking_secgroup_v2.ext"]}]},{"module":"module.network","mode":"managed","type":"openstack_networking_secgroup_v2","name":"ext","provider":"provider[\"registry.opentofu.org/terraform-provider-openstack/openstack\"]","instances":[{"schema_version":0,"attributes":{"all_tags":[],"delete_default_rules":null,"description":"","id":"6b718c5e-35d8-4d4c-93dc-506666e277f1","name":"otvl-test-vlts-sg","region":"GRA11","stateful":false,"tags":null,"tenant_id":"be8041a7fdd040bd8f9661be1c6cfbed","timeouts":null},"sensitive_attributes":[],"private":"eyJlMmJmYjczMC1lY2FhLTExZTYtOGY4OC0zNDM2M2JjN2M0YzAiOnsiZGVsZXRlIjo2MDAwMDAwMDAwMDB9fQ=="}]}],"check_results":null}
