{"version":4,"terraform_version":"1.9.0","serial":36,"lineage":"ffc1063e-5ea6-3395-446a-998df984e851","outputs":{"ipv4s":{"value":["51.83.22.239"],"type":["tuple",["string"]]}},"resources":[{"module":"module.compute.module.instances","mode":"managed","type":"openstack_compute_instance_v2","name":"instances","provider":"provider[\"registry.opentofu.org/terraform-provider-openstack/openstack\"]","instances":[{"index_key":0,"schema_version":0,"attributes":{"access_ip_v4":"51.83.22.239","access_ip_v6":"[2001:41d0:304:400::26cd]","admin_pass":null,"all_metadata":{"groups":"","otvl_meta":"otvl_test"},"all_tags":[],"availability_zone":"nova","availability_zone_hints":null,"block_device":[],"config_drive":null,"created":"2025-10-12 16:35:49 +0000 UTC","flavor_id":"fbb7940b-4268-437c-85f8-8c27fcef0dcd","flavor_name":"d2-2","force_delete":false,"id":"8b524557-c281-4999-bc16-b1829234bc6d","image_id":"51740c46-e9e8-42f6-bfa8-920e8aab9e16","image_name":"Debian 12","key_pair":"otvl-test-devops-vlts-key","metadata":{"groups":"","otvl_meta":"otvl_test"},"name":"tvlts7","network":[{"access_network":false,"fixed_ip_v4":"51.83.22.239","fixed_ip_v6":"[2001:41d0:304:400::26cd]","mac":"fa:16:3e:9d:af:c7","name":"Ext-Net","port":"7d1789db-ab6c-4f26-b17e-df5596c8b948","uuid":"b2c02fdc-ffdf-40f6-9722-533bd7058c06"}],"network_mode":null,"personality":[],"power_state":"active","region":"GRA9","scheduler_hints":[],"security_groups":["otvl-test-vlts-sg"],"stop_before_destroy":false,"tags":null,"timeouts":null,"updated":"2025-10-12 16:36:32 +0000 UTC","user_data":"44ca211d67a31a113dd58935f70be57ff8438c3c","vendor_options":[]},"sensitive_attributes":[[{"type":"get_attr","value":"admin_pass"}]],"private":"eyJlMmJmYjczMC1lY2FhLTExZTYtOGY4OC0zNDM2M2JjN2M0YzAiOnsiY3JlYXRlIjoxODAwMDAwMDAwMDAwLCJkZWxldGUiOjE4MDAwMDAwMDAwMDAsInVwZGF0ZSI6MTgwMDAwMDAwMDAwMH19","dependencies":["module.compute.module.instances.openstack_compute_keypair_v2.this","module.compute.module.instances.openstack_networking_port_v2.ext","module.network.data.openstack_networking_network_v2.ext_net","module.network.openstack_networking_secgroup_v2.ext"]}]},{"module":"module.compute.module.instances","mode":"managed","type":"openstack_compute_keypair_v2","name":"this","provider":"provider[\"registry.opentofu.org/terraform-provider-openstack/openstack\"]","instances":[{"schema_version":0,"attributes":{"fingerprint":"4d:2c:7d:f2:8e:5b:e9:39:bb:14:72:92:76:db:c7:06","id":"otvl-test-devops-vlts-key","name":"otvl-test-devops-vlts-key","private_key":"","public_key":"ssh-rsa AAAAB3NzaC1yc2EAAAADAQABAAACAQDi9hMeHKwGxPD+XMyeGoXp6dPNv3i667uEJbjZ4GNfGM4IsF3UAp/xxCO4i+Ga08y9+RriGZYG/Nce1lsUaDVr3KzvMBmS2rXq+5WSoZsPgvJwRDnl0CvdhSMhNg9UjMAKwn/gmmRr1F400ddeH+FZZ+1aAzLTmzVWscfkmkNyiCfxG1TaKuzJUgxuXMQhAyI6lMPNvPglIGcaaVGxtAHTVNtvPRtmAYtzgUoqmwNIFCeXkWa1s2Ti7hyRICuis5v5w5ZSoMYNN+7uN2GdcnPAUbwpRsqnBXkM7bDv6xDClNVKHPhYGfDi64qG/oSCCswWyvJWNBfNyB1slLxuNPmfd4kJIv9A9eYHDNbXRSGPJwkllx6Dn2n5An5ASaP5TaDNzo7g+LTIX+jqhUS3wpNy2JMX5QnCZvam4nrpW/CLbfiit/VQEZyzMQkWWjHDDipaShQo3QotI0TCQduV+NAyJOdTat7lhZS4TTvYMyyB20DqXUy3SkpXO7e/DPsBzVRlibOf/THT4PzwSBJ+qqWbIqRIGw43WQphPCuIjDImcHKevaEsJ/AKRMeSAFYTzQEjsWqHoXldDNl5z9YhYHf0Tb55XannI23n3XUk0V0u4a7mSVRBPIfF9IS+FN1rIGBCySmOWT2bLbNEjboSVnRCbOZN9vd6yF1R/bS9FSZf/Q==","region":"GRA9","user_id":"","value_specs":null},"sensitive_attributes":[[{"type":"get_attr","value":"private_key"}]],"private":"bnVsbA=="}]},{"module":"module.compute.module.instances","mode":"managed","type":"openstack_networking_port_v2","name":"ext","provider":"provider[\"registry.opentofu.org/terraform-provider-openstack/openstack\"]","instances":[{"index_key":0,"schema_version":0,"attributes":{"admin_state_up":true,"all_fixed_ips":["2001:41d0:304:400::26cd","51.83.22.239"],"all_security_group_ids":["9f16b5df-5dca-47f6-a085-39e0534cc1ed"],"all_tags":[],"allowed_address_pairs":[],"binding":[{"host_id":"","profile":"","vif_details":{},"vif_type":"","vnic_type":"normal"}],"description":"","device_id":"","device_owner":"","dns_assignment":[],"dns_name":"","extra_dhcp_option":[],"fixed_ip":[],"id":"7d1789db-ab6c-4f26-b17e-df5596c8b948","mac_address":"fa:16:3e:9d:af:c7","name":"","network_id":"b2c02fdc-ffdf-40f6-9722-533bd7058c06","no_fixed_ip":null,"no_security_groups":null,"port_security_enabled":true,"qos_policy_id":"","region":"GRA9","security_group_ids":["9f16b5df-5dca-47f6-a085-39e0534cc1ed"],"tags":null,"tenant_id":"be8041a7fdd040bd8f9661be1c6cfbed","timeouts":null,"value_specs":null},"sensitive_attributes":[],"private":"eyJlMmJmYjczMC1lY2FhLTExZTYtOGY4OC0zNDM2M2JjN2M0YzAiOnsiY3JlYXRlIjo2MDAwMDAwMDAwMDAsImRlbGV0ZSI6NjAwMDAwMDAwMDAwfX0=","dependencies":["module.network.data.openstack_networking_network_v2.ext_net","module.network.openstack_networking_secgroup_v2.ext"]}]},{"module":"module.network","mode":"data","type":"openstack_networking_network_v2","name":"ext_net","provider":"provider[\"registry.opentofu.org/terraform-provider-openstack/openstack\"]","instances":[{"schema_version":0,"attributes":{"admin_state_up":"true","all_tags":[],"availability_zone_hints":[],"description":"","dns_domain":"","external":true,"id":"b2c02fdc-ffdf-40f6-9722-533bd7058c06","matching_subnet_cidr":null,"mtu":1500,"name":"Ext-Net","network_id":null,"region":"GRA9","segments":[{"network_type":"bgp","physical_network":"","segmentation_id":40510}],"shared":"true","status":null,"subnets":["168c6f93-d976-486e-811f-e763500bcee7","9b3e481e-1f64-4712-8111-451db4690ff9","f56b79b6-f132-4212-ba03-83ba2cabd303","a25f29f8-0aac-4180-b5c8-38eb2bc4ba7e","f4772001-7657-4f72-9466-62973a9effc9","d7dd1399-5eb9-455f-a908-068f00ece169","4a668388-b0e9-41ac-8620-d0d66d141b10","8d39bd48-497b-41fe-90b9-77e169a31d8e","c2204ee3-6480-42f3-ac40-173e9cf7103b","3ae4fc2c-03c9-4690-86e2-585286b517c7","7d6352a6-dbed-4628-a029-fcc3986ae7d6","e329fda9-9211-464c-ada2-b96b4e846732","5e319a8a-6c22-41e8-b519-46807e859e2d","ae57b1a6-2cfd-45ef-8dbd-362a06c31456","22e2d853-1b86-48f3-8596-9d12c7693dc7","ac5824d1-cc84-47fd-af08-9fa7fbf058a2","1c7b94e3-d6a3-4509-bd7b-e9a2f56cd994","5b2975f1-13da-43b7-bbff-24a9e7adb2ff","f51bd0c1-ebc2-4e3d-9c66-75671123a787","dc90af26-ae0d-4714-95c2-789dffde1f7a","9f989c4b-c441-4678-b395-e082c300356e","4aa6cac1-d5cd-4e25-b14b-7573aeabcab1","0f11270c-1113-4d4f-98de-eba83445d962","99622081-5b1e-49c4-9686-951ea7e4b807","316fefeb-3eb0-487a-88d9-4d607720fa7a","5ef7183d-b724-41e7-81c9-2b4ce06951a8","b072b17b-ef1d-4881-98c7-e0d6a1c3dcea","a6eba157-6ab8-496c-b65e-c9e64cd91f3e","1a6c6b72-88e9-4e94-ac8b-61e6dbc4792c","9d4de2bc-40b8-4d03-8cf9-54cce9785216"],"tags":null,"tenant_id":"9386d7837e514fc080082efe4892af59","transparent_vlan":false},"sensitive_attributes":[]}]},{"module":"module.network","mode":"managed","type":"openstack_networking_secgroup_rule_v2","name":"ext_https","provider":"provider[\"registry.opentofu.org/terraform-provider-openstack/openstack\"]","instances":[{"schema_version":0,"attributes":{"description":"","direction":"ingress","ethertype":"IPv4","id":"9663632b-b7cf-4ba7-8866-ffca4265a0a4","port_range_max":9443,"port_range_min":9443,"protocol":"tcp","region":"GRA9","remote_group_id":"","remote_ip_prefix":"0.0.0.0/0","security_group_id":"9f16b5df-5dca-47f6-a085-39e0534cc1ed","tenant_id":"be8041a7fdd040bd8f9661be1c6cfbed","timeouts":null},"sensitive_attributes":[],"private":"eyJlMmJmYjczMC1lY2FhLTExZTYtOGY4OC0zNDM2M2JjN2M0YzAiOnsiZGVsZXRlIjo2MDAwMDAwMDAwMDB9fQ==","dependencies":["module.network.openstack_networking_secgroup_v2.ext"]}]},{"module":"module.network","mode":"managed","type":"openstack_networking_secgroup_rule_v2","name":"ext_icmp","provider":"provider[\"registry.opentofu.org/terraform-provider-openstack/openstack\"]","instances":[{"schema_version":0,"attributes":{"description":"","direction":"ingress","ethertype":"IPv4","id":"92882081-c82f-4c5d-bdeb-304b9ae7a98c","port_range_max":0,"port_range_min":0,"protocol":"icmp","region":"GRA9","remote_group_id":"","remote_ip_prefix":"0.0.0.0/0","security_group_id":"9f16b5df-5dca-47f6-a085-39e0534cc1ed","tenant_id":"be8041a7fdd040bd8f9661be1c6cfbed","timeouts":null},"sensitive_attributes":[],"private":"eyJlMmJmYjczMC1lY2FhLTExZTYtOGY4OC0zNDM2M2JjN2M0YzAiOnsiZGVsZXRlIjo2MDAwMDAwMDAwMDB9fQ==","dependencies":["module.network.openstack_networking_secgroup_v2.ext"]}]},{"module":"module.network","mode":"managed","type":"openstack_networking_secgroup_rule_v2","name":"ext_ssh","provider":"provider[\"registry.opentofu.org/terraform-provider-openstack/openstack\"]","instances":[{"index_key":0,"schema_version":0,"attributes":{"description":"","direction":"ingress","ethertype":"IPv4","id":"48f75cf7-df78-4ea7-98bb-badd37bc1434","port_range_max":22,"port_range_min":22,"protocol":"tcp","region":"GRA9","remote_group_id":"","remote_ip_prefix":"0.0.0.0/0","security_group_id":"9f16b5df-5dca-47f6-a085-39e0534cc1ed","tenant_id":"be8041a7fdd040bd8f9661be1c6cfbed","timeouts":null},"sensitive_attributes":[],"private":"eyJlMmJmYjczMC1lY2FhLTExZTYtOGY4OC0zNDM2M2JjN2M0YzAiOnsiZGVsZXRlIjo2MDAwMDAwMDAwMDB9fQ==","dependencies":["module.network.openstack_networking_secgroup_v2.ext"]}]},{"module":"module.network","mode":"managed","type":"openstack_networking_secgroup_rule_v2","name":"ext_ssh6","provider":"provider[\"registry.opentofu.org/terraform-provider-openstack/openstack\"]","instances":[{"index_key":0,"schema_version":0,"attributes":{"description":"","direction":"ingress","ethertype":"IPv6","id":"69e38af6-0714-4352-ac53-5aadd9c6010c","port_range_max":22,"port_range_min":22,"protocol":"tcp","region":"GRA9","remote_group_id":"","remote_ip_prefix":"::/0","security_group_id":"9f16b5df-5dca-47f6-a085-39e0534cc1ed","tenant_id":"be8041a7fdd040bd8f9661be1c6cfbed","timeouts":null},"sensitive_attributes":[],"private":"eyJlMmJmYjczMC1lY2FhLTExZTYtOGY4OC0zNDM2M2JjN2M0YzAiOnsiZGVsZXRlIjo2MDAwMDAwMDAwMDB9fQ==","dependencies":["module.network.openstack_networking_secgroup_v2.ext"]}]},{"module":"module.network","mode":"managed","type":"openstack_networking_secgroup_v2","name":"ext","provider":"provider[\"registry.opentofu.org/terraform-provider-openstack/openstack\"]","instances":[{"schema_version":0,"attributes":{"all_tags":[],"delete_default_rules":null,"description":"","id":"9f16b5df-5dca-47f6-a085-39e0534cc1ed","name":"otvl-test-vlts-sg","region":"GRA9","stateful":false,"tags":null,"tenant_id":"be8041a7fdd040bd8f9661be1c6cfbed","timeouts":null},"sensitive_attributes":[],"private":"eyJlMmJmYjczMC1lY2FhLTExZTYtOGY4OC0zNDM2M2JjN2M0YzAiOnsiZGVsZXRlIjo2MDAwMDAwMDAwMDB9fQ=="}]}],"check_results":null}
