{"version":4,"terraform_version":"1.9.0","serial":4,"lineage":"ffc1063e-5ea6-3395-446a-998df984e851","outputs":{},"resources":[{"module":"module.compute.module.instances","mode":"managed","type":"openstack_networking_port_v2","name":"ext","provider":"provider[\"registry.opentofu.org/terraform-provider-openstack/openstack\"]","instances":[{"index_key":0,"schema_version":0,"attributes":{"admin_state_up":true,"all_fixed_ips":["2001:41d0:304:400::268f","51.210.165.162"],"all_security_group_ids":["24fd398c-609e-4308-8106-efb70d78217d"],"all_tags":[],"allowed_address_pairs":[],"binding":[{"host_id":"","profile":"","vif_details":{},"vif_type":"","vnic_type":"normal"}],"description":"","device_id":"","device_owner":"","dns_assignment":[],"dns_name":"","extra_dhcp_option":[],"fixed_ip":[],"id":"eedbcd4b-d94c-4aa7-a321-79dd468beaf1","mac_address":"fa:16:3e:44:77:21","name":"","network_id":"b2c02fdc-ffdf-40f6-9722-533bd7058c06","no_fixed_ip":null,"no_security_groups":null,"port_security_enabled":true,"qos_policy_id":"","region":"GRA9","security_group_ids":["24fd398c-609e-4308-8106-efb70d78217d"],"tags":null,"tenant_id":"be8041a7fdd040bd8f9661be1c6cfbed","timeouts":null,"value_specs":null},"sensitive_attributes":[],"private":"eyJlMmJmYjczMC1lY2FhLTExZTYtOGY4OC0zNDM2M2JjN2M0YzAiOnsiY3JlYXRlIjo2MDAwMDAwMDAwMDAsImRlbGV0ZSI6NjAwMDAwMDAwMDAwfX0=","dependencies":["module.network.data.openstack_networking_network_v2.ext_net","module.network.openstack_networking_secgroup_v2.ext"]}]},{"module":"module.network","mode":"data","type":"openstack_networking_network_v2","name":"ext_net","provider":"provider[\"registry.opentofu.org/terraform-provider-openstack/openstack\"]","instances":[{"schema_version":0,"attributes":{"admin_state_up":"true","all_tags":[],"availability_zone_hints":[],"description":"","dns_domain":"","external":true,"id":"b2c02fdc-ffdf-40f6-9722-533bd7058c06","matching_subnet_cidr":null,"mtu":1500,"name":"Ext-Net","network_id":null,"region":"GRA9","segments":[{"network_type":"bgp","physical_network":"","segmentation_id":40510}],"shared":"true","status":null,"subnets":["f56b79b6-f132-4212-ba03-83ba2cabd303","0f11270c-1113-4d4f-98de-eba83445d962","a25f29f8-0aac-4180-b5c8-38eb2bc4ba7e","5ef7183d-b724-41e7-81c9-2b4ce06951a8","5b2975f1-13da-43b7-bbff-24a9e7adb2ff","4a668388-b0e9-41ac-8620-d0d66d141b10","f4772001-7657-4f72-9466-62973a9effc9","d7dd1399-5eb9-455f-a908-068f00ece169","9d4de2bc-40b8-4d03-8cf9-54cce9785216","316fefeb-3eb0-487a-88d9-4d607720fa7a","e329fda9-9211-464c-ada2-b96b4e846732","c2204ee3-6480-42f3-ac40-173e9cf7103b","ae57b1a6-2cfd-45ef-8dbd-362a06c31456","99622081-5b1e-49c4-9686-951ea7e4b807","22e2d853-1b86-48f3-8596-9d12c7693dc7","8d39bd48-497b-41fe-90b9-77e169a31d8e","1a6c6b72-88e9-4e94-ac8b-61e6dbc4792c","ac5824d1-cc84-47fd-af08-9fa7fbf058a2","168c6f93-d976-486e-811f-e763500bcee7","dc90af26-ae0d-4714-95c2-789dffde1f7a","9f989c4b-c441-4678-b395-e082c300356e","5e319a8a-6c22-41e8-b519-46807e859e2d","f51bd0c1-ebc2-4e3d-9c66-75671123a787","4aa6cac1-d5cd-4e25-b14b-7573aeabcab1","3ae4fc2c-03c9-4690-86e2-585286b517c7","b072b17b-ef1d-4881-98c7-e0d6a1c3dcea","9b3e481e-1f64-4712-8111-451db4690ff9","1c7b94e3-d6a3-4509-bd7b-e9a2f56cd994","7d6352a6-dbed-4628-a029-fcc3986ae7d6","a6eba157-6ab8-496c-b65e-c9e64cd91f3e"],"tags":null,"tenant_id":"9386d7837e514fc080082efe4892af59","transparent_vlan":false},"sensitive_attributes":[]}]},{"module":"module.network","mode":"managed","type":"openstack_networking_secgroup_rule_v2","name":"ext_https","provider":"provider[\"registry.opentofu.org/terraform-provider-openstack/openstack\"]","instances":[{"schema_version":0,"attributes":{"description":"","direction":"ingress","ethertype":"IPv4","id":"3d90e2d0-61da-4ce9-87aa-d3dfbfa06402","port_range_max":9443,"port_range_min":9443,"protocol":"tcp","region":"GRA9","remote_group_id":"","remote_ip_prefix":"0.0.0.0/0","security_group_id":"24fd398c-609e-4308-8106-efb70d78217d","tenant_id":"be8041a7fdd040bd8f9661be1c6cfbed","timeouts":null},"sensitive_attributes":[],"private":"eyJlMmJmYjczMC1lY2FhLTExZTYtOGY4OC0zNDM2M2JjN2M0YzAiOnsiZGVsZXRlIjo2MDAwMDAwMDAwMDB9fQ==","dependencies":["module.network.openstack_networking_secgroup_v2.ext"]}]},{"module":"module.network","mode":"managed","type":"openstack_networking_secgroup_rule_v2","name":"ext_icmp","provider":"provider[\"registry.opentofu.org/terraform-provider-openstack/openstack\"]","instances":[{"schema_version":0,"attributes":{"description":"","direction":"ingress","ethertype":"IPv4","id":"20db4669-4c3d-4727-87cf-60973cb496ce","port_range_max":0,"port_range_min":0,"protocol":"icmp","region":"GRA9","remote_group_id":"","remote_ip_prefix":"0.0.0.0/0","security_group_id":"24fd398c-609e-4308-8106-efb70d78217d","tenant_id":"be8041a7fdd040bd8f9661be1c6cfbed","timeouts":null},"sensitive_attributes":[],"private":"eyJlMmJmYjczMC1lY2FhLTExZTYtOGY4OC0zNDM2M2JjN2M0YzAiOnsiZGVsZXRlIjo2MDAwMDAwMDAwMDB9fQ==","dependencies":["module.network.openstack_networking_secgroup_v2.ext"]}]},{"module":"module.network","mode":"managed","type":"openstack_networking_secgroup_rule_v2","name":"ext_ssh","provider":"provider[\"registry.opentofu.org/terraform-provider-openstack/openstack\"]","instances":[{"index_key":0,"schema_version":0,"attributes":{"description":"","direction":"ingress","ethertype":"IPv4","id":"b49a49d3-8da0-4e7d-84c3-7ac408914cad","port_range_max":22,"port_range_min":22,"protocol":"tcp","region":"GRA9","remote_group_id":"","remote_ip_prefix":"0.0.0.0/0","security_group_id":"24fd398c-609e-4308-8106-efb70d78217d","tenant_id":"be8041a7fdd040bd8f9661be1c6cfbed","timeouts":null},"sensitive_attributes":[],"private":"eyJlMmJmYjczMC1lY2FhLTExZTYtOGY4OC0zNDM2M2JjN2M0YzAiOnsiZGVsZXRlIjo2MDAwMDAwMDAwMDB9fQ==","dependencies":["module.network.openstack_networking_secgroup_v2.ext"]}]},{"module":"module.network","mode":"managed","type":"openstack_networking_secgroup_rule_v2","name":"ext_ssh6","provider":"provider[\"registry.opentofu.org/terraform-provider-openstack/openstack\"]","instances":[{"index_key":0,"schema_version":0,"attributes":{"description":"","direction":"ingress","ethertype":"IPv6","id":"f3857a30-c099-47ce-97b0-c9cd2b3bbc9b","port_range_max":22,"port_range_min":22,"protocol":"tcp","region":"GRA9","remote_group_id":"","remote_ip_prefix":"::/0","security_group_id":"24fd398c-609e-4308-8106-efb70d78217d","tenant_id":"be8041a7fdd040bd8f9661be1c6cfbed","timeouts":null},"sensitive_attributes":[],"private":"eyJlMmJmYjczMC1lY2FhLTExZTYtOGY4OC0zNDM2M2JjN2M0YzAiOnsiZGVsZXRlIjo2MDAwMDAwMDAwMDB9fQ==","dependencies":["module.network.openstack_networking_secgroup_v2.ext"]}]},{"module":"module.network","mode":"managed","type":"openstack_networking_secgroup_v2","name":"ext","provider":"provider[\"registry.opentofu.org/terraform-provider-openstack/openstack\"]","instances":[{"schema_version":0,"attributes":{"all_tags":[],"delete_default_rules":null,"description":"","id":"24fd398c-609e-4308-8106-efb70d78217d","name":"otvl-test-vlts-sg","region":"GRA9","stateful":false,"tags":null,"tenant_id":"be8041a7fdd040bd8f9661be1c6cfbed","timeouts":null},"sensitive_attributes":[],"private":"eyJlMmJmYjczMC1lY2FhLTExZTYtOGY4OC0zNDM2M2JjN2M0YzAiOnsiZGVsZXRlIjo2MDAwMDAwMDAwMDB9fQ=="}]}],"check_results":null}
